
Microsoft Visual Studio Solution File, Format Version 12.00
# Visual Studio Version 16
VisualStudioVersion = 16.0.29306.81
MinimumVisualStudioVersion = 10.0.40219.1
Project("{9A19103F-16F7-4668-BE54-9A1E7A4F7556}") = "Template10.Core", "..\..\Source\Template10.Core\Template10.Core.csproj", "{C246358B-68AE-4CC3-AE50-A2A5CB14CDCA}"
EndProject
Project("{9A19103F-16F7-4668-BE54-9A1E7A4F7556}") = "Template10.Core.Default", "..\..\Source\Template10.Core.Default\Template10.Core.Default.csproj", "{B78F70DE-00F1-4F16-9C65-9E96609E0D7E}"
EndProject
Project("{2150E333-8FDC-42A3-9474-1A3956D46DE8}") = "Services", "Services", "{2027C16E-05F0-4886-B9C3-6010C1C4490C}"
EndProject
Project("{9A19103F-16F7-4668-BE54-9A1E7A4F7556}") = "Template10.Services.Dialog", "..\..\Source\Template10.Services.Dialog\Template10.Services.Dialog.csproj", "{E48145E5-BE27-4DA7-B6D3-3E2BA1E3577E}"
EndProject
Project("{9A19103F-16F7-4668-BE54-9A1E7A4F7556}") = "Template10.Services.File", "..\..\Source\Template10.Services.File\Template10.Services.File.csproj", "{61F80E50-3023-413D-A0AE-15966CD21245}"
EndProject
Project("{9A19103F-16F7-4668-BE54-9A1E7A4F7556}") = "Template10.Services.Marketplace", "..\..\Source\Template10.Services.Marketplace\Template10.Services.Marketplace.csproj", "{5BF4ADFB-40C5-4F24-BF70-8AA65546DF76}"
EndProject
Project("{9A19103F-16F7-4668-BE54-9A1E7A4F7556}") = "Template10.Services.Network", "..\..\Source\Template10.Services.Network\Template10.Services.Network.csproj", "{143779A3-6800-4B6E-94BD-3968010E87E9}"
EndProject
Project("{9A19103F-16F7-4668-BE54-9A1E7A4F7556}") = "Template10.Services.Resources", "..\..\Source\Template10.Services.Resources\Template10.Services.Resources.csproj", "{20037722-A1AB-4BB2-BB9B-F09D3CD25F47}"
EndProject
Project("{2150E333-8FDC-42A3-9474-1A3956D46DE8}") = "_assets", "_assets", "{13C50096-71EE-4EBB-9862-30F861326A87}"
	ProjectSection(SolutionItems) = preProject
		Dependencies.md = Dependencies.md
		Directory.Build.props = Directory.Build.props
		global.json = global.json
		..\Assets\NuGetLogo.png = ..\Assets\NuGetLogo.png
	EndProjectSection
EndProject
Project("{9A19103F-16F7-4668-BE54-9A1E7A4F7556}") = "Template10.Services.Secrets", "..\..\Source\Template10.Services.Secrets\Template10.Services.Secrets.csproj", "{5DAB193E-87DB-40FF-B80C-28B8B3EBA7A6}"
EndProject
Project("{9A19103F-16F7-4668-BE54-9A1E7A4F7556}") = "Template10.Services.Serialization", "..\..\Source\Template10.Services.Serialization\Template10.Services.Serialization.csproj", "{5FF268EC-A424-496F-8645-5E8670EA5BA2}"
EndProject
Project("{9A19103F-16F7-4668-BE54-9A1E7A4F7556}") = "Template10.Services.Web", "..\..\Source\Template10.Services.Web\Template10.Services.Web.csproj", "{99249EFC-9105-4E8F-A7E5-8F45CF4375C7}"
EndProject
Project("{2150E333-8FDC-42A3-9474-1A3956D46DE8}") = "Xaml", "Xaml", "{E02DC3E6-2B16-4A8C-9A90-BB16C89FCABD}"
EndProject
Project("{9A19103F-16F7-4668-BE54-9A1E7A4F7556}") = "Template10.Xaml.Behaviors", "..\..\Source\Template10.Xaml.Behaviors\Template10.Xaml.Behaviors.csproj", "{E0FF87A1-9838-4B12-A63C-EDD72F088D4E}"
EndProject
Project("{9A19103F-16F7-4668-BE54-9A1E7A4F7556}") = "Template10.Xaml.Converters", "..\..\Source\Template10.Xaml.Converters\Template10.Xaml.Converters.csproj", "{23373307-F4CA-4A9A-A4E6-1DCD53931F9B}"
EndProject
Project("{9A19103F-16F7-4668-BE54-9A1E7A4F7556}") = "Template10.Services.Compression", "..\..\Source\Template10.Services.Compression\Template10.Services.Compression.csproj", "{9A73B975-9FEB-414B-9B58-807A71A65E2E}"
EndProject
Project("{9A19103F-16F7-4668-BE54-9A1E7A4F7556}") = "Template10.Services.Nag", "..\..\Source\Template10.Services.Nag\Template10.Services.Nag.csproj", "{F75FA021-BDB1-483D-8983-9788F8BAF04D}"
EndProject
Project("{9A19103F-16F7-4668-BE54-9A1E7A4F7556}") = "Template10.Controls.NavViewEx", "..\..\Source\Template10.Controls.NavViewEx\Template10.Controls.NavViewEx.csproj", "{E1E4EDDE-EFB2-4606-A259-6E95B332E209}"
EndProject
Project("{9A19103F-16F7-4668-BE54-9A1E7A4F7556}") = "Template10.Controls.Resizer", "..\..\Source\Template10.Controls.Resizer\Template10.Controls.Resizer.csproj", "{DF958D7C-35CD-4E43-A256-D203049AF3D8}"
EndProject
Project("{9A19103F-16F7-4668-BE54-9A1E7A4F7556}") = "Template10.Services.Settings", "..\..\Source\Template10.Services.Settings\Template10.Services.Settings.csproj", "{2D4747FF-AA2D-49EB-9176-283A14BA8855}"
EndProject
Project("{2150E333-8FDC-42A3-9474-1A3956D46DE8}") = "Services.Tests", "Services.Tests", "{A5778ACC-6354-4E9A-972B-7D66F522BFA6}"
EndProject
Project("{FAE04EC0-301F-11D3-BF4B-00C04F79EFBC}") = "Template10.Services.Serialization.Tests", "..\..\Source\Services.Tests\Template10.Services.Serialization.Tests\Template10.Services.Serialization.Tests.csproj", "{F321C025-F4E0-43B3-BDA5-48C7A6619827}"
EndProject
Global
	GlobalSection(SolutionConfigurationPlatforms) = preSolution
		Debug|Any CPU = Debug|Any CPU
		Debug|ARM = Debug|ARM
		Debug|ARM64 = Debug|ARM64
		Debug|x64 = Debug|x64
		Debug|x86 = Debug|x86
		Release|Any CPU = Release|Any CPU
		Release|ARM = Release|ARM
		Release|ARM64 = Release|ARM64
		Release|x64 = Release|x64
		Release|x86 = Release|x86
	EndGlobalSection
	GlobalSection(ProjectConfigurationPlatforms) = postSolution
		{C246358B-68AE-4CC3-AE50-A2A5CB14CDCA}.Debug|Any CPU.ActiveCfg = Debug|Any CPU
		{C246358B-68AE-4CC3-AE50-A2A5CB14CDCA}.Debug|Any CPU.Build.0 = Debug|Any CPU
		{C246358B-68AE-4CC3-AE50-A2A5CB14CDCA}.Debug|ARM.ActiveCfg = Debug|Any CPU
		{C246358B-68AE-4CC3-AE50-A2A5CB14CDCA}.Debug|ARM.Build.0 = Debug|Any CPU
		{C246358B-68AE-4CC3-AE50-A2A5CB14CDCA}.Debug|ARM64.ActiveCfg = Debug|Any CPU
		{C246358B-68AE-4CC3-AE50-A2A5CB14CDCA}.Debug|ARM64.Build.0 = Debug|Any CPU
		{C246358B-68AE-4CC3-AE50-A2A5CB14CDCA}.Debug|x64.ActiveCfg = Debug|Any CPU
		{C246358B-68AE-4CC3-AE50-A2A5CB14CDCA}.Debug|x64.Build.0 = Debug|Any CPU
		{C246358B-68AE-4CC3-AE50-A2A5CB14CDCA}.Debug|x86.ActiveCfg = Debug|Any CPU
		{C246358B-68AE-4CC3-AE50-A2A5CB14CDCA}.Debug|x86.Build.0 = Debug|Any CPU
		{C246358B-68AE-4CC3-AE50-A2A5CB14CDCA}.Release|Any CPU.ActiveCfg = Release|Any CPU
		{C246358B-68AE-4CC3-AE50-A2A5CB14CDCA}.Release|Any CPU.Build.0 = Release|Any CPU
		{C246358B-68AE-4CC3-AE50-A2A5CB14CDCA}.Release|ARM.ActiveCfg = Release|Any CPU
		{C246358B-68AE-4CC3-AE50-A2A5CB14CDCA}.Release|ARM.Build.0 = Release|Any CPU
		{C246358B-68AE-4CC3-AE50-A2A5CB14CDCA}.Release|ARM64.ActiveCfg = Release|Any CPU
		{C246358B-68AE-4CC3-AE50-A2A5CB14CDCA}.Release|ARM64.Build.0 = Release|Any CPU
		{C246358B-68AE-4CC3-AE50-A2A5CB14CDCA}.Release|x64.ActiveCfg = Release|Any CPU
		{C246358B-68AE-4CC3-AE50-A2A5CB14CDCA}.Release|x64.Build.0 = Release|Any CPU
		{C246358B-68AE-4CC3-AE50-A2A5CB14CDCA}.Release|x86.ActiveCfg = Release|Any CPU
		{C246358B-68AE-4CC3-AE50-A2A5CB14CDCA}.Release|x86.Build.0 = Release|Any CPU
		{B78F70DE-00F1-4F16-9C65-9E96609E0D7E}.Debug|Any CPU.ActiveCfg = Debug|Any CPU
		{B78F70DE-00F1-4F16-9C65-9E96609E0D7E}.Debug|Any CPU.Build.0 = Debug|Any CPU
		{B78F70DE-00F1-4F16-9C65-9E96609E0D7E}.Debug|ARM.ActiveCfg = Debug|Any CPU
		{B78F70DE-00F1-4F16-9C65-9E96609E0D7E}.Debug|ARM.Build.0 = Debug|Any CPU
		{B78F70DE-00F1-4F16-9C65-9E96609E0D7E}.Debug|ARM64.ActiveCfg = Debug|Any CPU
		{B78F70DE-00F1-4F16-9C65-9E96609E0D7E}.Debug|ARM64.Build.0 = Debug|Any CPU
		{B78F70DE-00F1-4F16-9C65-9E96609E0D7E}.Debug|x64.ActiveCfg = Debug|Any CPU
		{B78F70DE-00F1-4F16-9C65-9E96609E0D7E}.Debug|x64.Build.0 = Debug|Any CPU
		{B78F70DE-00F1-4F16-9C65-9E96609E0D7E}.Debug|x86.ActiveCfg = Debug|Any CPU
		{B78F70DE-00F1-4F16-9C65-9E96609E0D7E}.Debug|x86.Build.0 = Debug|Any CPU
		{B78F70DE-00F1-4F16-9C65-9E96609E0D7E}.Release|Any CPU.ActiveCfg = Release|Any CPU
		{B78F70DE-00F1-4F16-9C65-9E96609E0D7E}.Release|Any CPU.Build.0 = Release|Any CPU
		{B78F70DE-00F1-4F16-9C65-9E96609E0D7E}.Release|ARM.ActiveCfg = Release|Any CPU
		{B78F70DE-00F1-4F16-9C65-9E96609E0D7E}.Release|ARM.Build.0 = Release|Any CPU
		{B78F70DE-00F1-4F16-9C65-9E96609E0D7E}.Release|ARM64.ActiveCfg = Release|Any CPU
		{B78F70DE-00F1-4F16-9C65-9E96609E0D7E}.Release|ARM64.Build.0 = Release|Any CPU
		{B78F70DE-00F1-4F16-9C65-9E96609E0D7E}.Release|x64.ActiveCfg = Release|Any CPU
		{B78F70DE-00F1-4F16-9C65-9E96609E0D7E}.Release|x64.Build.0 = Release|Any CPU
		{B78F70DE-00F1-4F16-9C65-9E96609E0D7E}.Release|x86.ActiveCfg = Release|Any CPU
		{B78F70DE-00F1-4F16-9C65-9E96609E0D7E}.Release|x86.Build.0 = Release|Any CPU
		{E48145E5-BE27-4DA7-B6D3-3E2BA1E3577E}.Debug|Any CPU.ActiveCfg = Debug|Any CPU
		{E48145E5-BE27-4DA7-B6D3-3E2BA1E3577E}.Debug|Any CPU.Build.0 = Debug|Any CPU
		{E48145E5-BE27-4DA7-B6D3-3E2BA1E3577E}.Debug|ARM.ActiveCfg = Debug|Any CPU
		{E48145E5-BE27-4DA7-B6D3-3E2BA1E3577E}.Debug|ARM.Build.0 = Debug|Any CPU
		{E48145E5-BE27-4DA7-B6D3-3E2BA1E3577E}.Debug|ARM64.ActiveCfg = Debug|Any CPU
		{E48145E5-BE27-4DA7-B6D3-3E2BA1E3577E}.Debug|ARM64.Build.0 = Debug|Any CPU
		{E48145E5-BE27-4DA7-B6D3-3E2BA1E3577E}.Debug|x64.ActiveCfg = Debug|Any CPU
		{E48145E5-BE27-4DA7-B6D3-3E2BA1E3577E}.Debug|x64.Build.0 = Debug|Any CPU
		{E48145E5-BE27-4DA7-B6D3-3E2BA1E3577E}.Debug|x86.ActiveCfg = Debug|Any CPU
		{E48145E5-BE27-4DA7-B6D3-3E2BA1E3577E}.Debug|x86.Build.0 = Debug|Any CPU
		{E48145E5-BE27-4DA7-B6D3-3E2BA1E3577E}.Release|Any CPU.ActiveCfg = Release|Any CPU
		{E48145E5-BE27-4DA7-B6D3-3E2BA1E3577E}.Release|Any CPU.Build.0 = Release|Any CPU
		{E48145E5-BE27-4DA7-B6D3-3E2BA1E3577E}.Release|ARM.ActiveCfg = Release|Any CPU
		{E48145E5-BE27-4DA7-B6D3-3E2BA1E3577E}.Release|ARM.Build.0 = Release|Any CPU
		{E48145E5-BE27-4DA7-B6D3-3E2BA1E3577E}.Release|ARM64.ActiveCfg = Release|Any CPU
		{E48145E5-BE27-4DA7-B6D3-3E2BA1E3577E}.Release|ARM64.Build.0 = Release|Any CPU
		{E48145E5-BE27-4DA7-B6D3-3E2BA1E3577E}.Release|x64.ActiveCfg = Release|Any CPU
		{E48145E5-BE27-4DA7-B6D3-3E2BA1E3577E}.Release|x64.Build.0 = Release|Any CPU
		{E48145E5-BE27-4DA7-B6D3-3E2BA1E3577E}.Release|x86.ActiveCfg = Release|Any CPU
		{E48145E5-BE27-4DA7-B6D3-3E2BA1E3577E}.Release|x86.Build.0 = Release|Any CPU
		{61F80E50-3023-413D-A0AE-15966CD21245}.Debug|Any CPU.ActiveCfg = Debug|Any CPU
		{61F80E50-3023-413D-A0AE-15966CD21245}.Debug|Any CPU.Build.0 = Debug|Any CPU
		{61F80E50-3023-413D-A0AE-15966CD21245}.Debug|ARM.ActiveCfg = Debug|Any CPU
		{61F80E50-3023-413D-A0AE-15966CD21245}.Debug|ARM.Build.0 = Debug|Any CPU
		{61F80E50-3023-413D-A0AE-15966CD21245}.Debug|ARM64.ActiveCfg = Debug|Any CPU
		{61F80E50-3023-413D-A0AE-15966CD21245}.Debug|ARM64.Build.0 = Debug|Any CPU
		{61F80E50-3023-413D-A0AE-15966CD21245}.Debug|x64.ActiveCfg = Debug|Any CPU
		{61F80E50-3023-413D-A0AE-15966CD21245}.Debug|x64.Build.0 = Debug|Any CPU
		{61F80E50-3023-413D-A0AE-15966CD21245}.Debug|x86.ActiveCfg = Debug|Any CPU
		{61F80E50-3023-413D-A0AE-15966CD21245}.Debug|x86.Build.0 = Debug|Any CPU
		{61F80E50-3023-413D-A0AE-15966CD21245}.Release|Any CPU.ActiveCfg = Release|Any CPU
		{61F80E50-3023-413D-A0AE-15966CD21245}.Release|Any CPU.Build.0 = Release|Any CPU
		{61F80E50-3023-413D-A0AE-15966CD21245}.Release|ARM.ActiveCfg = Release|Any CPU
		{61F80E50-3023-413D-A0AE-15966CD21245}.Release|ARM.Build.0 = Release|Any CPU
		{61F80E50-3023-413D-A0AE-15966CD21245}.Release|ARM64.ActiveCfg = Release|Any CPU
		{61F80E50-3023-413D-A0AE-15966CD21245}.Release|ARM64.Build.0 = Release|Any CPU
		{61F80E50-3023-413D-A0AE-15966CD21245}.Release|x64.ActiveCfg = Release|Any CPU
		{61F80E50-3023-413D-A0AE-15966CD21245}.Release|x64.Build.0 = Release|Any CPU
		{61F80E50-3023-413D-A0AE-15966CD21245}.Release|x86.ActiveCfg = Release|Any CPU
		{61F80E50-3023-413D-A0AE-15966CD21245}.Release|x86.Build.0 = Release|Any CPU
		{5BF4ADFB-40C5-4F24-BF70-8AA65546DF76}.Debug|Any CPU.ActiveCfg = Debug|Any CPU
		{5BF4ADFB-40C5-4F24-BF70-8AA65546DF76}.Debug|Any CPU.Build.0 = Debug|Any CPU
		{5BF4ADFB-40C5-4F24-BF70-8AA65546DF76}.Debug|ARM.ActiveCfg = Debug|Any CPU
		{5BF4ADFB-40C5-4F24-BF70-8AA65546DF76}.Debug|ARM.Build.0 = Debug|Any CPU
		{5BF4ADFB-40C5-4F24-BF70-8AA65546DF76}.Debug|ARM64.ActiveCfg = Debug|Any CPU
		{5BF4ADFB-40C5-4F24-BF70-8AA65546DF76}.Debug|ARM64.Build.0 = Debug|Any CPU
		{5BF4ADFB-40C5-4F24-BF70-8AA65546DF76}.Debug|x64.ActiveCfg = Debug|Any CPU
		{5BF4ADFB-40C5-4F24-BF70-8AA65546DF76}.Debug|x64.Build.0 = Debug|Any CPU
		{5BF4ADFB-40C5-4F24-BF70-8AA65546DF76}.Debug|x86.ActiveCfg = Debug|Any CPU
		{5BF4ADFB-40C5-4F24-BF70-8AA65546DF76}.Debug|x86.Build.0 = Debug|Any CPU
		{5BF4ADFB-40C5-4F24-BF70-8AA65546DF76}.Release|Any CPU.ActiveCfg = Release|Any CPU
		{5BF4ADFB-40C5-4F24-BF70-8AA65546DF76}.Release|Any CPU.Build.0 = Release|Any CPU
		{5BF4ADFB-40C5-4F24-BF70-8AA65546DF76}.Release|ARM.ActiveCfg = Release|Any CPU
		{5BF4ADFB-40C5-4F24-BF70-8AA65546DF76}.Release|ARM.Build.0 = Release|Any CPU
		{5BF4ADFB-40C5-4F24-BF70-8AA65546DF76}.Release|ARM64.ActiveCfg = Release|Any CPU
		{5BF4ADFB-40C5-4F24-BF70-8AA65546DF76}.Release|ARM64.Build.0 = Release|Any CPU
		{5BF4ADFB-40C5-4F24-BF70-8AA65546DF76}.Release|x64.ActiveCfg = Release|Any CPU
		{5BF4ADFB-40C5-4F24-BF70-8AA65546DF76}.Release|x64.Build.0 = Release|Any CPU
		{5BF4ADFB-40C5-4F24-BF70-8AA65546DF76}.Release|x86.ActiveCfg = Release|Any CPU
		{5BF4ADFB-40C5-4F24-BF70-8AA65546DF76}.Release|x86.Build.0 = Release|Any CPU
		{143779A3-6800-4B6E-94BD-3968010E87E9}.Debug|Any CPU.ActiveCfg = Debug|Any CPU
		{143779A3-6800-4B6E-94BD-3968010E87E9}.Debug|Any CPU.Build.0 = Debug|Any CPU
		{143779A3-6800-4B6E-94BD-3968010E87E9}.Debug|ARM.ActiveCfg = Debug|Any CPU
		{143779A3-6800-4B6E-94BD-3968010E87E9}.Debug|ARM.Build.0 = Debug|Any CPU
		{143779A3-6800-4B6E-94BD-3968010E87E9}.Debug|ARM64.ActiveCfg = Debug|Any CPU
		{143779A3-6800-4B6E-94BD-3968010E87E9}.Debug|ARM64.Build.0 = Debug|Any CPU
		{143779A3-6800-4B6E-94BD-3968010E87E9}.Debug|x64.ActiveCfg = Debug|Any CPU
		{143779A3-6800-4B6E-94BD-3968010E87E9}.Debug|x64.Build.0 = Debug|Any CPU
		{143779A3-6800-4B6E-94BD-3968010E87E9}.Debug|x86.ActiveCfg = Debug|Any CPU
		{143779A3-6800-4B6E-94BD-3968010E87E9}.Debug|x86.Build.0 = Debug|Any CPU
		{143779A3-6800-4B6E-94BD-3968010E87E9}.Release|Any CPU.ActiveCfg = Release|Any CPU
		{143779A3-6800-4B6E-94BD-3968010E87E9}.Release|Any CPU.Build.0 = Release|Any CPU
		{143779A3-6800-4B6E-94BD-3968010E87E9}.Release|ARM.ActiveCfg = Release|Any CPU
		{143779A3-6800-4B6E-94BD-3968010E87E9}.Release|ARM.Build.0 = Release|Any CPU
		{143779A3-6800-4B6E-94BD-3968010E87E9}.Release|ARM64.ActiveCfg = Release|Any CPU
		{143779A3-6800-4B6E-94BD-3968010E87E9}.Release|ARM64.Build.0 = Release|Any CPU
		{143779A3-6800-4B6E-94BD-3968010E87E9}.Release|x64.ActiveCfg = Release|Any CPU
		{143779A3-6800-4B6E-94BD-3968010E87E9}.Release|x64.Build.0 = Release|Any CPU
		{143779A3-6800-4B6E-94BD-3968010E87E9}.Release|x86.ActiveCfg = Release|Any CPU
		{143779A3-6800-4B6E-94BD-3968010E87E9}.Release|x86.Build.0 = Release|Any CPU
		{20037722-A1AB-4BB2-BB9B-F09D3CD25F47}.Debug|Any CPU.ActiveCfg = Debug|Any CPU
		{20037722-A1AB-4BB2-BB9B-F09D3CD25F47}.Debug|Any CPU.Build.0 = Debug|Any CPU
		{20037722-A1AB-4BB2-BB9B-F09D3CD25F47}.Debug|ARM.ActiveCfg = Debug|Any CPU
		{20037722-A1AB-4BB2-BB9B-F09D3CD25F47}.Debug|ARM.Build.0 = Debug|Any CPU
		{20037722-A1AB-4BB2-BB9B-F09D3CD25F47}.Debug|ARM64.ActiveCfg = Debug|Any CPU
		{20037722-A1AB-4BB2-BB9B-F09D3CD25F47}.Debug|ARM64.Build.0 = Debug|Any CPU
		{20037722-A1AB-4BB2-BB9B-F09D3CD25F47}.Debug|x64.ActiveCfg = Debug|Any CPU
		{20037722-A1AB-4BB2-BB9B-F09D3CD25F47}.Debug|x64.Build.0 = Debug|Any CPU
		{20037722-A1AB-4BB2-BB9B-F09D3CD25F47}.Debug|x86.ActiveCfg = Debug|Any CPU
		{20037722-A1AB-4BB2-BB9B-F09D3CD25F47}.Debug|x86.Build.0 = Debug|Any CPU
		{20037722-A1AB-4BB2-BB9B-F09D3CD25F47}.Release|Any CPU.ActiveCfg = Release|Any CPU
		{20037722-A1AB-4BB2-BB9B-F09D3CD25F47}.Release|Any CPU.Build.0 = Release|Any CPU
		{20037722-A1AB-4BB2-BB9B-F09D3CD25F47}.Release|ARM.ActiveCfg = Release|Any CPU
		{20037722-A1AB-4BB2-BB9B-F09D3CD25F47}.Release|ARM.Build.0 = Release|Any CPU
		{20037722-A1AB-4BB2-BB9B-F09D3CD25F47}.Release|ARM64.ActiveCfg = Release|Any CPU
		{20037722-A1AB-4BB2-BB9B-F09D3CD25F47}.Release|ARM64.Build.0 = Release|Any CPU
		{20037722-A1AB-4BB2-BB9B-F09D3CD25F47}.Release|x64.ActiveCfg = Release|Any CPU
		{20037722-A1AB-4BB2-BB9B-F09D3CD25F47}.Release|x64.Build.0 = Release|Any CPU
		{20037722-A1AB-4BB2-BB9B-F09D3CD25F47}.Release|x86.ActiveCfg = Release|Any CPU
		{20037722-A1AB-4BB2-BB9B-F09D3CD25F47}.Release|x86.Build.0 = Release|Any CPU
		{5DAB193E-87DB-40FF-B80C-28B8B3EBA7A6}.Debug|Any CPU.ActiveCfg = Debug|Any CPU
		{5DAB193E-87DB-40FF-B80C-28B8B3EBA7A6}.Debug|Any CPU.Build.0 = Debug|Any CPU
		{5DAB193E-87DB-40FF-B80C-28B8B3EBA7A6}.Debug|ARM.ActiveCfg = Debug|Any CPU
		{5DAB193E-87DB-40FF-B80C-28B8B3EBA7A6}.Debug|ARM.Build.0 = Debug|Any CPU
		{5DAB193E-87DB-40FF-B80C-28B8B3EBA7A6}.Debug|ARM64.ActiveCfg = Debug|Any CPU
		{5DAB193E-87DB-40FF-B80C-28B8B3EBA7A6}.Debug|ARM64.Build.0 = Debug|Any CPU
		{5DAB193E-87DB-40FF-B80C-28B8B3EBA7A6}.Debug|x64.ActiveCfg = Debug|Any CPU
		{5DAB193E-87DB-40FF-B80C-28B8B3EBA7A6}.Debug|x64.Build.0 = Debug|Any CPU
		{5DAB193E-87DB-40FF-B80C-28B8B3EBA7A6}.Debug|x86.ActiveCfg = Debug|Any CPU
		{5DAB193E-87DB-40FF-B80C-28B8B3EBA7A6}.Debug|x86.Build.0 = Debug|Any CPU
		{5DAB193E-87DB-40FF-B80C-28B8B3EBA7A6}.Release|Any CPU.ActiveCfg = Release|Any CPU
		{5DAB193E-87DB-40FF-B80C-28B8B3EBA7A6}.Release|Any CPU.Build.0 = Release|Any CPU
		{5DAB193E-87DB-40FF-B80C-28B8B3EBA7A6}.Release|ARM.ActiveCfg = Release|Any CPU
		{5DAB193E-87DB-40FF-B80C-28B8B3EBA7A6}.Release|ARM.Build.0 = Release|Any CPU
		{5DAB193E-87DB-40FF-B80C-28B8B3EBA7A6}.Release|ARM64.ActiveCfg = Release|Any CPU
		{5DAB193E-87DB-40FF-B80C-28B8B3EBA7A6}.Release|ARM64.Build.0 = Release|Any CPU
		{5DAB193E-87DB-40FF-B80C-28B8B3EBA7A6}.Release|x64.ActiveCfg = Release|Any CPU
		{5DAB193E-87DB-40FF-B80C-28B8B3EBA7A6}.Release|x64.Build.0 = Release|Any CPU
		{5DAB193E-87DB-40FF-B80C-28B8B3EBA7A6}.Release|x86.ActiveCfg = Release|Any CPU
		{5DAB193E-87DB-40FF-B80C-28B8B3EBA7A6}.Release|x86.Build.0 = Release|Any CPU
		{5FF268EC-A424-496F-8645-5E8670EA5BA2}.Debug|Any CPU.ActiveCfg = Debug|Any CPU
		{5FF268EC-A424-496F-8645-5E8670EA5BA2}.Debug|Any CPU.Build.0 = Debug|Any CPU
		{5FF268EC-A424-496F-8645-5E8670EA5BA2}.Debug|ARM.ActiveCfg = Debug|Any CPU
		{5FF268EC-A424-496F-8645-5E8670EA5BA2}.Debug|ARM.Build.0 = Debug|Any CPU
		{5FF268EC-A424-496F-8645-5E8670EA5BA2}.Debug|ARM64.ActiveCfg = Debug|Any CPU
		{5FF268EC-A424-496F-8645-5E8670EA5BA2}.Debug|ARM64.Build.0 = Debug|Any CPU
		{5FF268EC-A424-496F-8645-5E8670EA5BA2}.Debug|x64.ActiveCfg = Debug|Any CPU
		{5FF268EC-A424-496F-8645-5E8670EA5BA2}.Debug|x64.Build.0 = Debug|Any CPU
		{5FF268EC-A424-496F-8645-5E8670EA5BA2}.Debug|x86.ActiveCfg = Debug|Any CPU
		{5FF268EC-A424-496F-8645-5E8670EA5BA2}.Debug|x86.Build.0 = Debug|Any CPU
		{5FF268EC-A424-496F-8645-5E8670EA5BA2}.Release|Any CPU.ActiveCfg = Release|Any CPU
		{5FF268EC-A424-496F-8645-5E8670EA5BA2}.Release|Any CPU.Build.0 = Release|Any CPU
		{5FF268EC-A424-496F-8645-5E8670EA5BA2}.Release|ARM.ActiveCfg = Release|Any CPU
		{5FF268EC-A424-496F-8645-5E8670EA5BA2}.Release|ARM.Build.0 = Release|Any CPU
		{5FF268EC-A424-496F-8645-5E8670EA5BA2}.Release|ARM64.ActiveCfg = Release|Any CPU
		{5FF268EC-A424-496F-8645-5E8670EA5BA2}.Release|ARM64.Build.0 = Release|Any CPU
		{5FF268EC-A424-496F-8645-5E8670EA5BA2}.Release|x64.ActiveCfg = Release|Any CPU
		{5FF268EC-A424-496F-8645-5E8670EA5BA2}.Release|x64.Build.0 = Release|Any CPU
		{5FF268EC-A424-496F-8645-5E8670EA5BA2}.Release|x86.ActiveCfg = Release|Any CPU
		{5FF268EC-A424-496F-8645-5E8670EA5BA2}.Release|x86.Build.0 = Release|Any CPU
		{99249EFC-9105-4E8F-A7E5-8F45CF4375C7}.Debug|Any CPU.ActiveCfg = Debug|Any CPU
		{99249EFC-9105-4E8F-A7E5-8F45CF4375C7}.Debug|Any CPU.Build.0 = Debug|Any CPU
		{99249EFC-9105-4E8F-A7E5-8F45CF4375C7}.Debug|ARM.ActiveCfg = Debug|Any CPU
		{99249EFC-9105-4E8F-A7E5-8F45CF4375C7}.Debug|ARM.Build.0 = Debug|Any CPU
		{99249EFC-9105-4E8F-A7E5-8F45CF4375C7}.Debug|ARM64.ActiveCfg = Debug|Any CPU
		{99249EFC-9105-4E8F-A7E5-8F45CF4375C7}.Debug|ARM64.Build.0 = Debug|Any CPU
		{99249EFC-9105-4E8F-A7E5-8F45CF4375C7}.Debug|x64.ActiveCfg = Debug|Any CPU
		{99249EFC-9105-4E8F-A7E5-8F45CF4375C7}.Debug|x64.Build.0 = Debug|Any CPU
		{99249EFC-9105-4E8F-A7E5-8F45CF4375C7}.Debug|x86.ActiveCfg = Debug|Any CPU
		{99249EFC-9105-4E8F-A7E5-8F45CF4375C7}.Debug|x86.Build.0 = Debug|Any CPU
		{99249EFC-9105-4E8F-A7E5-8F45CF4375C7}.Release|Any CPU.ActiveCfg = Release|Any CPU
		{99249EFC-9105-4E8F-A7E5-8F45CF4375C7}.Release|Any CPU.Build.0 = Release|Any CPU
		{99249EFC-9105-4E8F-A7E5-8F45CF4375C7}.Release|ARM.ActiveCfg = Release|Any CPU
		{99249EFC-9105-4E8F-A7E5-8F45CF4375C7}.Release|ARM.Build.0 = Release|Any CPU
		{99249EFC-9105-4E8F-A7E5-8F45CF4375C7}.Release|ARM64.ActiveCfg = Release|Any CPU
		{99249EFC-9105-4E8F-A7E5-8F45CF4375C7}.Release|ARM64.Build.0 = Release|Any CPU
		{99249EFC-9105-4E8F-A7E5-8F45CF4375C7}.Release|x64.ActiveCfg = Release|Any CPU
		{99249EFC-9105-4E8F-A7E5-8F45CF4375C7}.Release|x64.Build.0 = Release|Any CPU
		{99249EFC-9105-4E8F-A7E5-8F45CF4375C7}.Release|x86.ActiveCfg = Release|Any CPU
		{99249EFC-9105-4E8F-A7E5-8F45CF4375C7}.Release|x86.Build.0 = Release|Any CPU
		{E0FF87A1-9838-4B12-A63C-EDD72F088D4E}.Debug|Any CPU.ActiveCfg = Debug|Any CPU
		{E0FF87A1-9838-4B12-A63C-EDD72F088D4E}.Debug|Any CPU.Build.0 = Debug|Any CPU
		{E0FF87A1-9838-4B12-A63C-EDD72F088D4E}.Debug|ARM.ActiveCfg = Debug|Any CPU
		{E0FF87A1-9838-4B12-A63C-EDD72F088D4E}.Debug|ARM.Build.0 = Debug|Any CPU
		{E0FF87A1-9838-4B12-A63C-EDD72F088D4E}.Debug|ARM64.ActiveCfg = Debug|Any CPU
		{E0FF87A1-9838-4B12-A63C-EDD72F088D4E}.Debug|ARM64.Build.0 = Debug|Any CPU
		{E0FF87A1-9838-4B12-A63C-EDD72F088D4E}.Debug|x64.ActiveCfg = Debug|Any CPU
		{E0FF87A1-9838-4B12-A63C-EDD72F088D4E}.Debug|x64.Build.0 = Debug|Any CPU
		{E0FF87A1-9838-4B12-A63C-EDD72F088D4E}.Debug|x86.ActiveCfg = Debug|Any CPU
		{E0FF87A1-9838-4B12-A63C-EDD72F088D4E}.Debug|x86.Build.0 = Debug|Any CPU
		{E0FF87A1-9838-4B12-A63C-EDD72F088D4E}.Release|Any CPU.ActiveCfg = Release|Any CPU
		{E0FF87A1-9838-4B12-A63C-EDD72F088D4E}.Release|Any CPU.Build.0 = Release|Any CPU
		{E0FF87A1-9838-4B12-A63C-EDD72F088D4E}.Release|ARM.ActiveCfg = Release|Any CPU
		{E0FF87A1-9838-4B12-A63C-EDD72F088D4E}.Release|ARM.Build.0 = Release|Any CPU
		{E0FF87A1-9838-4B12-A63C-EDD72F088D4E}.Release|ARM64.ActiveCfg = Release|Any CPU
		{E0FF87A1-9838-4B12-A63C-EDD72F088D4E}.Release|ARM64.Build.0 = Release|Any CPU
		{E0FF87A1-9838-4B12-A63C-EDD72F088D4E}.Release|x64.ActiveCfg = Release|Any CPU
		{E0FF87A1-9838-4B12-A63C-EDD72F088D4E}.Release|x64.Build.0 = Release|Any CPU
		{E0FF87A1-9838-4B12-A63C-EDD72F088D4E}.Release|x86.ActiveCfg = Release|Any CPU
		{E0FF87A1-9838-4B12-A63C-EDD72F088D4E}.Release|x86.Build.0 = Release|Any CPU
		{23373307-F4CA-4A9A-A4E6-1DCD53931F9B}.Debug|Any CPU.ActiveCfg = Debug|Any CPU
		{23373307-F4CA-4A9A-A4E6-1DCD53931F9B}.Debug|Any CPU.Build.0 = Debug|Any CPU
		{23373307-F4CA-4A9A-A4E6-1DCD53931F9B}.Debug|ARM.ActiveCfg = Debug|Any CPU
		{23373307-F4CA-4A9A-A4E6-1DCD53931F9B}.Debug|ARM.Build.0 = Debug|Any CPU
		{23373307-F4CA-4A9A-A4E6-1DCD53931F9B}.Debug|ARM64.ActiveCfg = Debug|Any CPU
		{23373307-F4CA-4A9A-A4E6-1DCD53931F9B}.Debug|ARM64.Build.0 = Debug|Any CPU
		{23373307-F4CA-4A9A-A4E6-1DCD53931F9B}.Debug|x64.ActiveCfg = Debug|Any CPU
		{23373307-F4CA-4A9A-A4E6-1DCD53931F9B}.Debug|x64.Build.0 = Debug|Any CPU
		{23373307-F4CA-4A9A-A4E6-1DCD53931F9B}.Debug|x86.ActiveCfg = Debug|Any CPU
		{23373307-F4CA-4A9A-A4E6-1DCD53931F9B}.Debug|x86.Build.0 = Debug|Any CPU
		{23373307-F4CA-4A9A-A4E6-1DCD53931F9B}.Release|Any CPU.ActiveCfg = Release|Any CPU
		{23373307-F4CA-4A9A-A4E6-1DCD53931F9B}.Release|Any CPU.Build.0 = Release|Any CPU
		{23373307-F4CA-4A9A-A4E6-1DCD53931F9B}.Release|ARM.ActiveCfg = Release|Any CPU
		{23373307-F4CA-4A9A-A4E6-1DCD53931F9B}.Release|ARM.Build.0 = Release|Any CPU
		{23373307-F4CA-4A9A-A4E6-1DCD53931F9B}.Release|ARM64.ActiveCfg = Release|Any CPU
		{23373307-F4CA-4A9A-A4E6-1DCD53931F9B}.Release|ARM64.Build.0 = Release|Any CPU
		{23373307-F4CA-4A9A-A4E6-1DCD53931F9B}.Release|x64.ActiveCfg = Release|Any CPU
		{23373307-F4CA-4A9A-A4E6-1DCD53931F9B}.Release|x64.Build.0 = Release|Any CPU
		{23373307-F4CA-4A9A-A4E6-1DCD53931F9B}.Release|x86.ActiveCfg = Release|Any CPU
		{23373307-F4CA-4A9A-A4E6-1DCD53931F9B}.Release|x86.Build.0 = Release|Any CPU
		{9A73B975-9FEB-414B-9B58-807A71A65E2E}.Debug|Any CPU.ActiveCfg = Debug|Any CPU
		{9A73B975-9FEB-414B-9B58-807A71A65E2E}.Debug|Any CPU.Build.0 = Debug|Any CPU
		{9A73B975-9FEB-414B-9B58-807A71A65E2E}.Debug|ARM.ActiveCfg = Debug|Any CPU
		{9A73B975-9FEB-414B-9B58-807A71A65E2E}.Debug|ARM.Build.0 = Debug|Any CPU
		{9A73B975-9FEB-414B-9B58-807A71A65E2E}.Debug|ARM64.ActiveCfg = Debug|Any CPU
		{9A73B975-9FEB-414B-9B58-807A71A65E2E}.Debug|ARM64.Build.0 = Debug|Any CPU
		{9A73B975-9FEB-414B-9B58-807A71A65E2E}.Debug|x64.ActiveCfg = Debug|Any CPU
		{9A73B975-9FEB-414B-9B58-807A71A65E2E}.Debug|x64.Build.0 = Debug|Any CPU
		{9A73B975-9FEB-414B-9B58-807A71A65E2E}.Debug|x86.ActiveCfg = Debug|Any CPU
		{9A73B975-9FEB-414B-9B58-807A71A65E2E}.Debug|x86.Build.0 = Debug|Any CPU
		{9A73B975-9FEB-414B-9B58-807A71A65E2E}.Release|Any CPU.ActiveCfg = Release|Any CPU
		{9A73B975-9FEB-414B-9B58-807A71A65E2E}.Release|Any CPU.Build.0 = Release|Any CPU
		{9A73B975-9FEB-414B-9B58-807A71A65E2E}.Release|ARM.ActiveCfg = Release|Any CPU
		{9A73B975-9FEB-414B-9B58-807A71A65E2E}.Release|ARM.Build.0 = Release|Any CPU
		{9A73B975-9FEB-414B-9B58-807A71A65E2E}.Release|ARM64.ActiveCfg = Release|Any CPU
		{9A73B975-9FEB-414B-9B58-807A71A65E2E}.Release|ARM64.Build.0 = Release|Any CPU
		{9A73B975-9FEB-414B-9B58-807A71A65E2E}.Release|x64.ActiveCfg = Release|Any CPU
		{9A73B975-9FEB-414B-9B58-807A71A65E2E}.Release|x64.Build.0 = Release|Any CPU
		{9A73B975-9FEB-414B-9B58-807A71A65E2E}.Release|x86.ActiveCfg = Release|Any CPU
		{9A73B975-9FEB-414B-9B58-807A71A65E2E}.Release|x86.Build.0 = Release|Any CPU
		{F75FA021-BDB1-483D-8983-9788F8BAF04D}.Debug|Any CPU.ActiveCfg = Debug|Any CPU
		{F75FA021-BDB1-483D-8983-9788F8BAF04D}.Debug|Any CPU.Build.0 = Debug|Any CPU
		{F75FA021-BDB1-483D-8983-9788F8BAF04D}.Debug|ARM.ActiveCfg = Debug|Any CPU
		{F75FA021-BDB1-483D-8983-9788F8BAF04D}.Debug|ARM.Build.0 = Debug|Any CPU
		{F75FA021-BDB1-483D-8983-9788F8BAF04D}.Debug|ARM64.ActiveCfg = Debug|Any CPU
		{F75FA021-BDB1-483D-8983-9788F8BAF04D}.Debug|ARM64.Build.0 = Debug|Any CPU
		{F75FA021-BDB1-483D-8983-9788F8BAF04D}.Debug|x64.ActiveCfg = Debug|Any CPU
		{F75FA021-BDB1-483D-8983-9788F8BAF04D}.Debug|x64.Build.0 = Debug|Any CPU
		{F75FA021-BDB1-483D-8983-9788F8BAF04D}.Debug|x86.ActiveCfg = Debug|Any CPU
		{F75FA021-BDB1-483D-8983-9788F8BAF04D}.Debug|x86.Build.0 = Debug|Any CPU
		{F75FA021-BDB1-483D-8983-9788F8BAF04D}.Release|Any CPU.ActiveCfg = Release|Any CPU
		{F75FA021-BDB1-483D-8983-9788F8BAF04D}.Release|Any CPU.Build.0 = Release|Any CPU
		{F75FA021-BDB1-483D-8983-9788F8BAF04D}.Release|ARM.ActiveCfg = Release|Any CPU
		{F75FA021-BDB1-483D-8983-9788F8BAF04D}.Release|ARM.Build.0 = Release|Any CPU
		{F75FA021-BDB1-483D-8983-9788F8BAF04D}.Release|ARM64.ActiveCfg = Release|Any CPU
		{F75FA021-BDB1-483D-8983-9788F8BAF04D}.Release|ARM64.Build.0 = Release|Any CPU
		{F75FA021-BDB1-483D-8983-9788F8BAF04D}.Release|x64.ActiveCfg = Release|Any CPU
		{F75FA021-BDB1-483D-8983-9788F8BAF04D}.Release|x64.Build.0 = Release|Any CPU
		{F75FA021-BDB1-483D-8983-9788F8BAF04D}.Release|x86.ActiveCfg = Release|Any CPU
		{F75FA021-BDB1-483D-8983-9788F8BAF04D}.Release|x86.Build.0 = Release|Any CPU
		{E1E4EDDE-EFB2-4606-A259-6E95B332E209}.Debug|Any CPU.ActiveCfg = Debug|Any CPU
		{E1E4EDDE-EFB2-4606-A259-6E95B332E209}.Debug|Any CPU.Build.0 = Debug|Any CPU
		{E1E4EDDE-EFB2-4606-A259-6E95B332E209}.Debug|ARM.ActiveCfg = Debug|Any CPU
		{E1E4EDDE-EFB2-4606-A259-6E95B332E209}.Debug|ARM.Build.0 = Debug|Any CPU
		{E1E4EDDE-EFB2-4606-A259-6E95B332E209}.Debug|ARM64.ActiveCfg = Debug|Any CPU
		{E1E4EDDE-EFB2-4606-A259-6E95B332E209}.Debug|ARM64.Build.0 = Debug|Any CPU
		{E1E4EDDE-EFB2-4606-A259-6E95B332E209}.Debug|x64.ActiveCfg = Debug|Any CPU
		{E1E4EDDE-EFB2-4606-A259-6E95B332E209}.Debug|x64.Build.0 = Debug|Any CPU
		{E1E4EDDE-EFB2-4606-A259-6E95B332E209}.Debug|x86.ActiveCfg = Debug|Any CPU
		{E1E4EDDE-EFB2-4606-A259-6E95B332E209}.Debug|x86.Build.0 = Debug|Any CPU
		{E1E4EDDE-EFB2-4606-A259-6E95B332E209}.Release|Any CPU.ActiveCfg = Release|Any CPU
		{E1E4EDDE-EFB2-4606-A259-6E95B332E209}.Release|Any CPU.Build.0 = Release|Any CPU
		{E1E4EDDE-EFB2-4606-A259-6E95B332E209}.Release|ARM.ActiveCfg = Release|Any CPU
		{E1E4EDDE-EFB2-4606-A259-6E95B332E209}.Release|ARM.Build.0 = Release|Any CPU
		{E1E4EDDE-EFB2-4606-A259-6E95B332E209}.Release|ARM64.ActiveCfg = Release|Any CPU
		{E1E4EDDE-EFB2-4606-A259-6E95B332E209}.Release|ARM64.Build.0 = Release|Any CPU
		{E1E4EDDE-EFB2-4606-A259-6E95B332E209}.Release|x64.ActiveCfg = Release|Any CPU
		{E1E4EDDE-EFB2-4606-A259-6E95B332E209}.Release|x64.Build.0 = Release|Any CPU
		{E1E4EDDE-EFB2-4606-A259-6E95B332E209}.Release|x86.ActiveCfg = Release|Any CPU
		{E1E4EDDE-EFB2-4606-A259-6E95B332E209}.Release|x86.Build.0 = Release|Any CPU
		{DF958D7C-35CD-4E43-A256-D203049AF3D8}.Debug|Any CPU.ActiveCfg = Debug|Any CPU
		{DF958D7C-35CD-4E43-A256-D203049AF3D8}.Debug|Any CPU.Build.0 = Debug|Any CPU
		{DF958D7C-35CD-4E43-A256-D203049AF3D8}.Debug|ARM.ActiveCfg = Debug|Any CPU
		{DF958D7C-35CD-4E43-A256-D203049AF3D8}.Debug|ARM.Build.0 = Debug|Any CPU
		{DF958D7C-35CD-4E43-A256-D203049AF3D8}.Debug|ARM64.ActiveCfg = Debug|Any CPU
		{DF958D7C-35CD-4E43-A256-D203049AF3D8}.Debug|ARM64.Build.0 = Debug|Any CPU
		{DF958D7C-35CD-4E43-A256-D203049AF3D8}.Debug|x64.ActiveCfg = Debug|Any CPU
		{DF958D7C-35CD-4E43-A256-D203049AF3D8}.Debug|x64.Build.0 = Debug|Any CPU
		{DF958D7C-35CD-4E43-A256-D203049AF3D8}.Debug|x86.ActiveCfg = Debug|Any CPU
		{DF958D7C-35CD-4E43-A256-D203049AF3D8}.Debug|x86.Build.0 = Debug|Any CPU
		{DF958D7C-35CD-4E43-A256-D203049AF3D8}.Release|Any CPU.ActiveCfg = Release|Any CPU
		{DF958D7C-35CD-4E43-A256-D203049AF3D8}.Release|Any CPU.Build.0 = Release|Any CPU
		{DF958D7C-35CD-4E43-A256-D203049AF3D8}.Release|ARM.ActiveCfg = Release|Any CPU
		{DF958D7C-35CD-4E43-A256-D203049AF3D8}.Release|ARM.Build.0 = Release|Any CPU
		{DF958D7C-35CD-4E43-A256-D203049AF3D8}.Release|ARM64.ActiveCfg = Release|Any CPU
		{DF958D7C-35CD-4E43-A256-D203049AF3D8}.Release|ARM64.Build.0 = Release|Any CPU
		{DF958D7C-35CD-4E43-A256-D203049AF3D8}.Release|x64.ActiveCfg = Release|Any CPU
		{DF958D7C-35CD-4E43-A256-D203049AF3D8}.Release|x64.Build.0 = Release|Any CPU
		{DF958D7C-35CD-4E43-A256-D203049AF3D8}.Release|x86.ActiveCfg = Release|Any CPU
		{DF958D7C-35CD-4E43-A256-D203049AF3D8}.Release|x86.Build.0 = Release|Any CPU
		{2D4747FF-AA2D-49EB-9176-283A14BA8855}.Debug|Any CPU.ActiveCfg = Debug|Any CPU
		{2D4747FF-AA2D-49EB-9176-283A14BA8855}.Debug|Any CPU.Build.0 = Debug|Any CPU
		{2D4747FF-AA2D-49EB-9176-283A14BA8855}.Debug|ARM.ActiveCfg = Debug|Any CPU
		{2D4747FF-AA2D-49EB-9176-283A14BA8855}.Debug|ARM.Build.0 = Debug|Any CPU
		{2D4747FF-AA2D-49EB-9176-283A14BA8855}.Debug|ARM64.ActiveCfg = Debug|Any CPU
		{2D4747FF-AA2D-49EB-9176-283A14BA8855}.Debug|ARM64.Build.0 = Debug|Any CPU
		{2D4747FF-AA2D-49EB-9176-283A14BA8855}.Debug|x64.ActiveCfg = Debug|Any CPU
		{2D4747FF-AA2D-49EB-9176-283A14BA8855}.Debug|x64.Build.0 = Debug|Any CPU
		{2D4747FF-AA2D-49EB-9176-283A14BA8855}.Debug|x86.ActiveCfg = Debug|Any CPU
		{2D4747FF-AA2D-49EB-9176-283A14BA8855}.Debug|x86.Build.0 = Debug|Any CPU
		{2D4747FF-AA2D-49EB-9176-283A14BA8855}.Release|Any CPU.ActiveCfg = Release|Any CPU
		{2D4747FF-AA2D-49EB-9176-283A14BA8855}.Release|Any CPU.Build.0 = Release|Any CPU
		{2D4747FF-AA2D-49EB-9176-283A14BA8855}.Release|ARM.ActiveCfg = Release|Any CPU
		{2D4747FF-AA2D-49EB-9176-283A14BA8855}.Release|ARM.Build.0 = Release|Any CPU
		{2D4747FF-AA2D-49EB-9176-283A14BA8855}.Release|ARM64.ActiveCfg = Release|Any CPU
		{2D4747FF-AA2D-49EB-9176-283A14BA8855}.Release|ARM64.Build.0 = Release|Any CPU
		{2D4747FF-AA2D-49EB-9176-283A14BA8855}.Release|x64.ActiveCfg = Release|Any CPU
		{2D4747FF-AA2D-49EB-9176-283A14BA8855}.Release|x64.Build.0 = Release|Any CPU
		{2D4747FF-AA2D-49EB-9176-283A14BA8855}.Release|x86.ActiveCfg = Release|Any CPU
		{2D4747FF-AA2D-49EB-9176-283A14BA8855}.Release|x86.Build.0 = Release|Any CPU
		{F321C025-F4E0-43B3-BDA5-48C7A6619827}.Debug|Any CPU.ActiveCfg = Debug|x86
		{F321C025-F4E0-43B3-BDA5-48C7A6619827}.Debug|Any CPU.Build.0 = Debug|x86
		{F321C025-F4E0-43B3-BDA5-48C7A6619827}.Debug|Any CPU.Deploy.0 = Debug|x86
		{F321C025-F4E0-43B3-BDA5-48C7A6619827}.Debug|ARM.ActiveCfg = Debug|ARM
		{F321C025-F4E0-43B3-BDA5-48C7A6619827}.Debug|ARM.Build.0 = Debug|ARM
		{F321C025-F4E0-43B3-BDA5-48C7A6619827}.Debug|ARM.Deploy.0 = Debug|ARM
		{F321C025-F4E0-43B3-BDA5-48C7A6619827}.Debug|ARM64.ActiveCfg = Debug|ARM64
		{F321C025-F4E0-43B3-BDA5-48C7A6619827}.Debug|ARM64.Build.0 = Debug|ARM64
		{F321C025-F4E0-43B3-BDA5-48C7A6619827}.Debug|ARM64.Deploy.0 = Debug|ARM64
		{F321C025-F4E0-43B3-BDA5-48C7A6619827}.Debug|x64.ActiveCfg = Debug|x64
		{F321C025-F4E0-43B3-BDA5-48C7A6619827}.Debug|x64.Build.0 = Debug|x64
		{F321C025-F4E0-43B3-BDA5-48C7A6619827}.Debug|x64.Deploy.0 = Debug|x64
		{F321C025-F4E0-43B3-BDA5-48C7A6619827}.Debug|x86.ActiveCfg = Debug|x86
		{F321C025-F4E0-43B3-BDA5-48C7A6619827}.Debug|x86.Build.0 = Debug|x86
		{F321C025-F4E0-43B3-BDA5-48C7A6619827}.Debug|x86.Deploy.0 = Debug|x86
		{F321C025-F4E0-43B3-BDA5-48C7A6619827}.Release|Any CPU.ActiveCfg = Release|x86
		{F321C025-F4E0-43B3-BDA5-48C7A6619827}.Release|ARM.ActiveCfg = Release|ARM
		{F321C025-F4E0-43B3-BDA5-48C7A6619827}.Release|ARM.Build.0 = Release|ARM
		{F321C025-F4E0-43B3-BDA5-48C7A6619827}.Release|ARM.Deploy.0 = Release|ARM
		{F321C025-F4E0-43B3-BDA5-48C7A6619827}.Release|ARM64.ActiveCfg = Release|ARM64
		{F321C025-F4E0-43B3-BDA5-48C7A6619827}.Release|ARM64.Build.0 = Release|ARM64
		{F321C025-F4E0-43B3-BDA5-48C7A6619827}.Release|ARM64.Deploy.0 = Release|ARM64
		{F321C025-F4E0-43B3-BDA5-48C7A6619827}.Release|x64.ActiveCfg = Release|x64
		{F321C025-F4E0-43B3-BDA5-48C7A6619827}.Release|x64.Build.0 = Release|x64
		{F321C025-F4E0-43B3-BDA5-48C7A6619827}.Release|x64.Deploy.0 = Release|x64
		{F321C025-F4E0-43B3-BDA5-48C7A6619827}.Release|x86.ActiveCfg = Release|x86
		{F321C025-F4E0-43B3-BDA5-48C7A6619827}.Release|x86.Build.0 = Release|x86
		{F321C025-F4E0-43B3-BDA5-48C7A6619827}.Release|x86.Deploy.0 = Release|x86
	EndGlobalSection
	GlobalSection(SolutionProperties) = preSolution
		HideSolutionNode = FALSE
	EndGlobalSection
	GlobalSection(NestedProjects) = preSolution
		{E48145E5-BE27-4DA7-B6D3-3E2BA1E3577E} = {2027C16E-05F0-4886-B9C3-6010C1C4490C}
		{61F80E50-3023-413D-A0AE-15966CD21245} = {2027C16E-05F0-4886-B9C3-6010C1C4490C}
		{5BF4ADFB-40C5-4F24-BF70-8AA65546DF76} = {2027C16E-05F0-4886-B9C3-6010C1C4490C}
		{143779A3-6800-4B6E-94BD-3968010E87E9} = {2027C16E-05F0-4886-B9C3-6010C1C4490C}
		{20037722-A1AB-4BB2-BB9B-F09D3CD25F47} = {2027C16E-05F0-4886-B9C3-6010C1C4490C}
		{5DAB193E-87DB-40FF-B80C-28B8B3EBA7A6} = {2027C16E-05F0-4886-B9C3-6010C1C4490C}
		{5FF268EC-A424-496F-8645-5E8670EA5BA2} = {2027C16E-05F0-4886-B9C3-6010C1C4490C}
		{99249EFC-9105-4E8F-A7E5-8F45CF4375C7} = {2027C16E-05F0-4886-B9C3-6010C1C4490C}
		{E0FF87A1-9838-4B12-A63C-EDD72F088D4E} = {E02DC3E6-2B16-4A8C-9A90-BB16C89FCABD}
		{23373307-F4CA-4A9A-A4E6-1DCD53931F9B} = {E02DC3E6-2B16-4A8C-9A90-BB16C89FCABD}
		{9A73B975-9FEB-414B-9B58-807A71A65E2E} = {2027C16E-05F0-4886-B9C3-6010C1C4490C}
		{F75FA021-BDB1-483D-8983-9788F8BAF04D} = {2027C16E-05F0-4886-B9C3-6010C1C4490C}
		{E1E4EDDE-EFB2-4606-A259-6E95B332E209} = {E02DC3E6-2B16-4A8C-9A90-BB16C89FCABD}
		{DF958D7C-35CD-4E43-A256-D203049AF3D8} = {E02DC3E6-2B16-4A8C-9A90-BB16C89FCABD}
		{2D4747FF-AA2D-49EB-9176-283A14BA8855} = {2027C16E-05F0-4886-B9C3-6010C1C4490C}
		{F321C025-F4E0-43B3-BDA5-48C7A6619827} = {A5778ACC-6354-4E9A-972B-7D66F522BFA6}
	EndGlobalSection
	GlobalSection(ExtensibilityGlobals) = postSolution
		SolutionGuid = {ABB2D64E-116C-4725-B2D5-133AD8C966E9}
	EndGlobalSection
EndGlobal
