
Microsoft Visual Studio Solution File, Format Version 12.00
# Visual Studio Version 16
VisualStudioVersion = 16.0.29324.140
MinimumVisualStudioVersion = 10.0.40219.1
Project("{FAE04EC0-301F-11D3-BF4B-00C04F79EFBC}") = "Template10.Core", "..\..\Source\Template10.Core\Template10.Core.csproj", "{C246358B-68AE-4CC3-AE50-A2A5CB14CDCA}"
EndProject
Project("{9A19103F-16F7-4668-BE54-9A1E7A4F7556}") = "Template10.Extras", "..\..\Source\Template10.Extras\Template10.Extras.csproj", "{C180F315-3D0E-41F9-BDD3-CE9FBC9C0BC8}"
EndProject
Project("{9A19103F-16F7-4668-BE54-9A1E7A4F7556}") = "Template10.Behaviors", "..\..\Source\Template10.Behaviors\Template10.Behaviors.csproj", "{2C912B23-F4E3-4A65-9A27-3C0F6C633379}"
EndProject
Project("{9A19103F-16F7-4668-BE54-9A1E7A4F7556}") = "Template10.Converters", "..\..\Source\Template10.Converters\Template10.Converters.csproj", "{5741A34F-2E50-41C6-B55C-8805F12783E3}"
EndProject
Project("{FAE04EC0-301F-11D3-BF4B-00C04F79EFBC}") = "Template10.Core.Default", "..\..\Source\Template10.Core.Default\Template10.Core.Default.csproj", "{B78F70DE-00F1-4F16-9C65-9E96609E0D7E}"
EndProject
Project("{2150E333-8FDC-42A3-9474-1A3956D46DE8}") = "Services", "Services", "{2027C16E-05F0-4886-B9C3-6010C1C4490C}"
EndProject
Project("{9A19103F-16F7-4668-BE54-9A1E7A4F7556}") = "Template10.Service.Compression", "..\..\Source\Template10.Service.Compression\Template10.Service.Compression.csproj", "{9D5CA0AC-C262-41BA-995C-0A4A5F7EB7B2}"
EndProject
Global
	GlobalSection(SolutionConfigurationPlatforms) = preSolution
		Debug|Any CPU = Debug|Any CPU
		Debug|ARM = Debug|ARM
		Debug|ARM64 = Debug|ARM64
		Debug|x64 = Debug|x64
		Debug|x86 = Debug|x86
		Release|Any CPU = Release|Any CPU
		Release|ARM = Release|ARM
		Release|ARM64 = Release|ARM64
		Release|x64 = Release|x64
		Release|x86 = Release|x86
	EndGlobalSection
	GlobalSection(ProjectConfigurationPlatforms) = postSolution
		{C246358B-68AE-4CC3-AE50-A2A5CB14CDCA}.Debug|Any CPU.ActiveCfg = Debug|Any CPU
		{C246358B-68AE-4CC3-AE50-A2A5CB14CDCA}.Debug|Any CPU.Build.0 = Debug|Any CPU
		{C246358B-68AE-4CC3-AE50-A2A5CB14CDCA}.Debug|ARM.ActiveCfg = Debug|ARM
		{C246358B-68AE-4CC3-AE50-A2A5CB14CDCA}.Debug|ARM.Build.0 = Debug|ARM
		{C246358B-68AE-4CC3-AE50-A2A5CB14CDCA}.Debug|ARM64.ActiveCfg = Debug|ARM64
		{C246358B-68AE-4CC3-AE50-A2A5CB14CDCA}.Debug|ARM64.Build.0 = Debug|ARM64
		{C246358B-68AE-4CC3-AE50-A2A5CB14CDCA}.Debug|x64.ActiveCfg = Debug|x64
		{C246358B-68AE-4CC3-AE50-A2A5CB14CDCA}.Debug|x64.Build.0 = Debug|x64
		{C246358B-68AE-4CC3-AE50-A2A5CB14CDCA}.Debug|x86.ActiveCfg = Debug|x86
		{C246358B-68AE-4CC3-AE50-A2A5CB14CDCA}.Debug|x86.Build.0 = Debug|x86
		{C246358B-68AE-4CC3-AE50-A2A5CB14CDCA}.Release|Any CPU.ActiveCfg = Release|Any CPU
		{C246358B-68AE-4CC3-AE50-A2A5CB14CDCA}.Release|Any CPU.Build.0 = Release|Any CPU
		{C246358B-68AE-4CC3-AE50-A2A5CB14CDCA}.Release|ARM.ActiveCfg = Release|ARM
		{C246358B-68AE-4CC3-AE50-A2A5CB14CDCA}.Release|ARM.Build.0 = Release|ARM
		{C246358B-68AE-4CC3-AE50-A2A5CB14CDCA}.Release|ARM64.ActiveCfg = Release|ARM64
		{C246358B-68AE-4CC3-AE50-A2A5CB14CDCA}.Release|ARM64.Build.0 = Release|ARM64
		{C246358B-68AE-4CC3-AE50-A2A5CB14CDCA}.Release|x64.ActiveCfg = Release|x64
		{C246358B-68AE-4CC3-AE50-A2A5CB14CDCA}.Release|x64.Build.0 = Release|x64
		{C246358B-68AE-4CC3-AE50-A2A5CB14CDCA}.Release|x86.ActiveCfg = Release|x86
		{C246358B-68AE-4CC3-AE50-A2A5CB14CDCA}.Release|x86.Build.0 = Release|x86
		{C180F315-3D0E-41F9-BDD3-CE9FBC9C0BC8}.Debug|Any CPU.ActiveCfg = Debug|Any CPU
		{C180F315-3D0E-41F9-BDD3-CE9FBC9C0BC8}.Debug|Any CPU.Build.0 = Debug|Any CPU
		{C180F315-3D0E-41F9-BDD3-CE9FBC9C0BC8}.Debug|ARM.ActiveCfg = Debug|Any CPU
		{C180F315-3D0E-41F9-BDD3-CE9FBC9C0BC8}.Debug|ARM.Build.0 = Debug|Any CPU
		{C180F315-3D0E-41F9-BDD3-CE9FBC9C0BC8}.Debug|ARM64.ActiveCfg = Debug|Any CPU
		{C180F315-3D0E-41F9-BDD3-CE9FBC9C0BC8}.Debug|ARM64.Build.0 = Debug|Any CPU
		{C180F315-3D0E-41F9-BDD3-CE9FBC9C0BC8}.Debug|x64.ActiveCfg = Debug|Any CPU
		{C180F315-3D0E-41F9-BDD3-CE9FBC9C0BC8}.Debug|x64.Build.0 = Debug|Any CPU
		{C180F315-3D0E-41F9-BDD3-CE9FBC9C0BC8}.Debug|x86.ActiveCfg = Debug|Any CPU
		{C180F315-3D0E-41F9-BDD3-CE9FBC9C0BC8}.Debug|x86.Build.0 = Debug|Any CPU
		{C180F315-3D0E-41F9-BDD3-CE9FBC9C0BC8}.Release|Any CPU.ActiveCfg = Release|Any CPU
		{C180F315-3D0E-41F9-BDD3-CE9FBC9C0BC8}.Release|Any CPU.Build.0 = Release|Any CPU
		{C180F315-3D0E-41F9-BDD3-CE9FBC9C0BC8}.Release|ARM.ActiveCfg = Release|Any CPU
		{C180F315-3D0E-41F9-BDD3-CE9FBC9C0BC8}.Release|ARM.Build.0 = Release|Any CPU
		{C180F315-3D0E-41F9-BDD3-CE9FBC9C0BC8}.Release|ARM64.ActiveCfg = Release|Any CPU
		{C180F315-3D0E-41F9-BDD3-CE9FBC9C0BC8}.Release|ARM64.Build.0 = Release|Any CPU
		{C180F315-3D0E-41F9-BDD3-CE9FBC9C0BC8}.Release|x64.ActiveCfg = Release|Any CPU
		{C180F315-3D0E-41F9-BDD3-CE9FBC9C0BC8}.Release|x64.Build.0 = Release|Any CPU
		{C180F315-3D0E-41F9-BDD3-CE9FBC9C0BC8}.Release|x86.ActiveCfg = Release|Any CPU
		{C180F315-3D0E-41F9-BDD3-CE9FBC9C0BC8}.Release|x86.Build.0 = Release|Any CPU
		{2C912B23-F4E3-4A65-9A27-3C0F6C633379}.Debug|Any CPU.ActiveCfg = Debug|Any CPU
		{2C912B23-F4E3-4A65-9A27-3C0F6C633379}.Debug|Any CPU.Build.0 = Debug|Any CPU
		{2C912B23-F4E3-4A65-9A27-3C0F6C633379}.Debug|ARM.ActiveCfg = Debug|Any CPU
		{2C912B23-F4E3-4A65-9A27-3C0F6C633379}.Debug|ARM.Build.0 = Debug|Any CPU
		{2C912B23-F4E3-4A65-9A27-3C0F6C633379}.Debug|ARM64.ActiveCfg = Debug|Any CPU
		{2C912B23-F4E3-4A65-9A27-3C0F6C633379}.Debug|ARM64.Build.0 = Debug|Any CPU
		{2C912B23-F4E3-4A65-9A27-3C0F6C633379}.Debug|x64.ActiveCfg = Debug|Any CPU
		{2C912B23-F4E3-4A65-9A27-3C0F6C633379}.Debug|x64.Build.0 = Debug|Any CPU
		{2C912B23-F4E3-4A65-9A27-3C0F6C633379}.Debug|x86.ActiveCfg = Debug|Any CPU
		{2C912B23-F4E3-4A65-9A27-3C0F6C633379}.Debug|x86.Build.0 = Debug|Any CPU
		{2C912B23-F4E3-4A65-9A27-3C0F6C633379}.Release|Any CPU.ActiveCfg = Release|Any CPU
		{2C912B23-F4E3-4A65-9A27-3C0F6C633379}.Release|Any CPU.Build.0 = Release|Any CPU
		{2C912B23-F4E3-4A65-9A27-3C0F6C633379}.Release|ARM.ActiveCfg = Release|Any CPU
		{2C912B23-F4E3-4A65-9A27-3C0F6C633379}.Release|ARM.Build.0 = Release|Any CPU
		{2C912B23-F4E3-4A65-9A27-3C0F6C633379}.Release|ARM64.ActiveCfg = Release|Any CPU
		{2C912B23-F4E3-4A65-9A27-3C0F6C633379}.Release|ARM64.Build.0 = Release|Any CPU
		{2C912B23-F4E3-4A65-9A27-3C0F6C633379}.Release|x64.ActiveCfg = Release|Any CPU
		{2C912B23-F4E3-4A65-9A27-3C0F6C633379}.Release|x64.Build.0 = Release|Any CPU
		{2C912B23-F4E3-4A65-9A27-3C0F6C633379}.Release|x86.ActiveCfg = Release|Any CPU
		{2C912B23-F4E3-4A65-9A27-3C0F6C633379}.Release|x86.Build.0 = Release|Any CPU
		{5741A34F-2E50-41C6-B55C-8805F12783E3}.Debug|Any CPU.ActiveCfg = Debug|Any CPU
		{5741A34F-2E50-41C6-B55C-8805F12783E3}.Debug|Any CPU.Build.0 = Debug|Any CPU
		{5741A34F-2E50-41C6-B55C-8805F12783E3}.Debug|ARM.ActiveCfg = Debug|Any CPU
		{5741A34F-2E50-41C6-B55C-8805F12783E3}.Debug|ARM.Build.0 = Debug|Any CPU
		{5741A34F-2E50-41C6-B55C-8805F12783E3}.Debug|ARM64.ActiveCfg = Debug|Any CPU
		{5741A34F-2E50-41C6-B55C-8805F12783E3}.Debug|ARM64.Build.0 = Debug|Any CPU
		{5741A34F-2E50-41C6-B55C-8805F12783E3}.Debug|x64.ActiveCfg = Debug|Any CPU
		{5741A34F-2E50-41C6-B55C-8805F12783E3}.Debug|x64.Build.0 = Debug|Any CPU
		{5741A34F-2E50-41C6-B55C-8805F12783E3}.Debug|x86.ActiveCfg = Debug|Any CPU
		{5741A34F-2E50-41C6-B55C-8805F12783E3}.Debug|x86.Build.0 = Debug|Any CPU
		{5741A34F-2E50-41C6-B55C-8805F12783E3}.Release|Any CPU.ActiveCfg = Release|Any CPU
		{5741A34F-2E50-41C6-B55C-8805F12783E3}.Release|Any CPU.Build.0 = Release|Any CPU
		{5741A34F-2E50-41C6-B55C-8805F12783E3}.Release|ARM.ActiveCfg = Release|Any CPU
		{5741A34F-2E50-41C6-B55C-8805F12783E3}.Release|ARM.Build.0 = Release|Any CPU
		{5741A34F-2E50-41C6-B55C-8805F12783E3}.Release|ARM64.ActiveCfg = Release|Any CPU
		{5741A34F-2E50-41C6-B55C-8805F12783E3}.Release|ARM64.Build.0 = Release|Any CPU
		{5741A34F-2E50-41C6-B55C-8805F12783E3}.Release|x64.ActiveCfg = Release|Any CPU
		{5741A34F-2E50-41C6-B55C-8805F12783E3}.Release|x64.Build.0 = Release|Any CPU
		{5741A34F-2E50-41C6-B55C-8805F12783E3}.Release|x86.ActiveCfg = Release|Any CPU
		{5741A34F-2E50-41C6-B55C-8805F12783E3}.Release|x86.Build.0 = Release|Any CPU
		{B78F70DE-00F1-4F16-9C65-9E96609E0D7E}.Debug|Any CPU.ActiveCfg = Debug|Any CPU
		{B78F70DE-00F1-4F16-9C65-9E96609E0D7E}.Debug|Any CPU.Build.0 = Debug|Any CPU
		{B78F70DE-00F1-4F16-9C65-9E96609E0D7E}.Debug|ARM.ActiveCfg = Debug|ARM
		{B78F70DE-00F1-4F16-9C65-9E96609E0D7E}.Debug|ARM.Build.0 = Debug|ARM
		{B78F70DE-00F1-4F16-9C65-9E96609E0D7E}.Debug|ARM64.ActiveCfg = Debug|ARM64
		{B78F70DE-00F1-4F16-9C65-9E96609E0D7E}.Debug|ARM64.Build.0 = Debug|ARM64
		{B78F70DE-00F1-4F16-9C65-9E96609E0D7E}.Debug|x64.ActiveCfg = Debug|x64
		{B78F70DE-00F1-4F16-9C65-9E96609E0D7E}.Debug|x64.Build.0 = Debug|x64
		{B78F70DE-00F1-4F16-9C65-9E96609E0D7E}.Debug|x86.ActiveCfg = Debug|x86
		{B78F70DE-00F1-4F16-9C65-9E96609E0D7E}.Debug|x86.Build.0 = Debug|x86
		{B78F70DE-00F1-4F16-9C65-9E96609E0D7E}.Release|Any CPU.ActiveCfg = Release|Any CPU
		{B78F70DE-00F1-4F16-9C65-9E96609E0D7E}.Release|Any CPU.Build.0 = Release|Any CPU
		{B78F70DE-00F1-4F16-9C65-9E96609E0D7E}.Release|ARM.ActiveCfg = Release|ARM
		{B78F70DE-00F1-4F16-9C65-9E96609E0D7E}.Release|ARM.Build.0 = Release|ARM
		{B78F70DE-00F1-4F16-9C65-9E96609E0D7E}.Release|ARM64.ActiveCfg = Release|ARM64
		{B78F70DE-00F1-4F16-9C65-9E96609E0D7E}.Release|ARM64.Build.0 = Release|ARM64
		{B78F70DE-00F1-4F16-9C65-9E96609E0D7E}.Release|x64.ActiveCfg = Release|x64
		{B78F70DE-00F1-4F16-9C65-9E96609E0D7E}.Release|x64.Build.0 = Release|x64
		{B78F70DE-00F1-4F16-9C65-9E96609E0D7E}.Release|x86.ActiveCfg = Release|x86
		{B78F70DE-00F1-4F16-9C65-9E96609E0D7E}.Release|x86.Build.0 = Release|x86
		{9D5CA0AC-C262-41BA-995C-0A4A5F7EB7B2}.Debug|Any CPU.ActiveCfg = Debug|Any CPU
		{9D5CA0AC-C262-41BA-995C-0A4A5F7EB7B2}.Debug|Any CPU.Build.0 = Debug|Any CPU
		{9D5CA0AC-C262-41BA-995C-0A4A5F7EB7B2}.Debug|ARM.ActiveCfg = Debug|Any CPU
		{9D5CA0AC-C262-41BA-995C-0A4A5F7EB7B2}.Debug|ARM.Build.0 = Debug|Any CPU
		{9D5CA0AC-C262-41BA-995C-0A4A5F7EB7B2}.Debug|ARM64.ActiveCfg = Debug|Any CPU
		{9D5CA0AC-C262-41BA-995C-0A4A5F7EB7B2}.Debug|ARM64.Build.0 = Debug|Any CPU
		{9D5CA0AC-C262-41BA-995C-0A4A5F7EB7B2}.Debug|x64.ActiveCfg = Debug|Any CPU
		{9D5CA0AC-C262-41BA-995C-0A4A5F7EB7B2}.Debug|x64.Build.0 = Debug|Any CPU
		{9D5CA0AC-C262-41BA-995C-0A4A5F7EB7B2}.Debug|x86.ActiveCfg = Debug|Any CPU
		{9D5CA0AC-C262-41BA-995C-0A4A5F7EB7B2}.Debug|x86.Build.0 = Debug|Any CPU
		{9D5CA0AC-C262-41BA-995C-0A4A5F7EB7B2}.Release|Any CPU.ActiveCfg = Release|Any CPU
		{9D5CA0AC-C262-41BA-995C-0A4A5F7EB7B2}.Release|Any CPU.Build.0 = Release|Any CPU
		{9D5CA0AC-C262-41BA-995C-0A4A5F7EB7B2}.Release|ARM.ActiveCfg = Release|Any CPU
		{9D5CA0AC-C262-41BA-995C-0A4A5F7EB7B2}.Release|ARM.Build.0 = Release|Any CPU
		{9D5CA0AC-C262-41BA-995C-0A4A5F7EB7B2}.Release|ARM64.ActiveCfg = Release|Any CPU
		{9D5CA0AC-C262-41BA-995C-0A4A5F7EB7B2}.Release|ARM64.Build.0 = Release|Any CPU
		{9D5CA0AC-C262-41BA-995C-0A4A5F7EB7B2}.Release|x64.ActiveCfg = Release|Any CPU
		{9D5CA0AC-C262-41BA-995C-0A4A5F7EB7B2}.Release|x64.Build.0 = Release|Any CPU
		{9D5CA0AC-C262-41BA-995C-0A4A5F7EB7B2}.Release|x86.ActiveCfg = Release|Any CPU
		{9D5CA0AC-C262-41BA-995C-0A4A5F7EB7B2}.Release|x86.Build.0 = Release|Any CPU
	EndGlobalSection
	GlobalSection(SolutionProperties) = preSolution
		HideSolutionNode = FALSE
	EndGlobalSection
	GlobalSection(NestedProjects) = preSolution
		{9D5CA0AC-C262-41BA-995C-0A4A5F7EB7B2} = {2027C16E-05F0-4886-B9C3-6010C1C4490C}
	EndGlobalSection
	GlobalSection(ExtensibilityGlobals) = postSolution
		SolutionGuid = {ABB2D64E-116C-4725-B2D5-133AD8C966E9}
	EndGlobalSection
EndGlobal
