
Microsoft Visual Studio Solution File, Format Version 12.00
# Visual Studio 14
VisualStudioVersion = 14.0.23107.0
MinimumVisualStudioVersion = 10.0.40219.1
Project("{2150E333-8FDC-42A3-9474-1A3956D46DE8}") = "Templates (Project)", "Templates (Project)", "{E9D12E06-A958-4FD7-A2BE-CE590A1FDFDB}"
EndProject
Project("{2150E333-8FDC-42A3-9474-1A3956D46DE8}") = "Services", "Services", "{C32F45A8-693A-4034-945E-F6F0023066AC}"
EndProject
Project("{2150E333-8FDC-42A3-9474-1A3956D46DE8}") = "InProcess", "InProcess", "{9F6767EB-093E-4FC1-8BFB-8608E26BECCA}"
EndProject
Project("{2150E333-8FDC-42A3-9474-1A3956D46DE8}") = "Ready", "Ready", "{D859CCC0-20A1-433D-921E-D63A40330DD6}"
EndProject
Project("{2150E333-8FDC-42A3-9474-1A3956D46DE8}") = "InProcess", "InProcess", "{32503EB4-0B9C-4D13-A78D-E3F65ED1B672}"
EndProject
Project("{2150E333-8FDC-42A3-9474-1A3956D46DE8}") = "Ready", "Ready", "{B3E4E919-E7CA-4943-AEFC-53A191BD991A}"
EndProject
Project("{FAE04EC0-301F-11D3-BF4B-00C04F79EFBC}") = "Template10Library", "Template10Library\Template10Library.csproj", "{AC3E4F10-6615-4E16-BB0F-104760C92B95}"
EndProject
Project("{FAE04EC0-301F-11D3-BF4B-00C04F79EFBC}") = "Minimal", "Templates (Project)\Minimal\Minimal.csproj", "{9A82F6E0-3AC8-440C-AA37-714920D8FB85}"
EndProject
Project("{FAE04EC0-301F-11D3-BF4B-00C04F79EFBC}") = "Blank", "Templates (Project)\Blank\Blank.csproj", "{AF358EF5-8E5F-495D-B9E4-7FF123089AAA}"
EndProject
Project("{FAE04EC0-301F-11D3-BF4B-00C04F79EFBC}") = "Sample", "Templates (Project)\Sample\Sample.csproj", "{CAEBB2DD-8B38-4152-B259-0CA3B01AC64C}"
EndProject
Project("{FAE04EC0-301F-11D3-BF4B-00C04F79EFBC}") = "Template10.Services", "Services\Template10.Services\Template10.Services.csproj", "{8C139B94-9B85-4CE6-ADCD-7E9365F45263}"
EndProject
Project("{FAE04EC0-301F-11D3-BF4B-00C04F79EFBC}") = "SecondaryTileActivation", "Templates (Project)\SecondaryTileActivation\SecondaryTileActivation.csproj", "{0B1C4D08-F361-472B-8260-A1122872B3AC}"
EndProject
Global
	GlobalSection(SolutionConfigurationPlatforms) = preSolution
		Debug|Any CPU = Debug|Any CPU
		Debug|ARM = Debug|ARM
		Debug|x64 = Debug|x64
		Debug|x86 = Debug|x86
		Release|Any CPU = Release|Any CPU
		Release|ARM = Release|ARM
		Release|x64 = Release|x64
		Release|x86 = Release|x86
	EndGlobalSection
	GlobalSection(ProjectConfigurationPlatforms) = postSolution
		{AC3E4F10-6615-4E16-BB0F-104760C92B95}.Debug|Any CPU.ActiveCfg = Debug|Any CPU
		{AC3E4F10-6615-4E16-BB0F-104760C92B95}.Debug|Any CPU.Build.0 = Debug|Any CPU
		{AC3E4F10-6615-4E16-BB0F-104760C92B95}.Debug|ARM.ActiveCfg = Debug|ARM
		{AC3E4F10-6615-4E16-BB0F-104760C92B95}.Debug|ARM.Build.0 = Debug|ARM
		{AC3E4F10-6615-4E16-BB0F-104760C92B95}.Debug|x64.ActiveCfg = Debug|x64
		{AC3E4F10-6615-4E16-BB0F-104760C92B95}.Debug|x64.Build.0 = Debug|x64
		{AC3E4F10-6615-4E16-BB0F-104760C92B95}.Debug|x86.ActiveCfg = Debug|x86
		{AC3E4F10-6615-4E16-BB0F-104760C92B95}.Debug|x86.Build.0 = Debug|x86
		{AC3E4F10-6615-4E16-BB0F-104760C92B95}.Release|Any CPU.ActiveCfg = Release|Any CPU
		{AC3E4F10-6615-4E16-BB0F-104760C92B95}.Release|Any CPU.Build.0 = Release|Any CPU
		{AC3E4F10-6615-4E16-BB0F-104760C92B95}.Release|ARM.ActiveCfg = Release|ARM
		{AC3E4F10-6615-4E16-BB0F-104760C92B95}.Release|ARM.Build.0 = Release|ARM
		{AC3E4F10-6615-4E16-BB0F-104760C92B95}.Release|x64.ActiveCfg = Release|x64
		{AC3E4F10-6615-4E16-BB0F-104760C92B95}.Release|x64.Build.0 = Release|x64
		{AC3E4F10-6615-4E16-BB0F-104760C92B95}.Release|x86.ActiveCfg = Release|x86
		{AC3E4F10-6615-4E16-BB0F-104760C92B95}.Release|x86.Build.0 = Release|x86
		{9A82F6E0-3AC8-440C-AA37-714920D8FB85}.Debug|Any CPU.ActiveCfg = Debug|x86
		{9A82F6E0-3AC8-440C-AA37-714920D8FB85}.Debug|ARM.ActiveCfg = Debug|ARM
		{9A82F6E0-3AC8-440C-AA37-714920D8FB85}.Debug|ARM.Build.0 = Debug|ARM
		{9A82F6E0-3AC8-440C-AA37-714920D8FB85}.Debug|ARM.Deploy.0 = Debug|ARM
		{9A82F6E0-3AC8-440C-AA37-714920D8FB85}.Debug|x64.ActiveCfg = Debug|x64
		{9A82F6E0-3AC8-440C-AA37-714920D8FB85}.Debug|x64.Build.0 = Debug|x64
		{9A82F6E0-3AC8-440C-AA37-714920D8FB85}.Debug|x64.Deploy.0 = Debug|x64
		{9A82F6E0-3AC8-440C-AA37-714920D8FB85}.Debug|x86.ActiveCfg = Debug|x86
		{9A82F6E0-3AC8-440C-AA37-714920D8FB85}.Debug|x86.Build.0 = Debug|x86
		{9A82F6E0-3AC8-440C-AA37-714920D8FB85}.Debug|x86.Deploy.0 = Debug|x86
		{9A82F6E0-3AC8-440C-AA37-714920D8FB85}.Release|Any CPU.ActiveCfg = Release|x86
		{9A82F6E0-3AC8-440C-AA37-714920D8FB85}.Release|ARM.ActiveCfg = Release|ARM
		{9A82F6E0-3AC8-440C-AA37-714920D8FB85}.Release|ARM.Build.0 = Release|ARM
		{9A82F6E0-3AC8-440C-AA37-714920D8FB85}.Release|ARM.Deploy.0 = Release|ARM
		{9A82F6E0-3AC8-440C-AA37-714920D8FB85}.Release|x64.ActiveCfg = Release|x64
		{9A82F6E0-3AC8-440C-AA37-714920D8FB85}.Release|x64.Build.0 = Release|x64
		{9A82F6E0-3AC8-440C-AA37-714920D8FB85}.Release|x64.Deploy.0 = Release|x64
		{9A82F6E0-3AC8-440C-AA37-714920D8FB85}.Release|x86.ActiveCfg = Release|x86
		{9A82F6E0-3AC8-440C-AA37-714920D8FB85}.Release|x86.Build.0 = Release|x86
		{9A82F6E0-3AC8-440C-AA37-714920D8FB85}.Release|x86.Deploy.0 = Release|x86
		{AF358EF5-8E5F-495D-B9E4-7FF123089AAA}.Debug|Any CPU.ActiveCfg = Debug|x86
		{AF358EF5-8E5F-495D-B9E4-7FF123089AAA}.Debug|ARM.ActiveCfg = Debug|ARM
		{AF358EF5-8E5F-495D-B9E4-7FF123089AAA}.Debug|ARM.Build.0 = Debug|ARM
		{AF358EF5-8E5F-495D-B9E4-7FF123089AAA}.Debug|ARM.Deploy.0 = Debug|ARM
		{AF358EF5-8E5F-495D-B9E4-7FF123089AAA}.Debug|x64.ActiveCfg = Debug|x64
		{AF358EF5-8E5F-495D-B9E4-7FF123089AAA}.Debug|x64.Build.0 = Debug|x64
		{AF358EF5-8E5F-495D-B9E4-7FF123089AAA}.Debug|x64.Deploy.0 = Debug|x64
		{AF358EF5-8E5F-495D-B9E4-7FF123089AAA}.Debug|x86.ActiveCfg = Debug|x86
		{AF358EF5-8E5F-495D-B9E4-7FF123089AAA}.Debug|x86.Build.0 = Debug|x86
		{AF358EF5-8E5F-495D-B9E4-7FF123089AAA}.Debug|x86.Deploy.0 = Debug|x86
		{AF358EF5-8E5F-495D-B9E4-7FF123089AAA}.Release|Any CPU.ActiveCfg = Release|x86
		{AF358EF5-8E5F-495D-B9E4-7FF123089AAA}.Release|ARM.ActiveCfg = Release|ARM
		{AF358EF5-8E5F-495D-B9E4-7FF123089AAA}.Release|ARM.Build.0 = Release|ARM
		{AF358EF5-8E5F-495D-B9E4-7FF123089AAA}.Release|ARM.Deploy.0 = Release|ARM
		{AF358EF5-8E5F-495D-B9E4-7FF123089AAA}.Release|x64.ActiveCfg = Release|x64
		{AF358EF5-8E5F-495D-B9E4-7FF123089AAA}.Release|x64.Build.0 = Release|x64
		{AF358EF5-8E5F-495D-B9E4-7FF123089AAA}.Release|x64.Deploy.0 = Release|x64
		{AF358EF5-8E5F-495D-B9E4-7FF123089AAA}.Release|x86.ActiveCfg = Release|x86
		{AF358EF5-8E5F-495D-B9E4-7FF123089AAA}.Release|x86.Build.0 = Release|x86
		{AF358EF5-8E5F-495D-B9E4-7FF123089AAA}.Release|x86.Deploy.0 = Release|x86
		{CAEBB2DD-8B38-4152-B259-0CA3B01AC64C}.Debug|Any CPU.ActiveCfg = Debug|x86
		{CAEBB2DD-8B38-4152-B259-0CA3B01AC64C}.Debug|ARM.ActiveCfg = Debug|ARM
		{CAEBB2DD-8B38-4152-B259-0CA3B01AC64C}.Debug|ARM.Build.0 = Debug|ARM
		{CAEBB2DD-8B38-4152-B259-0CA3B01AC64C}.Debug|ARM.Deploy.0 = Debug|ARM
		{CAEBB2DD-8B38-4152-B259-0CA3B01AC64C}.Debug|x64.ActiveCfg = Debug|x64
		{CAEBB2DD-8B38-4152-B259-0CA3B01AC64C}.Debug|x64.Build.0 = Debug|x64
		{CAEBB2DD-8B38-4152-B259-0CA3B01AC64C}.Debug|x64.Deploy.0 = Debug|x64
		{CAEBB2DD-8B38-4152-B259-0CA3B01AC64C}.Debug|x86.ActiveCfg = Debug|x86
		{CAEBB2DD-8B38-4152-B259-0CA3B01AC64C}.Debug|x86.Build.0 = Debug|x86
		{CAEBB2DD-8B38-4152-B259-0CA3B01AC64C}.Debug|x86.Deploy.0 = Debug|x86
		{CAEBB2DD-8B38-4152-B259-0CA3B01AC64C}.Release|Any CPU.ActiveCfg = Release|x86
		{CAEBB2DD-8B38-4152-B259-0CA3B01AC64C}.Release|ARM.ActiveCfg = Release|ARM
		{CAEBB2DD-8B38-4152-B259-0CA3B01AC64C}.Release|ARM.Build.0 = Release|ARM
		{CAEBB2DD-8B38-4152-B259-0CA3B01AC64C}.Release|ARM.Deploy.0 = Release|ARM
		{CAEBB2DD-8B38-4152-B259-0CA3B01AC64C}.Release|x64.ActiveCfg = Release|x64
		{CAEBB2DD-8B38-4152-B259-0CA3B01AC64C}.Release|x64.Build.0 = Release|x64
		{CAEBB2DD-8B38-4152-B259-0CA3B01AC64C}.Release|x64.Deploy.0 = Release|x64
		{CAEBB2DD-8B38-4152-B259-0CA3B01AC64C}.Release|x86.ActiveCfg = Release|x86
		{CAEBB2DD-8B38-4152-B259-0CA3B01AC64C}.Release|x86.Build.0 = Release|x86
		{CAEBB2DD-8B38-4152-B259-0CA3B01AC64C}.Release|x86.Deploy.0 = Release|x86
		{8C139B94-9B85-4CE6-ADCD-7E9365F45263}.Debug|Any CPU.ActiveCfg = Debug|Any CPU
		{8C139B94-9B85-4CE6-ADCD-7E9365F45263}.Debug|Any CPU.Build.0 = Debug|Any CPU
		{8C139B94-9B85-4CE6-ADCD-7E9365F45263}.Debug|ARM.ActiveCfg = Debug|ARM
		{8C139B94-9B85-4CE6-ADCD-7E9365F45263}.Debug|ARM.Build.0 = Debug|ARM
		{8C139B94-9B85-4CE6-ADCD-7E9365F45263}.Debug|x64.ActiveCfg = Debug|x64
		{8C139B94-9B85-4CE6-ADCD-7E9365F45263}.Debug|x64.Build.0 = Debug|x64
		{8C139B94-9B85-4CE6-ADCD-7E9365F45263}.Debug|x86.ActiveCfg = Debug|x86
		{8C139B94-9B85-4CE6-ADCD-7E9365F45263}.Debug|x86.Build.0 = Debug|x86
		{8C139B94-9B85-4CE6-ADCD-7E9365F45263}.Release|Any CPU.ActiveCfg = Release|Any CPU
		{8C139B94-9B85-4CE6-ADCD-7E9365F45263}.Release|Any CPU.Build.0 = Release|Any CPU
		{8C139B94-9B85-4CE6-ADCD-7E9365F45263}.Release|ARM.ActiveCfg = Release|ARM
		{8C139B94-9B85-4CE6-ADCD-7E9365F45263}.Release|ARM.Build.0 = Release|ARM
		{8C139B94-9B85-4CE6-ADCD-7E9365F45263}.Release|x64.ActiveCfg = Release|x64
		{8C139B94-9B85-4CE6-ADCD-7E9365F45263}.Release|x64.Build.0 = Release|x64
		{8C139B94-9B85-4CE6-ADCD-7E9365F45263}.Release|x86.ActiveCfg = Release|x86
		{8C139B94-9B85-4CE6-ADCD-7E9365F45263}.Release|x86.Build.0 = Release|x86
		{0B1C4D08-F361-472B-8260-A1122872B3AC}.Debug|Any CPU.ActiveCfg = Debug|x86
		{0B1C4D08-F361-472B-8260-A1122872B3AC}.Debug|ARM.ActiveCfg = Debug|ARM
		{0B1C4D08-F361-472B-8260-A1122872B3AC}.Debug|ARM.Build.0 = Debug|ARM
		{0B1C4D08-F361-472B-8260-A1122872B3AC}.Debug|ARM.Deploy.0 = Debug|ARM
		{0B1C4D08-F361-472B-8260-A1122872B3AC}.Debug|x64.ActiveCfg = Debug|x64
		{0B1C4D08-F361-472B-8260-A1122872B3AC}.Debug|x64.Build.0 = Debug|x64
		{0B1C4D08-F361-472B-8260-A1122872B3AC}.Debug|x64.Deploy.0 = Debug|x64
		{0B1C4D08-F361-472B-8260-A1122872B3AC}.Debug|x86.ActiveCfg = Debug|x86
		{0B1C4D08-F361-472B-8260-A1122872B3AC}.Debug|x86.Build.0 = Debug|x86
		{0B1C4D08-F361-472B-8260-A1122872B3AC}.Debug|x86.Deploy.0 = Debug|x86
		{0B1C4D08-F361-472B-8260-A1122872B3AC}.Release|Any CPU.ActiveCfg = Release|x86
		{0B1C4D08-F361-472B-8260-A1122872B3AC}.Release|ARM.ActiveCfg = Release|ARM
		{0B1C4D08-F361-472B-8260-A1122872B3AC}.Release|ARM.Build.0 = Release|ARM
		{0B1C4D08-F361-472B-8260-A1122872B3AC}.Release|ARM.Deploy.0 = Release|ARM
		{0B1C4D08-F361-472B-8260-A1122872B3AC}.Release|x64.ActiveCfg = Release|x64
		{0B1C4D08-F361-472B-8260-A1122872B3AC}.Release|x64.Build.0 = Release|x64
		{0B1C4D08-F361-472B-8260-A1122872B3AC}.Release|x64.Deploy.0 = Release|x64
		{0B1C4D08-F361-472B-8260-A1122872B3AC}.Release|x86.ActiveCfg = Release|x86
		{0B1C4D08-F361-472B-8260-A1122872B3AC}.Release|x86.Build.0 = Release|x86
		{0B1C4D08-F361-472B-8260-A1122872B3AC}.Release|x86.Deploy.0 = Release|x86
	EndGlobalSection
	GlobalSection(SolutionProperties) = preSolution
		HideSolutionNode = FALSE
	EndGlobalSection
	GlobalSection(NestedProjects) = preSolution
		{9F6767EB-093E-4FC1-8BFB-8608E26BECCA} = {C32F45A8-693A-4034-945E-F6F0023066AC}
		{D859CCC0-20A1-433D-921E-D63A40330DD6} = {C32F45A8-693A-4034-945E-F6F0023066AC}
		{32503EB4-0B9C-4D13-A78D-E3F65ED1B672} = {E9D12E06-A958-4FD7-A2BE-CE590A1FDFDB}
		{B3E4E919-E7CA-4943-AEFC-53A191BD991A} = {E9D12E06-A958-4FD7-A2BE-CE590A1FDFDB}
		{9A82F6E0-3AC8-440C-AA37-714920D8FB85} = {B3E4E919-E7CA-4943-AEFC-53A191BD991A}
		{AF358EF5-8E5F-495D-B9E4-7FF123089AAA} = {B3E4E919-E7CA-4943-AEFC-53A191BD991A}
		{CAEBB2DD-8B38-4152-B259-0CA3B01AC64C} = {32503EB4-0B9C-4D13-A78D-E3F65ED1B672}
		{8C139B94-9B85-4CE6-ADCD-7E9365F45263} = {9F6767EB-093E-4FC1-8BFB-8608E26BECCA}
		{0B1C4D08-F361-472B-8260-A1122872B3AC} = {32503EB4-0B9C-4D13-A78D-E3F65ED1B672}
	EndGlobalSection
EndGlobal
