
Microsoft Visual Studio Solution File, Format Version 12.00
# Visual Studio Version 16
VisualStudioVersion = 16.0.29020.237
MinimumVisualStudioVersion = 10.0.40219.1
Project("{FAE04EC0-301F-11D3-BF4B-00C04F79EFBC}") = "Sample.Prism.Windows.Template10 (16299)", "Samples\Sample Project (16299)\Sample.Prism.Windows.Template10 (16299).csproj", "{4E7407B1-5A1D-4552-BCBE-32B429FC4BCA}"
EndProject
Project("{FAE04EC0-301F-11D3-BF4B-00C04F79EFBC}") = "Sample.Prism.Windows.Simple", "Samples\Sample.Prism.Windows.Simple\Sample.Prism.Windows.Simple.csproj", "{31F58AE8-CEED-4C10-9566-38CDAE9DA082}"
EndProject
Project("{FAE04EC0-301F-11D3-BF4B-00C04F79EFBC}") = "Template10.SampleData", "Samples\SampleData\Template10.SampleData.csproj", "{B8442C8A-B688-48D2-8BA7-325A675CC611}"
EndProject
Project("{9A19103F-16F7-4668-BE54-9A1E7A4F7556}") = "Template10.Controls.NavViewEx", "Source\Template10.Controls.NavViewEx\Template10.Controls.NavViewEx.csproj", "{264F8E6E-DF63-44C9-8CF3-0774370AB147}"
EndProject
Project("{9A19103F-16F7-4668-BE54-9A1E7A4F7556}") = "Template10.Behaviors", "Source\Template10.Behaviors\Template10.Behaviors.csproj", "{5F2D8407-51C2-401F-B000-0F12670711A5}"
EndProject
Project("{9A19103F-16F7-4668-BE54-9A1E7A4F7556}") = "Template10.Converters", "Source\Template10.Converters\Template10.Converters.csproj", "{503D3364-ED27-445F-AE7B-FBDB9D882F1F}"
EndProject
Project("{9A19103F-16F7-4668-BE54-9A1E7A4F7556}") = "Template10.Controls.Resizer", "Source\Template10.Controls.Resizer\Template10.Controls.Resizer.csproj", "{DA9FD056-DBDB-4D0E-9F9A-7AB9F3CBCB50}"
EndProject
Project("{9A19103F-16F7-4668-BE54-9A1E7A4F7556}") = "Template10.Extras", "Source\Template10.Extras\Template10.Extras.csproj", "{F30C9651-5DF9-4441-9176-876347755C22}"
EndProject
Project("{9A19103F-16F7-4668-BE54-9A1E7A4F7556}") = "Prism.Windows", "Source\Prism.Windows\Prism.Windows.csproj", "{30B4BAFE-9D32-4134-9BEE-C8E931F3463A}"
EndProject
Project("{FAE04EC0-301F-11D3-BF4B-00C04F79EFBC}") = "Template10.Core", "Source\Template10.Core\Template10.Core.csproj", "{C246358B-68AE-4CC3-AE50-A2A5CB14CDCA}"
EndProject
Project("{9A19103F-16F7-4668-BE54-9A1E7A4F7556}") = "Prism.Unity.Windows", "Source\Prism.Unity.Windows\Prism.Unity.Windows.csproj", "{23AF26B6-0BC8-4845-8483-D81A5C03A694}"
EndProject
Project("{FAE04EC0-301F-11D3-BF4B-00C04F79EFBC}") = "Template10.Core.Default", "Source\Template10.Core.Default\Template10.Core.Default.csproj", "{B78F70DE-00F1-4F16-9C65-9E96609E0D7E}"
EndProject
Project("{FAE04EC0-301F-11D3-BF4B-00C04F79EFBC}") = "Sample.Template10.Blank", "Samples\Sample.Template10.Blank\Sample.Template10.Blank.csproj", "{BAA0FB40-0650-4D90-97F7-0F3CE89AA079}"
EndProject
Project("{2150E333-8FDC-42A3-9474-1A3956D46DE8}") = "Prism", "Prism", "{2D08EC5F-4F8C-4B6A-84D6-D9E978AC6121}"
EndProject
Project("{2150E333-8FDC-42A3-9474-1A3956D46DE8}") = "Other", "Other", "{07F4EBAA-FFD9-414F-9C6C-C6424B1EE297}"
EndProject
Project("{FAE04EC0-301F-11D3-BF4B-00C04F79EFBC}") = "Sample.Template10.Behaviors", "Samples\Sample.Template10.Behaviors\Sample.Template10.Behaviors.csproj", "{B242ADCF-5448-470C-BE71-0BA867F30122}"
EndProject
Project("{2150E333-8FDC-42A3-9474-1A3956D46DE8}") = "Samples", "Samples", "{3719FD20-6E88-4467-88C3-8474EEEC5590}"
EndProject
Global
	GlobalSection(SolutionConfigurationPlatforms) = preSolution
		Debug|Any CPU = Debug|Any CPU
		Debug|ARM = Debug|ARM
		Debug|ARM64 = Debug|ARM64
		Debug|x64 = Debug|x64
		Debug|x86 = Debug|x86
		Release|Any CPU = Release|Any CPU
		Release|ARM = Release|ARM
		Release|ARM64 = Release|ARM64
		Release|x64 = Release|x64
		Release|x86 = Release|x86
	EndGlobalSection
	GlobalSection(ProjectConfigurationPlatforms) = postSolution
		{4E7407B1-5A1D-4552-BCBE-32B429FC4BCA}.Debug|Any CPU.ActiveCfg = Debug|x86
		{4E7407B1-5A1D-4552-BCBE-32B429FC4BCA}.Debug|ARM.ActiveCfg = Debug|ARM
		{4E7407B1-5A1D-4552-BCBE-32B429FC4BCA}.Debug|ARM.Build.0 = Debug|ARM
		{4E7407B1-5A1D-4552-BCBE-32B429FC4BCA}.Debug|ARM.Deploy.0 = Debug|ARM
		{4E7407B1-5A1D-4552-BCBE-32B429FC4BCA}.Debug|ARM64.ActiveCfg = Debug|x86
		{4E7407B1-5A1D-4552-BCBE-32B429FC4BCA}.Debug|x64.ActiveCfg = Debug|x64
		{4E7407B1-5A1D-4552-BCBE-32B429FC4BCA}.Debug|x64.Build.0 = Debug|x64
		{4E7407B1-5A1D-4552-BCBE-32B429FC4BCA}.Debug|x64.Deploy.0 = Debug|x64
		{4E7407B1-5A1D-4552-BCBE-32B429FC4BCA}.Debug|x86.ActiveCfg = Debug|x86
		{4E7407B1-5A1D-4552-BCBE-32B429FC4BCA}.Debug|x86.Build.0 = Debug|x86
		{4E7407B1-5A1D-4552-BCBE-32B429FC4BCA}.Debug|x86.Deploy.0 = Debug|x86
		{4E7407B1-5A1D-4552-BCBE-32B429FC4BCA}.Release|Any CPU.ActiveCfg = Release|x86
		{4E7407B1-5A1D-4552-BCBE-32B429FC4BCA}.Release|ARM.ActiveCfg = Release|ARM
		{4E7407B1-5A1D-4552-BCBE-32B429FC4BCA}.Release|ARM.Build.0 = Release|ARM
		{4E7407B1-5A1D-4552-BCBE-32B429FC4BCA}.Release|ARM.Deploy.0 = Release|ARM
		{4E7407B1-5A1D-4552-BCBE-32B429FC4BCA}.Release|ARM64.ActiveCfg = Release|x86
		{4E7407B1-5A1D-4552-BCBE-32B429FC4BCA}.Release|x64.ActiveCfg = Release|x64
		{4E7407B1-5A1D-4552-BCBE-32B429FC4BCA}.Release|x64.Build.0 = Release|x64
		{4E7407B1-5A1D-4552-BCBE-32B429FC4BCA}.Release|x64.Deploy.0 = Release|x64
		{4E7407B1-5A1D-4552-BCBE-32B429FC4BCA}.Release|x86.ActiveCfg = Release|x86
		{4E7407B1-5A1D-4552-BCBE-32B429FC4BCA}.Release|x86.Build.0 = Release|x86
		{4E7407B1-5A1D-4552-BCBE-32B429FC4BCA}.Release|x86.Deploy.0 = Release|x86
		{31F58AE8-CEED-4C10-9566-38CDAE9DA082}.Debug|Any CPU.ActiveCfg = Debug|x86
		{31F58AE8-CEED-4C10-9566-38CDAE9DA082}.Debug|ARM.ActiveCfg = Debug|ARM
		{31F58AE8-CEED-4C10-9566-38CDAE9DA082}.Debug|ARM.Build.0 = Debug|ARM
		{31F58AE8-CEED-4C10-9566-38CDAE9DA082}.Debug|ARM.Deploy.0 = Debug|ARM
		{31F58AE8-CEED-4C10-9566-38CDAE9DA082}.Debug|ARM64.ActiveCfg = Debug|x86
		{31F58AE8-CEED-4C10-9566-38CDAE9DA082}.Debug|x64.ActiveCfg = Debug|x64
		{31F58AE8-CEED-4C10-9566-38CDAE9DA082}.Debug|x64.Build.0 = Debug|x64
		{31F58AE8-CEED-4C10-9566-38CDAE9DA082}.Debug|x64.Deploy.0 = Debug|x64
		{31F58AE8-CEED-4C10-9566-38CDAE9DA082}.Debug|x86.ActiveCfg = Debug|x86
		{31F58AE8-CEED-4C10-9566-38CDAE9DA082}.Debug|x86.Build.0 = Debug|x86
		{31F58AE8-CEED-4C10-9566-38CDAE9DA082}.Debug|x86.Deploy.0 = Debug|x86
		{31F58AE8-CEED-4C10-9566-38CDAE9DA082}.Release|Any CPU.ActiveCfg = Release|x86
		{31F58AE8-CEED-4C10-9566-38CDAE9DA082}.Release|ARM.ActiveCfg = Release|ARM
		{31F58AE8-CEED-4C10-9566-38CDAE9DA082}.Release|ARM.Build.0 = Release|ARM
		{31F58AE8-CEED-4C10-9566-38CDAE9DA082}.Release|ARM.Deploy.0 = Release|ARM
		{31F58AE8-CEED-4C10-9566-38CDAE9DA082}.Release|ARM64.ActiveCfg = Release|x86
		{31F58AE8-CEED-4C10-9566-38CDAE9DA082}.Release|x64.ActiveCfg = Release|x64
		{31F58AE8-CEED-4C10-9566-38CDAE9DA082}.Release|x64.Build.0 = Release|x64
		{31F58AE8-CEED-4C10-9566-38CDAE9DA082}.Release|x64.Deploy.0 = Release|x64
		{31F58AE8-CEED-4C10-9566-38CDAE9DA082}.Release|x86.ActiveCfg = Release|x86
		{31F58AE8-CEED-4C10-9566-38CDAE9DA082}.Release|x86.Build.0 = Release|x86
		{31F58AE8-CEED-4C10-9566-38CDAE9DA082}.Release|x86.Deploy.0 = Release|x86
		{B8442C8A-B688-48D2-8BA7-325A675CC611}.Debug|Any CPU.ActiveCfg = Debug|Any CPU
		{B8442C8A-B688-48D2-8BA7-325A675CC611}.Debug|Any CPU.Build.0 = Debug|Any CPU
		{B8442C8A-B688-48D2-8BA7-325A675CC611}.Debug|ARM.ActiveCfg = Debug|ARM
		{B8442C8A-B688-48D2-8BA7-325A675CC611}.Debug|ARM.Build.0 = Debug|ARM
		{B8442C8A-B688-48D2-8BA7-325A675CC611}.Debug|ARM64.ActiveCfg = Debug|Any CPU
		{B8442C8A-B688-48D2-8BA7-325A675CC611}.Debug|x64.ActiveCfg = Debug|x64
		{B8442C8A-B688-48D2-8BA7-325A675CC611}.Debug|x64.Build.0 = Debug|x64
		{B8442C8A-B688-48D2-8BA7-325A675CC611}.Debug|x86.ActiveCfg = Debug|x86
		{B8442C8A-B688-48D2-8BA7-325A675CC611}.Debug|x86.Build.0 = Debug|x86
		{B8442C8A-B688-48D2-8BA7-325A675CC611}.Release|Any CPU.ActiveCfg = Release|Any CPU
		{B8442C8A-B688-48D2-8BA7-325A675CC611}.Release|Any CPU.Build.0 = Release|Any CPU
		{B8442C8A-B688-48D2-8BA7-325A675CC611}.Release|ARM.ActiveCfg = Release|ARM
		{B8442C8A-B688-48D2-8BA7-325A675CC611}.Release|ARM.Build.0 = Release|ARM
		{B8442C8A-B688-48D2-8BA7-325A675CC611}.Release|ARM64.ActiveCfg = Release|Any CPU
		{B8442C8A-B688-48D2-8BA7-325A675CC611}.Release|x64.ActiveCfg = Release|x64
		{B8442C8A-B688-48D2-8BA7-325A675CC611}.Release|x64.Build.0 = Release|x64
		{B8442C8A-B688-48D2-8BA7-325A675CC611}.Release|x86.ActiveCfg = Release|x86
		{B8442C8A-B688-48D2-8BA7-325A675CC611}.Release|x86.Build.0 = Release|x86
		{264F8E6E-DF63-44C9-8CF3-0774370AB147}.Debug|Any CPU.ActiveCfg = Debug|Any CPU
		{264F8E6E-DF63-44C9-8CF3-0774370AB147}.Debug|Any CPU.Build.0 = Debug|Any CPU
		{264F8E6E-DF63-44C9-8CF3-0774370AB147}.Debug|ARM.ActiveCfg = Debug|Any CPU
		{264F8E6E-DF63-44C9-8CF3-0774370AB147}.Debug|ARM.Build.0 = Debug|Any CPU
		{264F8E6E-DF63-44C9-8CF3-0774370AB147}.Debug|ARM64.ActiveCfg = Debug|Any CPU
		{264F8E6E-DF63-44C9-8CF3-0774370AB147}.Debug|x64.ActiveCfg = Debug|Any CPU
		{264F8E6E-DF63-44C9-8CF3-0774370AB147}.Debug|x64.Build.0 = Debug|Any CPU
		{264F8E6E-DF63-44C9-8CF3-0774370AB147}.Debug|x86.ActiveCfg = Debug|Any CPU
		{264F8E6E-DF63-44C9-8CF3-0774370AB147}.Debug|x86.Build.0 = Debug|Any CPU
		{264F8E6E-DF63-44C9-8CF3-0774370AB147}.Release|Any CPU.ActiveCfg = Release|Any CPU
		{264F8E6E-DF63-44C9-8CF3-0774370AB147}.Release|Any CPU.Build.0 = Release|Any CPU
		{264F8E6E-DF63-44C9-8CF3-0774370AB147}.Release|ARM.ActiveCfg = Release|Any CPU
		{264F8E6E-DF63-44C9-8CF3-0774370AB147}.Release|ARM.Build.0 = Release|Any CPU
		{264F8E6E-DF63-44C9-8CF3-0774370AB147}.Release|ARM64.ActiveCfg = Release|Any CPU
		{264F8E6E-DF63-44C9-8CF3-0774370AB147}.Release|x64.ActiveCfg = Release|Any CPU
		{264F8E6E-DF63-44C9-8CF3-0774370AB147}.Release|x64.Build.0 = Release|Any CPU
		{264F8E6E-DF63-44C9-8CF3-0774370AB147}.Release|x86.ActiveCfg = Release|Any CPU
		{264F8E6E-DF63-44C9-8CF3-0774370AB147}.Release|x86.Build.0 = Release|Any CPU
		{5F2D8407-51C2-401F-B000-0F12670711A5}.Debug|Any CPU.ActiveCfg = Debug|Any CPU
		{5F2D8407-51C2-401F-B000-0F12670711A5}.Debug|Any CPU.Build.0 = Debug|Any CPU
		{5F2D8407-51C2-401F-B000-0F12670711A5}.Debug|ARM.ActiveCfg = Debug|Any CPU
		{5F2D8407-51C2-401F-B000-0F12670711A5}.Debug|ARM.Build.0 = Debug|Any CPU
		{5F2D8407-51C2-401F-B000-0F12670711A5}.Debug|ARM64.ActiveCfg = Debug|Any CPU
		{5F2D8407-51C2-401F-B000-0F12670711A5}.Debug|x64.ActiveCfg = Debug|Any CPU
		{5F2D8407-51C2-401F-B000-0F12670711A5}.Debug|x64.Build.0 = Debug|Any CPU
		{5F2D8407-51C2-401F-B000-0F12670711A5}.Debug|x86.ActiveCfg = Debug|Any CPU
		{5F2D8407-51C2-401F-B000-0F12670711A5}.Debug|x86.Build.0 = Debug|Any CPU
		{5F2D8407-51C2-401F-B000-0F12670711A5}.Release|Any CPU.ActiveCfg = Release|Any CPU
		{5F2D8407-51C2-401F-B000-0F12670711A5}.Release|Any CPU.Build.0 = Release|Any CPU
		{5F2D8407-51C2-401F-B000-0F12670711A5}.Release|ARM.ActiveCfg = Release|Any CPU
		{5F2D8407-51C2-401F-B000-0F12670711A5}.Release|ARM.Build.0 = Release|Any CPU
		{5F2D8407-51C2-401F-B000-0F12670711A5}.Release|ARM64.ActiveCfg = Release|Any CPU
		{5F2D8407-51C2-401F-B000-0F12670711A5}.Release|x64.ActiveCfg = Release|Any CPU
		{5F2D8407-51C2-401F-B000-0F12670711A5}.Release|x64.Build.0 = Release|Any CPU
		{5F2D8407-51C2-401F-B000-0F12670711A5}.Release|x86.ActiveCfg = Release|Any CPU
		{5F2D8407-51C2-401F-B000-0F12670711A5}.Release|x86.Build.0 = Release|Any CPU
		{503D3364-ED27-445F-AE7B-FBDB9D882F1F}.Debug|Any CPU.ActiveCfg = Debug|Any CPU
		{503D3364-ED27-445F-AE7B-FBDB9D882F1F}.Debug|Any CPU.Build.0 = Debug|Any CPU
		{503D3364-ED27-445F-AE7B-FBDB9D882F1F}.Debug|ARM.ActiveCfg = Debug|Any CPU
		{503D3364-ED27-445F-AE7B-FBDB9D882F1F}.Debug|ARM.Build.0 = Debug|Any CPU
		{503D3364-ED27-445F-AE7B-FBDB9D882F1F}.Debug|ARM64.ActiveCfg = Debug|Any CPU
		{503D3364-ED27-445F-AE7B-FBDB9D882F1F}.Debug|x64.ActiveCfg = Debug|Any CPU
		{503D3364-ED27-445F-AE7B-FBDB9D882F1F}.Debug|x64.Build.0 = Debug|Any CPU
		{503D3364-ED27-445F-AE7B-FBDB9D882F1F}.Debug|x86.ActiveCfg = Debug|Any CPU
		{503D3364-ED27-445F-AE7B-FBDB9D882F1F}.Debug|x86.Build.0 = Debug|Any CPU
		{503D3364-ED27-445F-AE7B-FBDB9D882F1F}.Release|Any CPU.ActiveCfg = Release|Any CPU
		{503D3364-ED27-445F-AE7B-FBDB9D882F1F}.Release|Any CPU.Build.0 = Release|Any CPU
		{503D3364-ED27-445F-AE7B-FBDB9D882F1F}.Release|ARM.ActiveCfg = Release|Any CPU
		{503D3364-ED27-445F-AE7B-FBDB9D882F1F}.Release|ARM.Build.0 = Release|Any CPU
		{503D3364-ED27-445F-AE7B-FBDB9D882F1F}.Release|ARM64.ActiveCfg = Release|Any CPU
		{503D3364-ED27-445F-AE7B-FBDB9D882F1F}.Release|x64.ActiveCfg = Release|Any CPU
		{503D3364-ED27-445F-AE7B-FBDB9D882F1F}.Release|x64.Build.0 = Release|Any CPU
		{503D3364-ED27-445F-AE7B-FBDB9D882F1F}.Release|x86.ActiveCfg = Release|Any CPU
		{503D3364-ED27-445F-AE7B-FBDB9D882F1F}.Release|x86.Build.0 = Release|Any CPU
		{DA9FD056-DBDB-4D0E-9F9A-7AB9F3CBCB50}.Debug|Any CPU.ActiveCfg = Debug|Any CPU
		{DA9FD056-DBDB-4D0E-9F9A-7AB9F3CBCB50}.Debug|Any CPU.Build.0 = Debug|Any CPU
		{DA9FD056-DBDB-4D0E-9F9A-7AB9F3CBCB50}.Debug|ARM.ActiveCfg = Debug|Any CPU
		{DA9FD056-DBDB-4D0E-9F9A-7AB9F3CBCB50}.Debug|ARM.Build.0 = Debug|Any CPU
		{DA9FD056-DBDB-4D0E-9F9A-7AB9F3CBCB50}.Debug|ARM64.ActiveCfg = Debug|Any CPU
		{DA9FD056-DBDB-4D0E-9F9A-7AB9F3CBCB50}.Debug|x64.ActiveCfg = Debug|Any CPU
		{DA9FD056-DBDB-4D0E-9F9A-7AB9F3CBCB50}.Debug|x64.Build.0 = Debug|Any CPU
		{DA9FD056-DBDB-4D0E-9F9A-7AB9F3CBCB50}.Debug|x86.ActiveCfg = Debug|Any CPU
		{DA9FD056-DBDB-4D0E-9F9A-7AB9F3CBCB50}.Debug|x86.Build.0 = Debug|Any CPU
		{DA9FD056-DBDB-4D0E-9F9A-7AB9F3CBCB50}.Release|Any CPU.ActiveCfg = Release|Any CPU
		{DA9FD056-DBDB-4D0E-9F9A-7AB9F3CBCB50}.Release|Any CPU.Build.0 = Release|Any CPU
		{DA9FD056-DBDB-4D0E-9F9A-7AB9F3CBCB50}.Release|ARM.ActiveCfg = Release|Any CPU
		{DA9FD056-DBDB-4D0E-9F9A-7AB9F3CBCB50}.Release|ARM.Build.0 = Release|Any CPU
		{DA9FD056-DBDB-4D0E-9F9A-7AB9F3CBCB50}.Release|ARM64.ActiveCfg = Release|Any CPU
		{DA9FD056-DBDB-4D0E-9F9A-7AB9F3CBCB50}.Release|x64.ActiveCfg = Release|Any CPU
		{DA9FD056-DBDB-4D0E-9F9A-7AB9F3CBCB50}.Release|x64.Build.0 = Release|Any CPU
		{DA9FD056-DBDB-4D0E-9F9A-7AB9F3CBCB50}.Release|x86.ActiveCfg = Release|Any CPU
		{DA9FD056-DBDB-4D0E-9F9A-7AB9F3CBCB50}.Release|x86.Build.0 = Release|Any CPU
		{F30C9651-5DF9-4441-9176-876347755C22}.Debug|Any CPU.ActiveCfg = Debug|Any CPU
		{F30C9651-5DF9-4441-9176-876347755C22}.Debug|Any CPU.Build.0 = Debug|Any CPU
		{F30C9651-5DF9-4441-9176-876347755C22}.Debug|ARM.ActiveCfg = Debug|Any CPU
		{F30C9651-5DF9-4441-9176-876347755C22}.Debug|ARM.Build.0 = Debug|Any CPU
		{F30C9651-5DF9-4441-9176-876347755C22}.Debug|ARM64.ActiveCfg = Debug|Any CPU
		{F30C9651-5DF9-4441-9176-876347755C22}.Debug|x64.ActiveCfg = Debug|Any CPU
		{F30C9651-5DF9-4441-9176-876347755C22}.Debug|x64.Build.0 = Debug|Any CPU
		{F30C9651-5DF9-4441-9176-876347755C22}.Debug|x86.ActiveCfg = Debug|Any CPU
		{F30C9651-5DF9-4441-9176-876347755C22}.Debug|x86.Build.0 = Debug|Any CPU
		{F30C9651-5DF9-4441-9176-876347755C22}.Release|Any CPU.ActiveCfg = Release|Any CPU
		{F30C9651-5DF9-4441-9176-876347755C22}.Release|Any CPU.Build.0 = Release|Any CPU
		{F30C9651-5DF9-4441-9176-876347755C22}.Release|ARM.ActiveCfg = Release|Any CPU
		{F30C9651-5DF9-4441-9176-876347755C22}.Release|ARM.Build.0 = Release|Any CPU
		{F30C9651-5DF9-4441-9176-876347755C22}.Release|ARM64.ActiveCfg = Release|Any CPU
		{F30C9651-5DF9-4441-9176-876347755C22}.Release|x64.ActiveCfg = Release|Any CPU
		{F30C9651-5DF9-4441-9176-876347755C22}.Release|x64.Build.0 = Release|Any CPU
		{F30C9651-5DF9-4441-9176-876347755C22}.Release|x86.ActiveCfg = Release|Any CPU
		{F30C9651-5DF9-4441-9176-876347755C22}.Release|x86.Build.0 = Release|Any CPU
		{30B4BAFE-9D32-4134-9BEE-C8E931F3463A}.Debug|Any CPU.ActiveCfg = Debug|Any CPU
		{30B4BAFE-9D32-4134-9BEE-C8E931F3463A}.Debug|Any CPU.Build.0 = Debug|Any CPU
		{30B4BAFE-9D32-4134-9BEE-C8E931F3463A}.Debug|ARM.ActiveCfg = Debug|Any CPU
		{30B4BAFE-9D32-4134-9BEE-C8E931F3463A}.Debug|ARM.Build.0 = Debug|Any CPU
		{30B4BAFE-9D32-4134-9BEE-C8E931F3463A}.Debug|ARM64.ActiveCfg = Debug|Any CPU
		{30B4BAFE-9D32-4134-9BEE-C8E931F3463A}.Debug|ARM64.Build.0 = Debug|Any CPU
		{30B4BAFE-9D32-4134-9BEE-C8E931F3463A}.Debug|x64.ActiveCfg = Debug|Any CPU
		{30B4BAFE-9D32-4134-9BEE-C8E931F3463A}.Debug|x64.Build.0 = Debug|Any CPU
		{30B4BAFE-9D32-4134-9BEE-C8E931F3463A}.Debug|x86.ActiveCfg = Debug|Any CPU
		{30B4BAFE-9D32-4134-9BEE-C8E931F3463A}.Debug|x86.Build.0 = Debug|Any CPU
		{30B4BAFE-9D32-4134-9BEE-C8E931F3463A}.Release|Any CPU.ActiveCfg = Release|Any CPU
		{30B4BAFE-9D32-4134-9BEE-C8E931F3463A}.Release|Any CPU.Build.0 = Release|Any CPU
		{30B4BAFE-9D32-4134-9BEE-C8E931F3463A}.Release|ARM.ActiveCfg = Release|Any CPU
		{30B4BAFE-9D32-4134-9BEE-C8E931F3463A}.Release|ARM.Build.0 = Release|Any CPU
		{30B4BAFE-9D32-4134-9BEE-C8E931F3463A}.Release|ARM64.ActiveCfg = Release|Any CPU
		{30B4BAFE-9D32-4134-9BEE-C8E931F3463A}.Release|ARM64.Build.0 = Release|Any CPU
		{30B4BAFE-9D32-4134-9BEE-C8E931F3463A}.Release|x64.ActiveCfg = Release|Any CPU
		{30B4BAFE-9D32-4134-9BEE-C8E931F3463A}.Release|x64.Build.0 = Release|Any CPU
		{30B4BAFE-9D32-4134-9BEE-C8E931F3463A}.Release|x86.ActiveCfg = Release|Any CPU
		{30B4BAFE-9D32-4134-9BEE-C8E931F3463A}.Release|x86.Build.0 = Release|Any CPU
		{C246358B-68AE-4CC3-AE50-A2A5CB14CDCA}.Debug|Any CPU.ActiveCfg = Debug|Any CPU
		{C246358B-68AE-4CC3-AE50-A2A5CB14CDCA}.Debug|Any CPU.Build.0 = Debug|Any CPU
		{C246358B-68AE-4CC3-AE50-A2A5CB14CDCA}.Debug|ARM.ActiveCfg = Debug|ARM
		{C246358B-68AE-4CC3-AE50-A2A5CB14CDCA}.Debug|ARM.Build.0 = Debug|ARM
		{C246358B-68AE-4CC3-AE50-A2A5CB14CDCA}.Debug|ARM64.ActiveCfg = Debug|ARM64
		{C246358B-68AE-4CC3-AE50-A2A5CB14CDCA}.Debug|ARM64.Build.0 = Debug|ARM64
		{C246358B-68AE-4CC3-AE50-A2A5CB14CDCA}.Debug|x64.ActiveCfg = Debug|x64
		{C246358B-68AE-4CC3-AE50-A2A5CB14CDCA}.Debug|x64.Build.0 = Debug|x64
		{C246358B-68AE-4CC3-AE50-A2A5CB14CDCA}.Debug|x86.ActiveCfg = Debug|x86
		{C246358B-68AE-4CC3-AE50-A2A5CB14CDCA}.Debug|x86.Build.0 = Debug|x86
		{C246358B-68AE-4CC3-AE50-A2A5CB14CDCA}.Release|Any CPU.ActiveCfg = Release|Any CPU
		{C246358B-68AE-4CC3-AE50-A2A5CB14CDCA}.Release|Any CPU.Build.0 = Release|Any CPU
		{C246358B-68AE-4CC3-AE50-A2A5CB14CDCA}.Release|ARM.ActiveCfg = Release|ARM
		{C246358B-68AE-4CC3-AE50-A2A5CB14CDCA}.Release|ARM.Build.0 = Release|ARM
		{C246358B-68AE-4CC3-AE50-A2A5CB14CDCA}.Release|ARM64.ActiveCfg = Release|ARM64
		{C246358B-68AE-4CC3-AE50-A2A5CB14CDCA}.Release|ARM64.Build.0 = Release|ARM64
		{C246358B-68AE-4CC3-AE50-A2A5CB14CDCA}.Release|x64.ActiveCfg = Release|x64
		{C246358B-68AE-4CC3-AE50-A2A5CB14CDCA}.Release|x64.Build.0 = Release|x64
		{C246358B-68AE-4CC3-AE50-A2A5CB14CDCA}.Release|x86.ActiveCfg = Release|x86
		{C246358B-68AE-4CC3-AE50-A2A5CB14CDCA}.Release|x86.Build.0 = Release|x86
		{23AF26B6-0BC8-4845-8483-D81A5C03A694}.Debug|Any CPU.ActiveCfg = Debug|Any CPU
		{23AF26B6-0BC8-4845-8483-D81A5C03A694}.Debug|Any CPU.Build.0 = Debug|Any CPU
		{23AF26B6-0BC8-4845-8483-D81A5C03A694}.Debug|ARM.ActiveCfg = Debug|Any CPU
		{23AF26B6-0BC8-4845-8483-D81A5C03A694}.Debug|ARM.Build.0 = Debug|Any CPU
		{23AF26B6-0BC8-4845-8483-D81A5C03A694}.Debug|ARM64.ActiveCfg = Debug|Any CPU
		{23AF26B6-0BC8-4845-8483-D81A5C03A694}.Debug|ARM64.Build.0 = Debug|Any CPU
		{23AF26B6-0BC8-4845-8483-D81A5C03A694}.Debug|x64.ActiveCfg = Debug|Any CPU
		{23AF26B6-0BC8-4845-8483-D81A5C03A694}.Debug|x64.Build.0 = Debug|Any CPU
		{23AF26B6-0BC8-4845-8483-D81A5C03A694}.Debug|x86.ActiveCfg = Debug|Any CPU
		{23AF26B6-0BC8-4845-8483-D81A5C03A694}.Debug|x86.Build.0 = Debug|Any CPU
		{23AF26B6-0BC8-4845-8483-D81A5C03A694}.Release|Any CPU.ActiveCfg = Release|Any CPU
		{23AF26B6-0BC8-4845-8483-D81A5C03A694}.Release|Any CPU.Build.0 = Release|Any CPU
		{23AF26B6-0BC8-4845-8483-D81A5C03A694}.Release|ARM.ActiveCfg = Release|Any CPU
		{23AF26B6-0BC8-4845-8483-D81A5C03A694}.Release|ARM.Build.0 = Release|Any CPU
		{23AF26B6-0BC8-4845-8483-D81A5C03A694}.Release|ARM64.ActiveCfg = Release|Any CPU
		{23AF26B6-0BC8-4845-8483-D81A5C03A694}.Release|ARM64.Build.0 = Release|Any CPU
		{23AF26B6-0BC8-4845-8483-D81A5C03A694}.Release|x64.ActiveCfg = Release|Any CPU
		{23AF26B6-0BC8-4845-8483-D81A5C03A694}.Release|x64.Build.0 = Release|Any CPU
		{23AF26B6-0BC8-4845-8483-D81A5C03A694}.Release|x86.ActiveCfg = Release|Any CPU
		{23AF26B6-0BC8-4845-8483-D81A5C03A694}.Release|x86.Build.0 = Release|Any CPU
		{B78F70DE-00F1-4F16-9C65-9E96609E0D7E}.Debug|Any CPU.ActiveCfg = Debug|Any CPU
		{B78F70DE-00F1-4F16-9C65-9E96609E0D7E}.Debug|Any CPU.Build.0 = Debug|Any CPU
		{B78F70DE-00F1-4F16-9C65-9E96609E0D7E}.Debug|ARM.ActiveCfg = Debug|ARM
		{B78F70DE-00F1-4F16-9C65-9E96609E0D7E}.Debug|ARM.Build.0 = Debug|ARM
		{B78F70DE-00F1-4F16-9C65-9E96609E0D7E}.Debug|ARM64.ActiveCfg = Debug|ARM64
		{B78F70DE-00F1-4F16-9C65-9E96609E0D7E}.Debug|ARM64.Build.0 = Debug|ARM64
		{B78F70DE-00F1-4F16-9C65-9E96609E0D7E}.Debug|x64.ActiveCfg = Debug|x64
		{B78F70DE-00F1-4F16-9C65-9E96609E0D7E}.Debug|x64.Build.0 = Debug|x64
		{B78F70DE-00F1-4F16-9C65-9E96609E0D7E}.Debug|x86.ActiveCfg = Debug|x86
		{B78F70DE-00F1-4F16-9C65-9E96609E0D7E}.Debug|x86.Build.0 = Debug|x86
		{B78F70DE-00F1-4F16-9C65-9E96609E0D7E}.Release|Any CPU.ActiveCfg = Release|Any CPU
		{B78F70DE-00F1-4F16-9C65-9E96609E0D7E}.Release|Any CPU.Build.0 = Release|Any CPU
		{B78F70DE-00F1-4F16-9C65-9E96609E0D7E}.Release|ARM.ActiveCfg = Release|ARM
		{B78F70DE-00F1-4F16-9C65-9E96609E0D7E}.Release|ARM.Build.0 = Release|ARM
		{B78F70DE-00F1-4F16-9C65-9E96609E0D7E}.Release|ARM64.ActiveCfg = Release|ARM64
		{B78F70DE-00F1-4F16-9C65-9E96609E0D7E}.Release|ARM64.Build.0 = Release|ARM64
		{B78F70DE-00F1-4F16-9C65-9E96609E0D7E}.Release|x64.ActiveCfg = Release|x64
		{B78F70DE-00F1-4F16-9C65-9E96609E0D7E}.Release|x64.Build.0 = Release|x64
		{B78F70DE-00F1-4F16-9C65-9E96609E0D7E}.Release|x86.ActiveCfg = Release|x86
		{B78F70DE-00F1-4F16-9C65-9E96609E0D7E}.Release|x86.Build.0 = Release|x86
		{BAA0FB40-0650-4D90-97F7-0F3CE89AA079}.Debug|Any CPU.ActiveCfg = Debug|x86
		{BAA0FB40-0650-4D90-97F7-0F3CE89AA079}.Debug|ARM.ActiveCfg = Debug|ARM
		{BAA0FB40-0650-4D90-97F7-0F3CE89AA079}.Debug|ARM.Build.0 = Debug|ARM
		{BAA0FB40-0650-4D90-97F7-0F3CE89AA079}.Debug|ARM.Deploy.0 = Debug|ARM
		{BAA0FB40-0650-4D90-97F7-0F3CE89AA079}.Debug|ARM64.ActiveCfg = Debug|x86
		{BAA0FB40-0650-4D90-97F7-0F3CE89AA079}.Debug|x64.ActiveCfg = Debug|x64
		{BAA0FB40-0650-4D90-97F7-0F3CE89AA079}.Debug|x64.Build.0 = Debug|x64
		{BAA0FB40-0650-4D90-97F7-0F3CE89AA079}.Debug|x64.Deploy.0 = Debug|x64
		{BAA0FB40-0650-4D90-97F7-0F3CE89AA079}.Debug|x86.ActiveCfg = Debug|x86
		{BAA0FB40-0650-4D90-97F7-0F3CE89AA079}.Debug|x86.Build.0 = Debug|x86
		{BAA0FB40-0650-4D90-97F7-0F3CE89AA079}.Debug|x86.Deploy.0 = Debug|x86
		{BAA0FB40-0650-4D90-97F7-0F3CE89AA079}.Release|Any CPU.ActiveCfg = Release|x86
		{BAA0FB40-0650-4D90-97F7-0F3CE89AA079}.Release|ARM.ActiveCfg = Release|ARM
		{BAA0FB40-0650-4D90-97F7-0F3CE89AA079}.Release|ARM.Build.0 = Release|ARM
		{BAA0FB40-0650-4D90-97F7-0F3CE89AA079}.Release|ARM.Deploy.0 = Release|ARM
		{BAA0FB40-0650-4D90-97F7-0F3CE89AA079}.Release|ARM64.ActiveCfg = Release|x86
		{BAA0FB40-0650-4D90-97F7-0F3CE89AA079}.Release|x64.ActiveCfg = Release|x64
		{BAA0FB40-0650-4D90-97F7-0F3CE89AA079}.Release|x64.Build.0 = Release|x64
		{BAA0FB40-0650-4D90-97F7-0F3CE89AA079}.Release|x64.Deploy.0 = Release|x64
		{BAA0FB40-0650-4D90-97F7-0F3CE89AA079}.Release|x86.ActiveCfg = Release|x86
		{BAA0FB40-0650-4D90-97F7-0F3CE89AA079}.Release|x86.Build.0 = Release|x86
		{BAA0FB40-0650-4D90-97F7-0F3CE89AA079}.Release|x86.Deploy.0 = Release|x86
		{B242ADCF-5448-470C-BE71-0BA867F30122}.Debug|Any CPU.ActiveCfg = Debug|x86
		{B242ADCF-5448-470C-BE71-0BA867F30122}.Debug|ARM.ActiveCfg = Debug|ARM
		{B242ADCF-5448-470C-BE71-0BA867F30122}.Debug|ARM.Build.0 = Debug|ARM
		{B242ADCF-5448-470C-BE71-0BA867F30122}.Debug|ARM.Deploy.0 = Debug|ARM
		{B242ADCF-5448-470C-BE71-0BA867F30122}.Debug|ARM64.ActiveCfg = Debug|ARM64
		{B242ADCF-5448-470C-BE71-0BA867F30122}.Debug|ARM64.Build.0 = Debug|ARM64
		{B242ADCF-5448-470C-BE71-0BA867F30122}.Debug|ARM64.Deploy.0 = Debug|ARM64
		{B242ADCF-5448-470C-BE71-0BA867F30122}.Debug|x64.ActiveCfg = Debug|x64
		{B242ADCF-5448-470C-BE71-0BA867F30122}.Debug|x64.Build.0 = Debug|x64
		{B242ADCF-5448-470C-BE71-0BA867F30122}.Debug|x64.Deploy.0 = Debug|x64
		{B242ADCF-5448-470C-BE71-0BA867F30122}.Debug|x86.ActiveCfg = Debug|x86
		{B242ADCF-5448-470C-BE71-0BA867F30122}.Debug|x86.Build.0 = Debug|x86
		{B242ADCF-5448-470C-BE71-0BA867F30122}.Debug|x86.Deploy.0 = Debug|x86
		{B242ADCF-5448-470C-BE71-0BA867F30122}.Release|Any CPU.ActiveCfg = Release|x86
		{B242ADCF-5448-470C-BE71-0BA867F30122}.Release|ARM.ActiveCfg = Release|ARM
		{B242ADCF-5448-470C-BE71-0BA867F30122}.Release|ARM.Build.0 = Release|ARM
		{B242ADCF-5448-470C-BE71-0BA867F30122}.Release|ARM.Deploy.0 = Release|ARM
		{B242ADCF-5448-470C-BE71-0BA867F30122}.Release|ARM64.ActiveCfg = Release|ARM64
		{B242ADCF-5448-470C-BE71-0BA867F30122}.Release|ARM64.Build.0 = Release|ARM64
		{B242ADCF-5448-470C-BE71-0BA867F30122}.Release|ARM64.Deploy.0 = Release|ARM64
		{B242ADCF-5448-470C-BE71-0BA867F30122}.Release|x64.ActiveCfg = Release|x64
		{B242ADCF-5448-470C-BE71-0BA867F30122}.Release|x64.Build.0 = Release|x64
		{B242ADCF-5448-470C-BE71-0BA867F30122}.Release|x64.Deploy.0 = Release|x64
		{B242ADCF-5448-470C-BE71-0BA867F30122}.Release|x86.ActiveCfg = Release|x86
		{B242ADCF-5448-470C-BE71-0BA867F30122}.Release|x86.Build.0 = Release|x86
		{B242ADCF-5448-470C-BE71-0BA867F30122}.Release|x86.Deploy.0 = Release|x86
	EndGlobalSection
	GlobalSection(SolutionProperties) = preSolution
		HideSolutionNode = FALSE
	EndGlobalSection
	GlobalSection(NestedProjects) = preSolution
		{4E7407B1-5A1D-4552-BCBE-32B429FC4BCA} = {2D08EC5F-4F8C-4B6A-84D6-D9E978AC6121}
		{31F58AE8-CEED-4C10-9566-38CDAE9DA082} = {2D08EC5F-4F8C-4B6A-84D6-D9E978AC6121}
		{B8442C8A-B688-48D2-8BA7-325A675CC611} = {07F4EBAA-FFD9-414F-9C6C-C6424B1EE297}
		{264F8E6E-DF63-44C9-8CF3-0774370AB147} = {07F4EBAA-FFD9-414F-9C6C-C6424B1EE297}
		{5F2D8407-51C2-401F-B000-0F12670711A5} = {07F4EBAA-FFD9-414F-9C6C-C6424B1EE297}
		{503D3364-ED27-445F-AE7B-FBDB9D882F1F} = {07F4EBAA-FFD9-414F-9C6C-C6424B1EE297}
		{DA9FD056-DBDB-4D0E-9F9A-7AB9F3CBCB50} = {07F4EBAA-FFD9-414F-9C6C-C6424B1EE297}
		{30B4BAFE-9D32-4134-9BEE-C8E931F3463A} = {2D08EC5F-4F8C-4B6A-84D6-D9E978AC6121}
		{23AF26B6-0BC8-4845-8483-D81A5C03A694} = {2D08EC5F-4F8C-4B6A-84D6-D9E978AC6121}
		{BAA0FB40-0650-4D90-97F7-0F3CE89AA079} = {3719FD20-6E88-4467-88C3-8474EEEC5590}
		{B242ADCF-5448-470C-BE71-0BA867F30122} = {3719FD20-6E88-4467-88C3-8474EEEC5590}
	EndGlobalSection
	GlobalSection(ExtensibilityGlobals) = postSolution
		SolutionGuid = {D95F6E44-CEBF-4D91-8328-8281B74E4625}
	EndGlobalSection
EndGlobal
