
Microsoft Visual Studio Solution File, Format Version 12.00
# Visual Studio 14
VisualStudioVersion = 14.0.22823.1
MinimumVisualStudioVersion = 10.0.40219.1
Project("{2150E333-8FDC-42A3-9474-1A3956D46DE8}") = "Templates (Project)", "Templates (Project)", "{E9D12E06-A958-4FD7-A2BE-CE590A1FDFDB}"
EndProject
Project("{FAE04EC0-301F-11D3-BF4B-00C04F79EFBC}") = "Blank", "Templates (Project)\Blank\Blank.csproj", "{E8C68256-1D7B-4432-9733-3300C405244F}"
EndProject
Project("{FAE04EC0-301F-11D3-BF4B-00C04F79EFBC}") = "Template10Library", "Template10Library\Template10Library.csproj", "{40EDCADF-E710-4691-83AB-2CA97D0E6654}"
EndProject
Project("{FAE04EC0-301F-11D3-BF4B-00C04F79EFBC}") = "Minimal", "Templates (Project)\Minimal\Minimal.csproj", "{E8E8BDD3-3BD0-4092-8387-385D01B414A4}"
EndProject
Project("{FAE04EC0-301F-11D3-BF4B-00C04F79EFBC}") = "Sample", "Templates (Project)\Sample\Sample.csproj", "{8BE1FC83-8AC2-41F0-BEDF-D4F4F53A1450}"
EndProject
Project("{FAE04EC0-301F-11D3-BF4B-00C04F79EFBC}") = "Experimental", "Experimental\Experimental.csproj", "{278AEE33-62D0-4B73-8319-F7F5E5711874}"
EndProject
Project("{2150E333-8FDC-42A3-9474-1A3956D46DE8}") = "Services", "Services", "{C32F45A8-693A-4034-945E-F6F0023066AC}"
EndProject
Project("{FAE04EC0-301F-11D3-BF4B-00C04F79EFBC}") = "SecondaryTile", "Services\SecondaryTile\SecondaryTile.csproj", "{AF829A59-182C-4E59-85DE-C47C008B3A5F}"
EndProject
Project("{FAE04EC0-301F-11D3-BF4B-00C04F79EFBC}") = "AzureBlob", "Services\AzureBlob\AzureBlob.csproj", "{DF9204EF-151D-40CA-B363-B4B0C3379E56}"
EndProject
Project("{FAE04EC0-301F-11D3-BF4B-00C04F79EFBC}") = "DialogService", "Services\DialogService\DialogService.csproj", "{5E4F9BEE-811C-4EA0-A244-25C886610BEA}"
EndProject
Project("{FAE04EC0-301F-11D3-BF4B-00C04F79EFBC}") = "FileService", "Services\FileService\FileService.csproj", "{C90976F4-92DD-4370-B343-DA573F1C17D3}"
EndProject
Project("{FAE04EC0-301F-11D3-BF4B-00C04F79EFBC}") = "LocationService", "Services\LocationService\LocationService.csproj", "{49047784-CF7B-4992-9327-BAF31F01B3DC}"
EndProject
Project("{FAE04EC0-301F-11D3-BF4B-00C04F79EFBC}") = "MapService", "Services\MapService\MapService.csproj", "{C7E51CED-D2E8-410C-9D44-8972164F9219}"
EndProject
Project("{FAE04EC0-301F-11D3-BF4B-00C04F79EFBC}") = "NetworkAvailabilityService", "Services\NetworkAvailabilityService\NetworkAvailabilityService.csproj", "{D9A8890B-24E2-410E-9DE7-E2D943344457}"
EndProject
Project("{FAE04EC0-301F-11D3-BF4B-00C04F79EFBC}") = "PrimaryTileService", "Services\PrimaryTileService\PrimaryTileService.csproj", "{323D7CEA-24DB-49DA-A233-9D031C3B3F1A}"
EndProject
Project("{FAE04EC0-301F-11D3-BF4B-00C04F79EFBC}") = "SettingsService", "Services\SettingsService\SettingsService.csproj", "{57E80266-859F-401F-B20B-1E6D4D58C632}"
EndProject
Project("{FAE04EC0-301F-11D3-BF4B-00C04F79EFBC}") = "ShareContractService", "Services\ShareContractService\ShareContractService.csproj", "{FD8D080A-E4DF-4E73-8583-F962AB2E3BEE}"
EndProject
Project("{FAE04EC0-301F-11D3-BF4B-00C04F79EFBC}") = "ToastService", "Services\ToastService\ToastService.csproj", "{F9CCE4EC-7350-4DA9-80E8-C6FC3CCC97B1}"
EndProject
Project("{FAE04EC0-301F-11D3-BF4B-00C04F79EFBC}") = "WebApiService", "Services\WebApiService\WebApiService.csproj", "{4957DAC2-5254-4987-A78C-8928CF3AE6BB}"
EndProject
Project("{FAE04EC0-301F-11D3-BF4B-00C04F79EFBC}") = "WindowService", "Services\WindowService\WindowService.csproj", "{51BE5509-FADA-46F6-B4DF-EF337494972E}"
EndProject
Project("{FAE04EC0-301F-11D3-BF4B-00C04F79EFBC}") = "MarketplaceService", "Services\MarketplaceService\MarketplaceService.csproj", "{CB80EFFF-813A-4ADF-BC67-C24394FBD2CC}"
EndProject
Project("{FAE04EC0-301F-11D3-BF4B-00C04F79EFBC}") = "ColorService", "Services\ColorService\ColorService.csproj", "{65B1BA02-07B8-469E-B72C-56DE8BC7BDCF}"
EndProject
Project("{2150E333-8FDC-42A3-9474-1A3956D46DE8}") = "InProcess", "InProcess", "{9F6767EB-093E-4FC1-8BFB-8608E26BECCA}"
EndProject
Project("{2150E333-8FDC-42A3-9474-1A3956D46DE8}") = "Ready", "Ready", "{D859CCC0-20A1-433D-921E-D63A40330DD6}"
EndProject
Project("{2150E333-8FDC-42A3-9474-1A3956D46DE8}") = "InProcess", "InProcess", "{32503EB4-0B9C-4D13-A78D-E3F65ED1B672}"
EndProject
Project("{2150E333-8FDC-42A3-9474-1A3956D46DE8}") = "Ready", "Ready", "{B3E4E919-E7CA-4943-AEFC-53A191BD991A}"
EndProject
Global
	GlobalSection(SolutionConfigurationPlatforms) = preSolution
		Debug|Any CPU = Debug|Any CPU
		Debug|ARM = Debug|ARM
		Debug|x64 = Debug|x64
		Debug|x86 = Debug|x86
		Release|Any CPU = Release|Any CPU
		Release|ARM = Release|ARM
		Release|x64 = Release|x64
		Release|x86 = Release|x86
	EndGlobalSection
	GlobalSection(ProjectConfigurationPlatforms) = postSolution
		{E8C68256-1D7B-4432-9733-3300C405244F}.Debug|Any CPU.ActiveCfg = Debug|x86
		{E8C68256-1D7B-4432-9733-3300C405244F}.Debug|Any CPU.Build.0 = Debug|x86
		{E8C68256-1D7B-4432-9733-3300C405244F}.Debug|ARM.ActiveCfg = Debug|ARM
		{E8C68256-1D7B-4432-9733-3300C405244F}.Debug|ARM.Build.0 = Debug|ARM
		{E8C68256-1D7B-4432-9733-3300C405244F}.Debug|x64.ActiveCfg = Debug|x64
		{E8C68256-1D7B-4432-9733-3300C405244F}.Debug|x64.Build.0 = Debug|x64
		{E8C68256-1D7B-4432-9733-3300C405244F}.Debug|x86.ActiveCfg = Debug|x86
		{E8C68256-1D7B-4432-9733-3300C405244F}.Debug|x86.Build.0 = Debug|x86
		{E8C68256-1D7B-4432-9733-3300C405244F}.Release|Any CPU.ActiveCfg = Release|x86
		{E8C68256-1D7B-4432-9733-3300C405244F}.Release|Any CPU.Build.0 = Release|x86
		{E8C68256-1D7B-4432-9733-3300C405244F}.Release|ARM.ActiveCfg = Release|ARM
		{E8C68256-1D7B-4432-9733-3300C405244F}.Release|ARM.Build.0 = Release|ARM
		{E8C68256-1D7B-4432-9733-3300C405244F}.Release|x64.ActiveCfg = Release|x64
		{E8C68256-1D7B-4432-9733-3300C405244F}.Release|x64.Build.0 = Release|x64
		{E8C68256-1D7B-4432-9733-3300C405244F}.Release|x86.ActiveCfg = Release|x86
		{E8C68256-1D7B-4432-9733-3300C405244F}.Release|x86.Build.0 = Release|x86
		{40EDCADF-E710-4691-83AB-2CA97D0E6654}.Debug|Any CPU.ActiveCfg = Debug|Any CPU
		{40EDCADF-E710-4691-83AB-2CA97D0E6654}.Debug|Any CPU.Build.0 = Debug|Any CPU
		{40EDCADF-E710-4691-83AB-2CA97D0E6654}.Debug|ARM.ActiveCfg = Debug|ARM
		{40EDCADF-E710-4691-83AB-2CA97D0E6654}.Debug|ARM.Build.0 = Debug|ARM
		{40EDCADF-E710-4691-83AB-2CA97D0E6654}.Debug|ARM.Deploy.0 = Debug|ARM
		{40EDCADF-E710-4691-83AB-2CA97D0E6654}.Debug|x64.ActiveCfg = Debug|x64
		{40EDCADF-E710-4691-83AB-2CA97D0E6654}.Debug|x64.Build.0 = Debug|x64
		{40EDCADF-E710-4691-83AB-2CA97D0E6654}.Debug|x64.Deploy.0 = Debug|x64
		{40EDCADF-E710-4691-83AB-2CA97D0E6654}.Debug|x86.ActiveCfg = Debug|x86
		{40EDCADF-E710-4691-83AB-2CA97D0E6654}.Debug|x86.Build.0 = Debug|x86
		{40EDCADF-E710-4691-83AB-2CA97D0E6654}.Debug|x86.Deploy.0 = Debug|x86
		{40EDCADF-E710-4691-83AB-2CA97D0E6654}.Release|Any CPU.ActiveCfg = Release|Any CPU
		{40EDCADF-E710-4691-83AB-2CA97D0E6654}.Release|Any CPU.Build.0 = Release|Any CPU
		{40EDCADF-E710-4691-83AB-2CA97D0E6654}.Release|ARM.ActiveCfg = Release|ARM
		{40EDCADF-E710-4691-83AB-2CA97D0E6654}.Release|ARM.Build.0 = Release|ARM
		{40EDCADF-E710-4691-83AB-2CA97D0E6654}.Release|x64.ActiveCfg = Release|x64
		{40EDCADF-E710-4691-83AB-2CA97D0E6654}.Release|x64.Build.0 = Release|x64
		{40EDCADF-E710-4691-83AB-2CA97D0E6654}.Release|x64.Deploy.0 = Release|x64
		{40EDCADF-E710-4691-83AB-2CA97D0E6654}.Release|x86.ActiveCfg = Release|x86
		{40EDCADF-E710-4691-83AB-2CA97D0E6654}.Release|x86.Build.0 = Release|x86
		{40EDCADF-E710-4691-83AB-2CA97D0E6654}.Release|x86.Deploy.0 = Release|x86
		{E8E8BDD3-3BD0-4092-8387-385D01B414A4}.Debug|Any CPU.ActiveCfg = Debug|x86
		{E8E8BDD3-3BD0-4092-8387-385D01B414A4}.Debug|Any CPU.Build.0 = Debug|x86
		{E8E8BDD3-3BD0-4092-8387-385D01B414A4}.Debug|ARM.ActiveCfg = Debug|ARM
		{E8E8BDD3-3BD0-4092-8387-385D01B414A4}.Debug|ARM.Build.0 = Debug|ARM
		{E8E8BDD3-3BD0-4092-8387-385D01B414A4}.Debug|x64.ActiveCfg = Debug|x64
		{E8E8BDD3-3BD0-4092-8387-385D01B414A4}.Debug|x64.Build.0 = Debug|x64
		{E8E8BDD3-3BD0-4092-8387-385D01B414A4}.Debug|x86.ActiveCfg = Debug|x86
		{E8E8BDD3-3BD0-4092-8387-385D01B414A4}.Debug|x86.Build.0 = Debug|x86
		{E8E8BDD3-3BD0-4092-8387-385D01B414A4}.Release|Any CPU.ActiveCfg = Release|x86
		{E8E8BDD3-3BD0-4092-8387-385D01B414A4}.Release|Any CPU.Build.0 = Release|x86
		{E8E8BDD3-3BD0-4092-8387-385D01B414A4}.Release|ARM.ActiveCfg = Release|ARM
		{E8E8BDD3-3BD0-4092-8387-385D01B414A4}.Release|ARM.Build.0 = Release|ARM
		{E8E8BDD3-3BD0-4092-8387-385D01B414A4}.Release|x64.ActiveCfg = Release|x64
		{E8E8BDD3-3BD0-4092-8387-385D01B414A4}.Release|x64.Build.0 = Release|x64
		{E8E8BDD3-3BD0-4092-8387-385D01B414A4}.Release|x86.ActiveCfg = Release|x86
		{E8E8BDD3-3BD0-4092-8387-385D01B414A4}.Release|x86.Build.0 = Release|x86
		{8BE1FC83-8AC2-41F0-BEDF-D4F4F53A1450}.Debug|Any CPU.ActiveCfg = Debug|x86
		{8BE1FC83-8AC2-41F0-BEDF-D4F4F53A1450}.Debug|ARM.ActiveCfg = Debug|ARM
		{8BE1FC83-8AC2-41F0-BEDF-D4F4F53A1450}.Debug|x64.ActiveCfg = Debug|x64
		{8BE1FC83-8AC2-41F0-BEDF-D4F4F53A1450}.Debug|x86.ActiveCfg = Debug|x86
		{8BE1FC83-8AC2-41F0-BEDF-D4F4F53A1450}.Release|Any CPU.ActiveCfg = Release|x86
		{8BE1FC83-8AC2-41F0-BEDF-D4F4F53A1450}.Release|ARM.ActiveCfg = Release|ARM
		{8BE1FC83-8AC2-41F0-BEDF-D4F4F53A1450}.Release|x64.ActiveCfg = Release|x64
		{8BE1FC83-8AC2-41F0-BEDF-D4F4F53A1450}.Release|x86.ActiveCfg = Release|x86
		{278AEE33-62D0-4B73-8319-F7F5E5711874}.Debug|Any CPU.ActiveCfg = Debug|Any CPU
		{278AEE33-62D0-4B73-8319-F7F5E5711874}.Debug|ARM.ActiveCfg = Debug|ARM
		{278AEE33-62D0-4B73-8319-F7F5E5711874}.Debug|x64.ActiveCfg = Debug|x64
		{278AEE33-62D0-4B73-8319-F7F5E5711874}.Debug|x86.ActiveCfg = Debug|x86
		{278AEE33-62D0-4B73-8319-F7F5E5711874}.Release|Any CPU.ActiveCfg = Release|Any CPU
		{278AEE33-62D0-4B73-8319-F7F5E5711874}.Release|ARM.ActiveCfg = Release|ARM
		{278AEE33-62D0-4B73-8319-F7F5E5711874}.Release|x64.ActiveCfg = Release|x64
		{278AEE33-62D0-4B73-8319-F7F5E5711874}.Release|x86.ActiveCfg = Release|x86
		{AF829A59-182C-4E59-85DE-C47C008B3A5F}.Debug|Any CPU.ActiveCfg = Debug|x86
		{AF829A59-182C-4E59-85DE-C47C008B3A5F}.Debug|ARM.ActiveCfg = Debug|ARM
		{AF829A59-182C-4E59-85DE-C47C008B3A5F}.Debug|x64.ActiveCfg = Debug|x64
		{AF829A59-182C-4E59-85DE-C47C008B3A5F}.Debug|x86.ActiveCfg = Debug|x86
		{AF829A59-182C-4E59-85DE-C47C008B3A5F}.Release|Any CPU.ActiveCfg = Release|x86
		{AF829A59-182C-4E59-85DE-C47C008B3A5F}.Release|ARM.ActiveCfg = Release|ARM
		{AF829A59-182C-4E59-85DE-C47C008B3A5F}.Release|x64.ActiveCfg = Release|x64
		{AF829A59-182C-4E59-85DE-C47C008B3A5F}.Release|x86.ActiveCfg = Release|x86
		{DF9204EF-151D-40CA-B363-B4B0C3379E56}.Debug|Any CPU.ActiveCfg = Debug|x86
		{DF9204EF-151D-40CA-B363-B4B0C3379E56}.Debug|ARM.ActiveCfg = Debug|ARM
		{DF9204EF-151D-40CA-B363-B4B0C3379E56}.Debug|x64.ActiveCfg = Debug|x64
		{DF9204EF-151D-40CA-B363-B4B0C3379E56}.Debug|x86.ActiveCfg = Debug|x86
		{DF9204EF-151D-40CA-B363-B4B0C3379E56}.Release|Any CPU.ActiveCfg = Release|x86
		{DF9204EF-151D-40CA-B363-B4B0C3379E56}.Release|ARM.ActiveCfg = Release|ARM
		{DF9204EF-151D-40CA-B363-B4B0C3379E56}.Release|x64.ActiveCfg = Release|x64
		{DF9204EF-151D-40CA-B363-B4B0C3379E56}.Release|x86.ActiveCfg = Release|x86
		{5E4F9BEE-811C-4EA0-A244-25C886610BEA}.Debug|Any CPU.ActiveCfg = Debug|x86
		{5E4F9BEE-811C-4EA0-A244-25C886610BEA}.Debug|ARM.ActiveCfg = Debug|ARM
		{5E4F9BEE-811C-4EA0-A244-25C886610BEA}.Debug|x64.ActiveCfg = Debug|x64
		{5E4F9BEE-811C-4EA0-A244-25C886610BEA}.Debug|x86.ActiveCfg = Debug|x86
		{5E4F9BEE-811C-4EA0-A244-25C886610BEA}.Release|Any CPU.ActiveCfg = Release|x86
		{5E4F9BEE-811C-4EA0-A244-25C886610BEA}.Release|ARM.ActiveCfg = Release|ARM
		{5E4F9BEE-811C-4EA0-A244-25C886610BEA}.Release|x64.ActiveCfg = Release|x64
		{5E4F9BEE-811C-4EA0-A244-25C886610BEA}.Release|x86.ActiveCfg = Release|x86
		{C90976F4-92DD-4370-B343-DA573F1C17D3}.Debug|Any CPU.ActiveCfg = Debug|x86
		{C90976F4-92DD-4370-B343-DA573F1C17D3}.Debug|ARM.ActiveCfg = Debug|ARM
		{C90976F4-92DD-4370-B343-DA573F1C17D3}.Debug|x64.ActiveCfg = Debug|x64
		{C90976F4-92DD-4370-B343-DA573F1C17D3}.Debug|x86.ActiveCfg = Debug|x86
		{C90976F4-92DD-4370-B343-DA573F1C17D3}.Release|Any CPU.ActiveCfg = Release|x86
		{C90976F4-92DD-4370-B343-DA573F1C17D3}.Release|ARM.ActiveCfg = Release|ARM
		{C90976F4-92DD-4370-B343-DA573F1C17D3}.Release|x64.ActiveCfg = Release|x64
		{C90976F4-92DD-4370-B343-DA573F1C17D3}.Release|x86.ActiveCfg = Release|x86
		{49047784-CF7B-4992-9327-BAF31F01B3DC}.Debug|Any CPU.ActiveCfg = Debug|x86
		{49047784-CF7B-4992-9327-BAF31F01B3DC}.Debug|ARM.ActiveCfg = Debug|ARM
		{49047784-CF7B-4992-9327-BAF31F01B3DC}.Debug|x64.ActiveCfg = Debug|x64
		{49047784-CF7B-4992-9327-BAF31F01B3DC}.Debug|x86.ActiveCfg = Debug|x86
		{49047784-CF7B-4992-9327-BAF31F01B3DC}.Release|Any CPU.ActiveCfg = Release|x86
		{49047784-CF7B-4992-9327-BAF31F01B3DC}.Release|ARM.ActiveCfg = Release|ARM
		{49047784-CF7B-4992-9327-BAF31F01B3DC}.Release|x64.ActiveCfg = Release|x64
		{49047784-CF7B-4992-9327-BAF31F01B3DC}.Release|x86.ActiveCfg = Release|x86
		{C7E51CED-D2E8-410C-9D44-8972164F9219}.Debug|Any CPU.ActiveCfg = Debug|x86
		{C7E51CED-D2E8-410C-9D44-8972164F9219}.Debug|ARM.ActiveCfg = Debug|ARM
		{C7E51CED-D2E8-410C-9D44-8972164F9219}.Debug|x64.ActiveCfg = Debug|x64
		{C7E51CED-D2E8-410C-9D44-8972164F9219}.Debug|x86.ActiveCfg = Debug|x86
		{C7E51CED-D2E8-410C-9D44-8972164F9219}.Release|Any CPU.ActiveCfg = Release|x86
		{C7E51CED-D2E8-410C-9D44-8972164F9219}.Release|ARM.ActiveCfg = Release|ARM
		{C7E51CED-D2E8-410C-9D44-8972164F9219}.Release|x64.ActiveCfg = Release|x64
		{C7E51CED-D2E8-410C-9D44-8972164F9219}.Release|x86.ActiveCfg = Release|x86
		{D9A8890B-24E2-410E-9DE7-E2D943344457}.Debug|Any CPU.ActiveCfg = Debug|x86
		{D9A8890B-24E2-410E-9DE7-E2D943344457}.Debug|ARM.ActiveCfg = Debug|ARM
		{D9A8890B-24E2-410E-9DE7-E2D943344457}.Debug|x64.ActiveCfg = Debug|x64
		{D9A8890B-24E2-410E-9DE7-E2D943344457}.Debug|x86.ActiveCfg = Debug|x86
		{D9A8890B-24E2-410E-9DE7-E2D943344457}.Release|Any CPU.ActiveCfg = Release|x86
		{D9A8890B-24E2-410E-9DE7-E2D943344457}.Release|ARM.ActiveCfg = Release|ARM
		{D9A8890B-24E2-410E-9DE7-E2D943344457}.Release|x64.ActiveCfg = Release|x64
		{D9A8890B-24E2-410E-9DE7-E2D943344457}.Release|x86.ActiveCfg = Release|x86
		{323D7CEA-24DB-49DA-A233-9D031C3B3F1A}.Debug|Any CPU.ActiveCfg = Debug|x86
		{323D7CEA-24DB-49DA-A233-9D031C3B3F1A}.Debug|ARM.ActiveCfg = Debug|ARM
		{323D7CEA-24DB-49DA-A233-9D031C3B3F1A}.Debug|x64.ActiveCfg = Debug|x64
		{323D7CEA-24DB-49DA-A233-9D031C3B3F1A}.Debug|x86.ActiveCfg = Debug|x86
		{323D7CEA-24DB-49DA-A233-9D031C3B3F1A}.Release|Any CPU.ActiveCfg = Release|x86
		{323D7CEA-24DB-49DA-A233-9D031C3B3F1A}.Release|ARM.ActiveCfg = Release|ARM
		{323D7CEA-24DB-49DA-A233-9D031C3B3F1A}.Release|x64.ActiveCfg = Release|x64
		{323D7CEA-24DB-49DA-A233-9D031C3B3F1A}.Release|x86.ActiveCfg = Release|x86
		{57E80266-859F-401F-B20B-1E6D4D58C632}.Debug|Any CPU.ActiveCfg = Debug|x86
		{57E80266-859F-401F-B20B-1E6D4D58C632}.Debug|ARM.ActiveCfg = Debug|ARM
		{57E80266-859F-401F-B20B-1E6D4D58C632}.Debug|x64.ActiveCfg = Debug|x64
		{57E80266-859F-401F-B20B-1E6D4D58C632}.Debug|x86.ActiveCfg = Debug|x86
		{57E80266-859F-401F-B20B-1E6D4D58C632}.Release|Any CPU.ActiveCfg = Release|x86
		{57E80266-859F-401F-B20B-1E6D4D58C632}.Release|ARM.ActiveCfg = Release|ARM
		{57E80266-859F-401F-B20B-1E6D4D58C632}.Release|x64.ActiveCfg = Release|x64
		{57E80266-859F-401F-B20B-1E6D4D58C632}.Release|x86.ActiveCfg = Release|x86
		{FD8D080A-E4DF-4E73-8583-F962AB2E3BEE}.Debug|Any CPU.ActiveCfg = Debug|x86
		{FD8D080A-E4DF-4E73-8583-F962AB2E3BEE}.Debug|ARM.ActiveCfg = Debug|ARM
		{FD8D080A-E4DF-4E73-8583-F962AB2E3BEE}.Debug|x64.ActiveCfg = Debug|x64
		{FD8D080A-E4DF-4E73-8583-F962AB2E3BEE}.Debug|x86.ActiveCfg = Debug|x86
		{FD8D080A-E4DF-4E73-8583-F962AB2E3BEE}.Release|Any CPU.ActiveCfg = Release|x86
		{FD8D080A-E4DF-4E73-8583-F962AB2E3BEE}.Release|ARM.ActiveCfg = Release|ARM
		{FD8D080A-E4DF-4E73-8583-F962AB2E3BEE}.Release|x64.ActiveCfg = Release|x64
		{FD8D080A-E4DF-4E73-8583-F962AB2E3BEE}.Release|x86.ActiveCfg = Release|x86
		{F9CCE4EC-7350-4DA9-80E8-C6FC3CCC97B1}.Debug|Any CPU.ActiveCfg = Debug|x86
		{F9CCE4EC-7350-4DA9-80E8-C6FC3CCC97B1}.Debug|ARM.ActiveCfg = Debug|ARM
		{F9CCE4EC-7350-4DA9-80E8-C6FC3CCC97B1}.Debug|x64.ActiveCfg = Debug|x64
		{F9CCE4EC-7350-4DA9-80E8-C6FC3CCC97B1}.Debug|x86.ActiveCfg = Debug|x86
		{F9CCE4EC-7350-4DA9-80E8-C6FC3CCC97B1}.Release|Any CPU.ActiveCfg = Release|x86
		{F9CCE4EC-7350-4DA9-80E8-C6FC3CCC97B1}.Release|ARM.ActiveCfg = Release|ARM
		{F9CCE4EC-7350-4DA9-80E8-C6FC3CCC97B1}.Release|x64.ActiveCfg = Release|x64
		{F9CCE4EC-7350-4DA9-80E8-C6FC3CCC97B1}.Release|x86.ActiveCfg = Release|x86
		{4957DAC2-5254-4987-A78C-8928CF3AE6BB}.Debug|Any CPU.ActiveCfg = Debug|x86
		{4957DAC2-5254-4987-A78C-8928CF3AE6BB}.Debug|ARM.ActiveCfg = Debug|ARM
		{4957DAC2-5254-4987-A78C-8928CF3AE6BB}.Debug|x64.ActiveCfg = Debug|x64
		{4957DAC2-5254-4987-A78C-8928CF3AE6BB}.Debug|x86.ActiveCfg = Debug|x86
		{4957DAC2-5254-4987-A78C-8928CF3AE6BB}.Release|Any CPU.ActiveCfg = Release|x86
		{4957DAC2-5254-4987-A78C-8928CF3AE6BB}.Release|ARM.ActiveCfg = Release|ARM
		{4957DAC2-5254-4987-A78C-8928CF3AE6BB}.Release|x64.ActiveCfg = Release|x64
		{4957DAC2-5254-4987-A78C-8928CF3AE6BB}.Release|x86.ActiveCfg = Release|x86
		{51BE5509-FADA-46F6-B4DF-EF337494972E}.Debug|Any CPU.ActiveCfg = Debug|x86
		{51BE5509-FADA-46F6-B4DF-EF337494972E}.Debug|ARM.ActiveCfg = Debug|ARM
		{51BE5509-FADA-46F6-B4DF-EF337494972E}.Debug|x64.ActiveCfg = Debug|x64
		{51BE5509-FADA-46F6-B4DF-EF337494972E}.Debug|x86.ActiveCfg = Debug|x86
		{51BE5509-FADA-46F6-B4DF-EF337494972E}.Release|Any CPU.ActiveCfg = Release|x86
		{51BE5509-FADA-46F6-B4DF-EF337494972E}.Release|ARM.ActiveCfg = Release|ARM
		{51BE5509-FADA-46F6-B4DF-EF337494972E}.Release|x64.ActiveCfg = Release|x64
		{51BE5509-FADA-46F6-B4DF-EF337494972E}.Release|x86.ActiveCfg = Release|x86
		{CB80EFFF-813A-4ADF-BC67-C24394FBD2CC}.Debug|Any CPU.ActiveCfg = Debug|x86
		{CB80EFFF-813A-4ADF-BC67-C24394FBD2CC}.Debug|ARM.ActiveCfg = Debug|ARM
		{CB80EFFF-813A-4ADF-BC67-C24394FBD2CC}.Debug|x64.ActiveCfg = Debug|x64
		{CB80EFFF-813A-4ADF-BC67-C24394FBD2CC}.Debug|x86.ActiveCfg = Debug|x86
		{CB80EFFF-813A-4ADF-BC67-C24394FBD2CC}.Release|Any CPU.ActiveCfg = Release|x86
		{CB80EFFF-813A-4ADF-BC67-C24394FBD2CC}.Release|ARM.ActiveCfg = Release|ARM
		{CB80EFFF-813A-4ADF-BC67-C24394FBD2CC}.Release|x64.ActiveCfg = Release|x64
		{CB80EFFF-813A-4ADF-BC67-C24394FBD2CC}.Release|x86.ActiveCfg = Release|x86
		{65B1BA02-07B8-469E-B72C-56DE8BC7BDCF}.Debug|Any CPU.ActiveCfg = Debug|x86
		{65B1BA02-07B8-469E-B72C-56DE8BC7BDCF}.Debug|ARM.ActiveCfg = Debug|ARM
		{65B1BA02-07B8-469E-B72C-56DE8BC7BDCF}.Debug|x64.ActiveCfg = Debug|x64
		{65B1BA02-07B8-469E-B72C-56DE8BC7BDCF}.Debug|x86.ActiveCfg = Debug|x86
		{65B1BA02-07B8-469E-B72C-56DE8BC7BDCF}.Release|Any CPU.ActiveCfg = Release|x86
		{65B1BA02-07B8-469E-B72C-56DE8BC7BDCF}.Release|ARM.ActiveCfg = Release|ARM
		{65B1BA02-07B8-469E-B72C-56DE8BC7BDCF}.Release|x64.ActiveCfg = Release|x64
		{65B1BA02-07B8-469E-B72C-56DE8BC7BDCF}.Release|x86.ActiveCfg = Release|x86
	EndGlobalSection
	GlobalSection(SolutionProperties) = preSolution
		HideSolutionNode = FALSE
	EndGlobalSection
	GlobalSection(NestedProjects) = preSolution
		{E8C68256-1D7B-4432-9733-3300C405244F} = {32503EB4-0B9C-4D13-A78D-E3F65ED1B672}
		{E8E8BDD3-3BD0-4092-8387-385D01B414A4} = {32503EB4-0B9C-4D13-A78D-E3F65ED1B672}
		{8BE1FC83-8AC2-41F0-BEDF-D4F4F53A1450} = {32503EB4-0B9C-4D13-A78D-E3F65ED1B672}
		{AF829A59-182C-4E59-85DE-C47C008B3A5F} = {9F6767EB-093E-4FC1-8BFB-8608E26BECCA}
		{DF9204EF-151D-40CA-B363-B4B0C3379E56} = {9F6767EB-093E-4FC1-8BFB-8608E26BECCA}
		{5E4F9BEE-811C-4EA0-A244-25C886610BEA} = {9F6767EB-093E-4FC1-8BFB-8608E26BECCA}
		{C90976F4-92DD-4370-B343-DA573F1C17D3} = {9F6767EB-093E-4FC1-8BFB-8608E26BECCA}
		{49047784-CF7B-4992-9327-BAF31F01B3DC} = {9F6767EB-093E-4FC1-8BFB-8608E26BECCA}
		{C7E51CED-D2E8-410C-9D44-8972164F9219} = {9F6767EB-093E-4FC1-8BFB-8608E26BECCA}
		{D9A8890B-24E2-410E-9DE7-E2D943344457} = {9F6767EB-093E-4FC1-8BFB-8608E26BECCA}
		{323D7CEA-24DB-49DA-A233-9D031C3B3F1A} = {9F6767EB-093E-4FC1-8BFB-8608E26BECCA}
		{57E80266-859F-401F-B20B-1E6D4D58C632} = {9F6767EB-093E-4FC1-8BFB-8608E26BECCA}
		{FD8D080A-E4DF-4E73-8583-F962AB2E3BEE} = {9F6767EB-093E-4FC1-8BFB-8608E26BECCA}
		{F9CCE4EC-7350-4DA9-80E8-C6FC3CCC97B1} = {9F6767EB-093E-4FC1-8BFB-8608E26BECCA}
		{4957DAC2-5254-4987-A78C-8928CF3AE6BB} = {9F6767EB-093E-4FC1-8BFB-8608E26BECCA}
		{51BE5509-FADA-46F6-B4DF-EF337494972E} = {9F6767EB-093E-4FC1-8BFB-8608E26BECCA}
		{CB80EFFF-813A-4ADF-BC67-C24394FBD2CC} = {9F6767EB-093E-4FC1-8BFB-8608E26BECCA}
		{65B1BA02-07B8-469E-B72C-56DE8BC7BDCF} = {9F6767EB-093E-4FC1-8BFB-8608E26BECCA}
		{9F6767EB-093E-4FC1-8BFB-8608E26BECCA} = {C32F45A8-693A-4034-945E-F6F0023066AC}
		{D859CCC0-20A1-433D-921E-D63A40330DD6} = {C32F45A8-693A-4034-945E-F6F0023066AC}
		{32503EB4-0B9C-4D13-A78D-E3F65ED1B672} = {E9D12E06-A958-4FD7-A2BE-CE590A1FDFDB}
		{B3E4E919-E7CA-4943-AEFC-53A191BD991A} = {E9D12E06-A958-4FD7-A2BE-CE590A1FDFDB}
	EndGlobalSection
EndGlobal
