Microsoft Visual Studio Solution File, Format Version 12.00
# Visual Studio 15
VisualStudioVersion = 15.0.27004.2006
MinimumVisualStudioVersion = 10.0.40219.1
Project("{2150E333-8FDC-42A3-9474-1A3956D46DE8}") = "Template10", "Template10", "{BCA90A0F-E32C-478A-8DD9-54B73D52AEBC}"
EndProject
Project("{2150E333-8FDC-42A3-9474-1A3956D46DE8}") = "VisualStudio", "VisualStudio", "{24A5D7B0-1F6D-45DB-A69A-AB61D16FD289}"
EndProject
Project("{FAE04EC0-301F-11D3-BF4B-00C04F79EFBC}") = "Template.Blank", "VisualStudio\Template.Blank\Template.Blank.csproj", "{8560342F-4F61-49AB-9679-1941DB551025}"
EndProject
Project("{FAE04EC0-301F-11D3-BF4B-00C04F79EFBC}") = "Template10.Controls.PageHeader.Control", "Controls\Template10.Controls.PageHeader\Template10.Controls.PageHeader.Control.csproj", "{509386D0-711E-4345-83AD-F71998EFBDD7}"
EndProject
Project("{2150E333-8FDC-42A3-9474-1A3956D46DE8}") = "Controls", "Controls", "{866CAE3A-91A3-43CC-B7F8-C6A43F54B3D3}"
EndProject
Project("{FAE04EC0-301F-11D3-BF4B-00C04F79EFBC}") = "Template.Minimal", "VisualStudio\Template.Minimal\Template.Minimal.csproj", "{2945EF59-92B1-4E86-9F1A-AB6352152A5A}"
EndProject
Project("{FAE04EC0-301F-11D3-BF4B-00C04F79EFBC}") = "Template10.Controls.RingSegment.Demo", "Controls\Template10.Controls.RingSegment\Demo\RingSegmentDemo\Template10.Controls.RingSegment.Demo.csproj", "{38AA9DBC-D3FD-41A5-AB1F-3B51522090DD}"
EndProject
Project("{FAE04EC0-301F-11D3-BF4B-00C04F79EFBC}") = "Template10.Controls.ImageEx.Demo", "Controls\Template10.Controls.ImageEx\Demo\Template10.Controls.ImageEx.Demo.csproj", "{754D3A2E-4E19-45CD-8929-6D895EBE7E56}"
EndProject
Project("{FAE04EC0-301F-11D3-BF4B-00C04F79EFBC}") = "Template10.Controls.Resizer.Demo", "Controls\Template10.Controls.Resizer\Demo\Template10.Controls.Resizer.Demo.csproj", "{B05BE65A-D026-4F8F-8455-ADC79DB7851E}"
EndProject
Project("{2150E333-8FDC-42A3-9474-1A3956D46DE8}") = "Hamburger (Coupled)", "Hamburger (Coupled)", "{B7A32690-D854-4B29-A995-FA3623879A43}"
EndProject
Project("{FAE04EC0-301F-11D3-BF4B-00C04F79EFBC}") = "Template10.Controls.Hamburger.Control", "Controls\Template10.Controls.Hamburger\Template10.Controls.Hamburger.Control.csproj", "{5144566E-80EB-4375-9FE2-415808E2051D}"
EndProject
Project("{FAE04EC0-301F-11D3-BF4B-00C04F79EFBC}") = "Template10.Default", "Template10\Template10.MvvmLight\Template10.Default.csproj", "{FFD32A47-5ED4-4BE4-9C09-C4B9E9F895BB}"
EndProject
Project("{FAE04EC0-301F-11D3-BF4B-00C04F79EFBC}") = "Template10.Services.Secrets.Service.Demo", "Services\Template10.Services.SecretService\Demo\Template10.Services.Secrets.Service.Demo.csproj", "{C8A3DAF1-C15F-4164-B300-061E17A3898B}"
EndProject
Project("{FAE04EC0-301F-11D3-BF4B-00C04F79EFBC}") = "Template10.Services.Network.Service.Demo", "Services\Template10.Services.NetworkService\Demo\Template10.Services.Network.Service.Demo.csproj", "{913CB595-CF9A-4701-8AF8-DC4C3864347A}"
EndProject
Project("{2150E333-8FDC-42A3-9474-1A3956D46DE8}") = "PageHeader (Coupled)", "PageHeader (Coupled)", "{F7E281DE-20B5-45A5-B028-C2126F367454}"
EndProject
Project("{FAE04EC0-301F-11D3-BF4B-00C04F79EFBC}") = "Template.Advanced", "VisualStudio\Template.Advanced\Template.Advanced.csproj", "{39DF4851-C1CD-4700-A926-B1FE2CF00315}"
EndProject
Project("{FAE04EC0-301F-11D3-BF4B-00C04F79EFBC}") = "Template10.Services.Profile.Demo", "Services\Template10.Services.ProfileService\Demo\Template10.Services.Profile.Demo.csproj", "{E3A91BCE-0AEC-4B1A-A743-1C1481210D83}"
EndProject
Project("{FAE04EC0-301F-11D3-BF4B-00C04F79EFBC}") = "Template10.Services.Dialog.Demo", "Services\Template10.Services.Dialog\Demo\Template10.Services.Dialog.Demo.csproj", "{C0299915-1F77-4221-9FDE-0D092FC19B9E}"
EndProject
Project("{9A19103F-16F7-4668-BE54-9A1E7A4F7556}") = "Template10.Portable", "Template10\Template10.Portable\Template10.Portable.csproj", "{96766253-7F52-43E2-8D7D-5C439C19DDE4}"
EndProject
Project("{FAE04EC0-301F-11D3-BF4B-00C04F79EFBC}") = "Template10.Core", "Template10\Template10.Core\Template10.Core.csproj", "{43417386-DDD5-422A-A563-CB666857C59C}"
EndProject
Project("{2150E333-8FDC-42A3-9474-1A3956D46DE8}") = "Demos", "Demos", "{5B51BCDD-80FD-482E-B310-23272E82BA29}"
EndProject
Project("{FAE04EC0-301F-11D3-BF4B-00C04F79EFBC}") = "Template10.Services", "Services\Template10.Services.Library\Template10.Services.csproj", "{63025C8D-27A4-4C7C-B613-53CD63130F52}"
EndProject
Project("{FAE04EC0-301F-11D3-BF4B-00C04F79EFBC}") = "Template10.Windows", "Template10.Common.Library\Template10.Windows.csproj", "{F67702AC-A6E9-418F-A3AF-2108F878BD1E}"
EndProject
Project("{FAE04EC0-301F-11D3-BF4B-00C04F79EFBC}") = "Template10.Controls", "Template10.Controls.Library\Template10.Controls.csproj", "{FFECBCBE-453B-49D7-8FDE-12C4A752A27B}"
EndProject
Global
	GlobalSection(SolutionConfigurationPlatforms) = preSolution
		Debug|Any CPU = Debug|Any CPU
		Debug|ARM = Debug|ARM
		Debug|x64 = Debug|x64
		Debug|x86 = Debug|x86
		Release|Any CPU = Release|Any CPU
		Release|ARM = Release|ARM
		Release|x64 = Release|x64
		Release|x86 = Release|x86
	EndGlobalSection
	GlobalSection(ProjectConfigurationPlatforms) = postSolution
		{8560342F-4F61-49AB-9679-1941DB551025}.Debug|Any CPU.ActiveCfg = Debug|x86
		{8560342F-4F61-49AB-9679-1941DB551025}.Debug|ARM.ActiveCfg = Debug|ARM
		{8560342F-4F61-49AB-9679-1941DB551025}.Debug|ARM.Build.0 = Debug|ARM
		{8560342F-4F61-49AB-9679-1941DB551025}.Debug|ARM.Deploy.0 = Debug|ARM
		{8560342F-4F61-49AB-9679-1941DB551025}.Debug|x64.ActiveCfg = Debug|x64
		{8560342F-4F61-49AB-9679-1941DB551025}.Debug|x64.Build.0 = Debug|x64
		{8560342F-4F61-49AB-9679-1941DB551025}.Debug|x64.Deploy.0 = Debug|x64
		{8560342F-4F61-49AB-9679-1941DB551025}.Debug|x86.ActiveCfg = Debug|x86
		{8560342F-4F61-49AB-9679-1941DB551025}.Debug|x86.Build.0 = Debug|x86
		{8560342F-4F61-49AB-9679-1941DB551025}.Debug|x86.Deploy.0 = Debug|x86
		{8560342F-4F61-49AB-9679-1941DB551025}.Release|Any CPU.ActiveCfg = Release|x86
		{8560342F-4F61-49AB-9679-1941DB551025}.Release|ARM.ActiveCfg = Release|ARM
		{8560342F-4F61-49AB-9679-1941DB551025}.Release|ARM.Build.0 = Release|ARM
		{8560342F-4F61-49AB-9679-1941DB551025}.Release|ARM.Deploy.0 = Release|ARM
		{8560342F-4F61-49AB-9679-1941DB551025}.Release|x64.ActiveCfg = Release|x64
		{8560342F-4F61-49AB-9679-1941DB551025}.Release|x64.Build.0 = Release|x64
		{8560342F-4F61-49AB-9679-1941DB551025}.Release|x64.Deploy.0 = Release|x64
		{8560342F-4F61-49AB-9679-1941DB551025}.Release|x86.ActiveCfg = Release|x86
		{8560342F-4F61-49AB-9679-1941DB551025}.Release|x86.Build.0 = Release|x86
		{8560342F-4F61-49AB-9679-1941DB551025}.Release|x86.Deploy.0 = Release|x86
		{509386D0-711E-4345-83AD-F71998EFBDD7}.Debug|Any CPU.ActiveCfg = Debug|Any CPU
		{509386D0-711E-4345-83AD-F71998EFBDD7}.Debug|Any CPU.Build.0 = Debug|Any CPU
		{509386D0-711E-4345-83AD-F71998EFBDD7}.Debug|ARM.ActiveCfg = Debug|ARM
		{509386D0-711E-4345-83AD-F71998EFBDD7}.Debug|ARM.Build.0 = Debug|ARM
		{509386D0-711E-4345-83AD-F71998EFBDD7}.Debug|x64.ActiveCfg = Debug|x64
		{509386D0-711E-4345-83AD-F71998EFBDD7}.Debug|x64.Build.0 = Debug|x64
		{509386D0-711E-4345-83AD-F71998EFBDD7}.Debug|x86.ActiveCfg = Debug|x86
		{509386D0-711E-4345-83AD-F71998EFBDD7}.Debug|x86.Build.0 = Debug|x86
		{509386D0-711E-4345-83AD-F71998EFBDD7}.Release|Any CPU.ActiveCfg = Release|Any CPU
		{509386D0-711E-4345-83AD-F71998EFBDD7}.Release|Any CPU.Build.0 = Release|Any CPU
		{509386D0-711E-4345-83AD-F71998EFBDD7}.Release|ARM.ActiveCfg = Release|ARM
		{509386D0-711E-4345-83AD-F71998EFBDD7}.Release|ARM.Build.0 = Release|ARM
		{509386D0-711E-4345-83AD-F71998EFBDD7}.Release|x64.ActiveCfg = Release|x64
		{509386D0-711E-4345-83AD-F71998EFBDD7}.Release|x64.Build.0 = Release|x64
		{509386D0-711E-4345-83AD-F71998EFBDD7}.Release|x86.ActiveCfg = Release|x86
		{509386D0-711E-4345-83AD-F71998EFBDD7}.Release|x86.Build.0 = Release|x86
		{2945EF59-92B1-4E86-9F1A-AB6352152A5A}.Debug|Any CPU.ActiveCfg = Debug|x86
		{2945EF59-92B1-4E86-9F1A-AB6352152A5A}.Debug|Any CPU.Build.0 = Debug|x86
		{2945EF59-92B1-4E86-9F1A-AB6352152A5A}.Debug|Any CPU.Deploy.0 = Debug|x86
		{2945EF59-92B1-4E86-9F1A-AB6352152A5A}.Debug|ARM.ActiveCfg = Debug|ARM
		{2945EF59-92B1-4E86-9F1A-AB6352152A5A}.Debug|ARM.Build.0 = Debug|ARM
		{2945EF59-92B1-4E86-9F1A-AB6352152A5A}.Debug|ARM.Deploy.0 = Debug|ARM
		{2945EF59-92B1-4E86-9F1A-AB6352152A5A}.Debug|x64.ActiveCfg = Debug|x64
		{2945EF59-92B1-4E86-9F1A-AB6352152A5A}.Debug|x64.Build.0 = Debug|x64
		{2945EF59-92B1-4E86-9F1A-AB6352152A5A}.Debug|x64.Deploy.0 = Debug|x64
		{2945EF59-92B1-4E86-9F1A-AB6352152A5A}.Debug|x86.ActiveCfg = Debug|x86
		{2945EF59-92B1-4E86-9F1A-AB6352152A5A}.Debug|x86.Build.0 = Debug|x86
		{2945EF59-92B1-4E86-9F1A-AB6352152A5A}.Debug|x86.Deploy.0 = Debug|x86
		{2945EF59-92B1-4E86-9F1A-AB6352152A5A}.Release|Any CPU.ActiveCfg = Release|x86
		{2945EF59-92B1-4E86-9F1A-AB6352152A5A}.Release|ARM.ActiveCfg = Release|ARM
		{2945EF59-92B1-4E86-9F1A-AB6352152A5A}.Release|ARM.Build.0 = Release|ARM
		{2945EF59-92B1-4E86-9F1A-AB6352152A5A}.Release|ARM.Deploy.0 = Release|ARM
		{2945EF59-92B1-4E86-9F1A-AB6352152A5A}.Release|x64.ActiveCfg = Release|x64
		{2945EF59-92B1-4E86-9F1A-AB6352152A5A}.Release|x64.Build.0 = Release|x64
		{2945EF59-92B1-4E86-9F1A-AB6352152A5A}.Release|x64.Deploy.0 = Release|x64
		{2945EF59-92B1-4E86-9F1A-AB6352152A5A}.Release|x86.ActiveCfg = Release|x86
		{2945EF59-92B1-4E86-9F1A-AB6352152A5A}.Release|x86.Build.0 = Release|x86
		{2945EF59-92B1-4E86-9F1A-AB6352152A5A}.Release|x86.Deploy.0 = Release|x86
		{38AA9DBC-D3FD-41A5-AB1F-3B51522090DD}.Debug|Any CPU.ActiveCfg = Debug|x86
		{38AA9DBC-D3FD-41A5-AB1F-3B51522090DD}.Debug|ARM.ActiveCfg = Debug|ARM
		{38AA9DBC-D3FD-41A5-AB1F-3B51522090DD}.Debug|x64.ActiveCfg = Debug|x64
		{38AA9DBC-D3FD-41A5-AB1F-3B51522090DD}.Debug|x86.ActiveCfg = Debug|x86
		{38AA9DBC-D3FD-41A5-AB1F-3B51522090DD}.Debug|x86.Build.0 = Debug|x86
		{38AA9DBC-D3FD-41A5-AB1F-3B51522090DD}.Debug|x86.Deploy.0 = Debug|x86
		{38AA9DBC-D3FD-41A5-AB1F-3B51522090DD}.Release|Any CPU.ActiveCfg = Release|x86
		{38AA9DBC-D3FD-41A5-AB1F-3B51522090DD}.Release|ARM.ActiveCfg = Release|ARM
		{38AA9DBC-D3FD-41A5-AB1F-3B51522090DD}.Release|ARM.Build.0 = Release|ARM
		{38AA9DBC-D3FD-41A5-AB1F-3B51522090DD}.Release|ARM.Deploy.0 = Release|ARM
		{38AA9DBC-D3FD-41A5-AB1F-3B51522090DD}.Release|x64.ActiveCfg = Release|x64
		{38AA9DBC-D3FD-41A5-AB1F-3B51522090DD}.Release|x64.Build.0 = Release|x64
		{38AA9DBC-D3FD-41A5-AB1F-3B51522090DD}.Release|x64.Deploy.0 = Release|x64
		{38AA9DBC-D3FD-41A5-AB1F-3B51522090DD}.Release|x86.ActiveCfg = Release|x86
		{38AA9DBC-D3FD-41A5-AB1F-3B51522090DD}.Release|x86.Build.0 = Release|x86
		{38AA9DBC-D3FD-41A5-AB1F-3B51522090DD}.Release|x86.Deploy.0 = Release|x86
		{754D3A2E-4E19-45CD-8929-6D895EBE7E56}.Debug|Any CPU.ActiveCfg = Debug|x86
		{754D3A2E-4E19-45CD-8929-6D895EBE7E56}.Debug|ARM.ActiveCfg = Debug|ARM
		{754D3A2E-4E19-45CD-8929-6D895EBE7E56}.Debug|ARM.Build.0 = Debug|ARM
		{754D3A2E-4E19-45CD-8929-6D895EBE7E56}.Debug|ARM.Deploy.0 = Debug|ARM
		{754D3A2E-4E19-45CD-8929-6D895EBE7E56}.Debug|x64.ActiveCfg = Debug|x64
		{754D3A2E-4E19-45CD-8929-6D895EBE7E56}.Debug|x86.ActiveCfg = Debug|x86
		{754D3A2E-4E19-45CD-8929-6D895EBE7E56}.Release|Any CPU.ActiveCfg = Release|x86
		{754D3A2E-4E19-45CD-8929-6D895EBE7E56}.Release|ARM.ActiveCfg = Release|ARM
		{754D3A2E-4E19-45CD-8929-6D895EBE7E56}.Release|ARM.Build.0 = Release|ARM
		{754D3A2E-4E19-45CD-8929-6D895EBE7E56}.Release|ARM.Deploy.0 = Release|ARM
		{754D3A2E-4E19-45CD-8929-6D895EBE7E56}.Release|x64.ActiveCfg = Release|x64
		{754D3A2E-4E19-45CD-8929-6D895EBE7E56}.Release|x64.Build.0 = Release|x64
		{754D3A2E-4E19-45CD-8929-6D895EBE7E56}.Release|x64.Deploy.0 = Release|x64
		{754D3A2E-4E19-45CD-8929-6D895EBE7E56}.Release|x86.ActiveCfg = Release|x86
		{754D3A2E-4E19-45CD-8929-6D895EBE7E56}.Release|x86.Build.0 = Release|x86
		{754D3A2E-4E19-45CD-8929-6D895EBE7E56}.Release|x86.Deploy.0 = Release|x86
		{B05BE65A-D026-4F8F-8455-ADC79DB7851E}.Debug|Any CPU.ActiveCfg = Debug|x86
		{B05BE65A-D026-4F8F-8455-ADC79DB7851E}.Debug|ARM.ActiveCfg = Debug|ARM
		{B05BE65A-D026-4F8F-8455-ADC79DB7851E}.Debug|x64.ActiveCfg = Debug|x64
		{B05BE65A-D026-4F8F-8455-ADC79DB7851E}.Debug|x86.ActiveCfg = Debug|x86
		{B05BE65A-D026-4F8F-8455-ADC79DB7851E}.Release|Any CPU.ActiveCfg = Release|x86
		{B05BE65A-D026-4F8F-8455-ADC79DB7851E}.Release|ARM.ActiveCfg = Release|ARM
		{B05BE65A-D026-4F8F-8455-ADC79DB7851E}.Release|ARM.Build.0 = Release|ARM
		{B05BE65A-D026-4F8F-8455-ADC79DB7851E}.Release|ARM.Deploy.0 = Release|ARM
		{B05BE65A-D026-4F8F-8455-ADC79DB7851E}.Release|x64.ActiveCfg = Release|x64
		{B05BE65A-D026-4F8F-8455-ADC79DB7851E}.Release|x64.Build.0 = Release|x64
		{B05BE65A-D026-4F8F-8455-ADC79DB7851E}.Release|x64.Deploy.0 = Release|x64
		{B05BE65A-D026-4F8F-8455-ADC79DB7851E}.Release|x86.ActiveCfg = Release|x86
		{B05BE65A-D026-4F8F-8455-ADC79DB7851E}.Release|x86.Build.0 = Release|x86
		{B05BE65A-D026-4F8F-8455-ADC79DB7851E}.Release|x86.Deploy.0 = Release|x86
		{5144566E-80EB-4375-9FE2-415808E2051D}.Debug|Any CPU.ActiveCfg = Debug|Any CPU
		{5144566E-80EB-4375-9FE2-415808E2051D}.Debug|Any CPU.Build.0 = Debug|Any CPU
		{5144566E-80EB-4375-9FE2-415808E2051D}.Debug|ARM.ActiveCfg = Debug|ARM
		{5144566E-80EB-4375-9FE2-415808E2051D}.Debug|ARM.Build.0 = Debug|ARM
		{5144566E-80EB-4375-9FE2-415808E2051D}.Debug|x64.ActiveCfg = Debug|x64
		{5144566E-80EB-4375-9FE2-415808E2051D}.Debug|x64.Build.0 = Debug|x64
		{5144566E-80EB-4375-9FE2-415808E2051D}.Debug|x86.ActiveCfg = Debug|x86
		{5144566E-80EB-4375-9FE2-415808E2051D}.Debug|x86.Build.0 = Debug|x86
		{5144566E-80EB-4375-9FE2-415808E2051D}.Release|Any CPU.ActiveCfg = Release|Any CPU
		{5144566E-80EB-4375-9FE2-415808E2051D}.Release|Any CPU.Build.0 = Release|Any CPU
		{5144566E-80EB-4375-9FE2-415808E2051D}.Release|ARM.ActiveCfg = Release|ARM
		{5144566E-80EB-4375-9FE2-415808E2051D}.Release|ARM.Build.0 = Release|ARM
		{5144566E-80EB-4375-9FE2-415808E2051D}.Release|x64.ActiveCfg = Release|x64
		{5144566E-80EB-4375-9FE2-415808E2051D}.Release|x64.Build.0 = Release|x64
		{5144566E-80EB-4375-9FE2-415808E2051D}.Release|x86.ActiveCfg = Release|x86
		{5144566E-80EB-4375-9FE2-415808E2051D}.Release|x86.Build.0 = Release|x86
		{FFD32A47-5ED4-4BE4-9C09-C4B9E9F895BB}.Debug|Any CPU.ActiveCfg = Debug|Any CPU
		{FFD32A47-5ED4-4BE4-9C09-C4B9E9F895BB}.Debug|Any CPU.Build.0 = Debug|Any CPU
		{FFD32A47-5ED4-4BE4-9C09-C4B9E9F895BB}.Debug|ARM.ActiveCfg = Debug|ARM
		{FFD32A47-5ED4-4BE4-9C09-C4B9E9F895BB}.Debug|ARM.Build.0 = Debug|ARM
		{FFD32A47-5ED4-4BE4-9C09-C4B9E9F895BB}.Debug|x64.ActiveCfg = Debug|x64
		{FFD32A47-5ED4-4BE4-9C09-C4B9E9F895BB}.Debug|x64.Build.0 = Debug|x64
		{FFD32A47-5ED4-4BE4-9C09-C4B9E9F895BB}.Debug|x86.ActiveCfg = Debug|x86
		{FFD32A47-5ED4-4BE4-9C09-C4B9E9F895BB}.Debug|x86.Build.0 = Debug|x86
		{FFD32A47-5ED4-4BE4-9C09-C4B9E9F895BB}.Release|Any CPU.ActiveCfg = Release|Any CPU
		{FFD32A47-5ED4-4BE4-9C09-C4B9E9F895BB}.Release|Any CPU.Build.0 = Release|Any CPU
		{FFD32A47-5ED4-4BE4-9C09-C4B9E9F895BB}.Release|ARM.ActiveCfg = Release|ARM
		{FFD32A47-5ED4-4BE4-9C09-C4B9E9F895BB}.Release|ARM.Build.0 = Release|ARM
		{FFD32A47-5ED4-4BE4-9C09-C4B9E9F895BB}.Release|x64.ActiveCfg = Release|x64
		{FFD32A47-5ED4-4BE4-9C09-C4B9E9F895BB}.Release|x64.Build.0 = Release|x64
		{FFD32A47-5ED4-4BE4-9C09-C4B9E9F895BB}.Release|x86.ActiveCfg = Release|x86
		{FFD32A47-5ED4-4BE4-9C09-C4B9E9F895BB}.Release|x86.Build.0 = Release|x86
		{C8A3DAF1-C15F-4164-B300-061E17A3898B}.Debug|Any CPU.ActiveCfg = Debug|x86
		{C8A3DAF1-C15F-4164-B300-061E17A3898B}.Debug|ARM.ActiveCfg = Debug|ARM
		{C8A3DAF1-C15F-4164-B300-061E17A3898B}.Debug|x64.ActiveCfg = Debug|x64
		{C8A3DAF1-C15F-4164-B300-061E17A3898B}.Debug|x86.ActiveCfg = Debug|x86
		{C8A3DAF1-C15F-4164-B300-061E17A3898B}.Release|Any CPU.ActiveCfg = Release|x86
		{C8A3DAF1-C15F-4164-B300-061E17A3898B}.Release|ARM.ActiveCfg = Release|ARM
		{C8A3DAF1-C15F-4164-B300-061E17A3898B}.Release|ARM.Build.0 = Release|ARM
		{C8A3DAF1-C15F-4164-B300-061E17A3898B}.Release|ARM.Deploy.0 = Release|ARM
		{C8A3DAF1-C15F-4164-B300-061E17A3898B}.Release|x64.ActiveCfg = Release|x64
		{C8A3DAF1-C15F-4164-B300-061E17A3898B}.Release|x64.Build.0 = Release|x64
		{C8A3DAF1-C15F-4164-B300-061E17A3898B}.Release|x64.Deploy.0 = Release|x64
		{C8A3DAF1-C15F-4164-B300-061E17A3898B}.Release|x86.ActiveCfg = Release|x86
		{C8A3DAF1-C15F-4164-B300-061E17A3898B}.Release|x86.Build.0 = Release|x86
		{C8A3DAF1-C15F-4164-B300-061E17A3898B}.Release|x86.Deploy.0 = Release|x86
		{913CB595-CF9A-4701-8AF8-DC4C3864347A}.Debug|Any CPU.ActiveCfg = Debug|x86
		{913CB595-CF9A-4701-8AF8-DC4C3864347A}.Debug|ARM.ActiveCfg = Debug|ARM
		{913CB595-CF9A-4701-8AF8-DC4C3864347A}.Debug|x64.ActiveCfg = Debug|x64
		{913CB595-CF9A-4701-8AF8-DC4C3864347A}.Debug|x86.ActiveCfg = Debug|x86
		{913CB595-CF9A-4701-8AF8-DC4C3864347A}.Release|Any CPU.ActiveCfg = Release|x86
		{913CB595-CF9A-4701-8AF8-DC4C3864347A}.Release|Any CPU.Build.0 = Release|x86
		{913CB595-CF9A-4701-8AF8-DC4C3864347A}.Release|Any CPU.Deploy.0 = Release|x86
		{913CB595-CF9A-4701-8AF8-DC4C3864347A}.Release|ARM.ActiveCfg = Release|ARM
		{913CB595-CF9A-4701-8AF8-DC4C3864347A}.Release|ARM.Build.0 = Release|ARM
		{913CB595-CF9A-4701-8AF8-DC4C3864347A}.Release|ARM.Deploy.0 = Release|ARM
		{913CB595-CF9A-4701-8AF8-DC4C3864347A}.Release|x64.ActiveCfg = Release|x64
		{913CB595-CF9A-4701-8AF8-DC4C3864347A}.Release|x64.Build.0 = Release|x64
		{913CB595-CF9A-4701-8AF8-DC4C3864347A}.Release|x64.Deploy.0 = Release|x64
		{913CB595-CF9A-4701-8AF8-DC4C3864347A}.Release|x86.ActiveCfg = Release|x86
		{913CB595-CF9A-4701-8AF8-DC4C3864347A}.Release|x86.Build.0 = Release|x86
		{913CB595-CF9A-4701-8AF8-DC4C3864347A}.Release|x86.Deploy.0 = Release|x86
		{39DF4851-C1CD-4700-A926-B1FE2CF00315}.Debug|Any CPU.ActiveCfg = Debug|x86
		{39DF4851-C1CD-4700-A926-B1FE2CF00315}.Debug|ARM.ActiveCfg = Debug|ARM
		{39DF4851-C1CD-4700-A926-B1FE2CF00315}.Debug|ARM.Build.0 = Debug|ARM
		{39DF4851-C1CD-4700-A926-B1FE2CF00315}.Debug|ARM.Deploy.0 = Debug|ARM
		{39DF4851-C1CD-4700-A926-B1FE2CF00315}.Debug|x64.ActiveCfg = Debug|x64
		{39DF4851-C1CD-4700-A926-B1FE2CF00315}.Debug|x64.Build.0 = Debug|x64
		{39DF4851-C1CD-4700-A926-B1FE2CF00315}.Debug|x64.Deploy.0 = Debug|x64
		{39DF4851-C1CD-4700-A926-B1FE2CF00315}.Debug|x86.ActiveCfg = Debug|x86
		{39DF4851-C1CD-4700-A926-B1FE2CF00315}.Debug|x86.Build.0 = Debug|x86
		{39DF4851-C1CD-4700-A926-B1FE2CF00315}.Debug|x86.Deploy.0 = Debug|x86
		{39DF4851-C1CD-4700-A926-B1FE2CF00315}.Release|Any CPU.ActiveCfg = Release|x86
		{39DF4851-C1CD-4700-A926-B1FE2CF00315}.Release|ARM.ActiveCfg = Release|ARM
		{39DF4851-C1CD-4700-A926-B1FE2CF00315}.Release|ARM.Build.0 = Release|ARM
		{39DF4851-C1CD-4700-A926-B1FE2CF00315}.Release|ARM.Deploy.0 = Release|ARM
		{39DF4851-C1CD-4700-A926-B1FE2CF00315}.Release|x64.ActiveCfg = Release|x64
		{39DF4851-C1CD-4700-A926-B1FE2CF00315}.Release|x64.Build.0 = Release|x64
		{39DF4851-C1CD-4700-A926-B1FE2CF00315}.Release|x64.Deploy.0 = Release|x64
		{39DF4851-C1CD-4700-A926-B1FE2CF00315}.Release|x86.ActiveCfg = Release|x86
		{39DF4851-C1CD-4700-A926-B1FE2CF00315}.Release|x86.Build.0 = Release|x86
		{39DF4851-C1CD-4700-A926-B1FE2CF00315}.Release|x86.Deploy.0 = Release|x86
		{E3A91BCE-0AEC-4B1A-A743-1C1481210D83}.Debug|Any CPU.ActiveCfg = Debug|x86
		{E3A91BCE-0AEC-4B1A-A743-1C1481210D83}.Debug|ARM.ActiveCfg = Debug|ARM
		{E3A91BCE-0AEC-4B1A-A743-1C1481210D83}.Debug|ARM.Build.0 = Debug|ARM
		{E3A91BCE-0AEC-4B1A-A743-1C1481210D83}.Debug|ARM.Deploy.0 = Debug|ARM
		{E3A91BCE-0AEC-4B1A-A743-1C1481210D83}.Debug|x64.ActiveCfg = Debug|x64
		{E3A91BCE-0AEC-4B1A-A743-1C1481210D83}.Debug|x64.Build.0 = Debug|x64
		{E3A91BCE-0AEC-4B1A-A743-1C1481210D83}.Debug|x64.Deploy.0 = Debug|x64
		{E3A91BCE-0AEC-4B1A-A743-1C1481210D83}.Debug|x86.ActiveCfg = Debug|x86
		{E3A91BCE-0AEC-4B1A-A743-1C1481210D83}.Debug|x86.Build.0 = Debug|x86
		{E3A91BCE-0AEC-4B1A-A743-1C1481210D83}.Debug|x86.Deploy.0 = Debug|x86
		{E3A91BCE-0AEC-4B1A-A743-1C1481210D83}.Release|Any CPU.ActiveCfg = Release|x86
		{E3A91BCE-0AEC-4B1A-A743-1C1481210D83}.Release|ARM.ActiveCfg = Release|ARM
		{E3A91BCE-0AEC-4B1A-A743-1C1481210D83}.Release|ARM.Build.0 = Release|ARM
		{E3A91BCE-0AEC-4B1A-A743-1C1481210D83}.Release|ARM.Deploy.0 = Release|ARM
		{E3A91BCE-0AEC-4B1A-A743-1C1481210D83}.Release|x64.ActiveCfg = Release|x64
		{E3A91BCE-0AEC-4B1A-A743-1C1481210D83}.Release|x64.Build.0 = Release|x64
		{E3A91BCE-0AEC-4B1A-A743-1C1481210D83}.Release|x64.Deploy.0 = Release|x64
		{E3A91BCE-0AEC-4B1A-A743-1C1481210D83}.Release|x86.ActiveCfg = Release|x86
		{E3A91BCE-0AEC-4B1A-A743-1C1481210D83}.Release|x86.Build.0 = Release|x86
		{E3A91BCE-0AEC-4B1A-A743-1C1481210D83}.Release|x86.Deploy.0 = Release|x86
		{C0299915-1F77-4221-9FDE-0D092FC19B9E}.Debug|Any CPU.ActiveCfg = Debug|x86
		{C0299915-1F77-4221-9FDE-0D092FC19B9E}.Debug|ARM.ActiveCfg = Debug|ARM
		{C0299915-1F77-4221-9FDE-0D092FC19B9E}.Debug|ARM.Build.0 = Debug|ARM
		{C0299915-1F77-4221-9FDE-0D092FC19B9E}.Debug|ARM.Deploy.0 = Debug|ARM
		{C0299915-1F77-4221-9FDE-0D092FC19B9E}.Debug|x64.ActiveCfg = Debug|x64
		{C0299915-1F77-4221-9FDE-0D092FC19B9E}.Debug|x64.Build.0 = Debug|x64
		{C0299915-1F77-4221-9FDE-0D092FC19B9E}.Debug|x64.Deploy.0 = Debug|x64
		{C0299915-1F77-4221-9FDE-0D092FC19B9E}.Debug|x86.ActiveCfg = Debug|x86
		{C0299915-1F77-4221-9FDE-0D092FC19B9E}.Debug|x86.Build.0 = Debug|x86
		{C0299915-1F77-4221-9FDE-0D092FC19B9E}.Debug|x86.Deploy.0 = Debug|x86
		{C0299915-1F77-4221-9FDE-0D092FC19B9E}.Release|Any CPU.ActiveCfg = Release|x86
		{C0299915-1F77-4221-9FDE-0D092FC19B9E}.Release|ARM.ActiveCfg = Release|ARM
		{C0299915-1F77-4221-9FDE-0D092FC19B9E}.Release|ARM.Build.0 = Release|ARM
		{C0299915-1F77-4221-9FDE-0D092FC19B9E}.Release|ARM.Deploy.0 = Release|ARM
		{C0299915-1F77-4221-9FDE-0D092FC19B9E}.Release|x64.ActiveCfg = Release|x64
		{C0299915-1F77-4221-9FDE-0D092FC19B9E}.Release|x64.Build.0 = Release|x64
		{C0299915-1F77-4221-9FDE-0D092FC19B9E}.Release|x64.Deploy.0 = Release|x64
		{C0299915-1F77-4221-9FDE-0D092FC19B9E}.Release|x86.ActiveCfg = Release|x86
		{C0299915-1F77-4221-9FDE-0D092FC19B9E}.Release|x86.Build.0 = Release|x86
		{C0299915-1F77-4221-9FDE-0D092FC19B9E}.Release|x86.Deploy.0 = Release|x86
		{96766253-7F52-43E2-8D7D-5C439C19DDE4}.Debug|Any CPU.ActiveCfg = Debug|Any CPU
		{96766253-7F52-43E2-8D7D-5C439C19DDE4}.Debug|Any CPU.Build.0 = Debug|Any CPU
		{96766253-7F52-43E2-8D7D-5C439C19DDE4}.Debug|ARM.ActiveCfg = Debug|Any CPU
		{96766253-7F52-43E2-8D7D-5C439C19DDE4}.Debug|ARM.Build.0 = Debug|Any CPU
		{96766253-7F52-43E2-8D7D-5C439C19DDE4}.Debug|x64.ActiveCfg = Debug|Any CPU
		{96766253-7F52-43E2-8D7D-5C439C19DDE4}.Debug|x64.Build.0 = Debug|Any CPU
		{96766253-7F52-43E2-8D7D-5C439C19DDE4}.Debug|x86.ActiveCfg = Debug|Any CPU
		{96766253-7F52-43E2-8D7D-5C439C19DDE4}.Debug|x86.Build.0 = Debug|Any CPU
		{96766253-7F52-43E2-8D7D-5C439C19DDE4}.Release|Any CPU.ActiveCfg = Release|Any CPU
		{96766253-7F52-43E2-8D7D-5C439C19DDE4}.Release|Any CPU.Build.0 = Release|Any CPU
		{96766253-7F52-43E2-8D7D-5C439C19DDE4}.Release|ARM.ActiveCfg = Release|Any CPU
		{96766253-7F52-43E2-8D7D-5C439C19DDE4}.Release|ARM.Build.0 = Release|Any CPU
		{96766253-7F52-43E2-8D7D-5C439C19DDE4}.Release|x64.ActiveCfg = Release|Any CPU
		{96766253-7F52-43E2-8D7D-5C439C19DDE4}.Release|x64.Build.0 = Release|Any CPU
		{96766253-7F52-43E2-8D7D-5C439C19DDE4}.Release|x86.ActiveCfg = Release|Any CPU
		{96766253-7F52-43E2-8D7D-5C439C19DDE4}.Release|x86.Build.0 = Release|Any CPU
		{43417386-DDD5-422A-A563-CB666857C59C}.Debug|Any CPU.ActiveCfg = Debug|Any CPU
		{43417386-DDD5-422A-A563-CB666857C59C}.Debug|Any CPU.Build.0 = Debug|Any CPU
		{43417386-DDD5-422A-A563-CB666857C59C}.Debug|ARM.ActiveCfg = Debug|ARM
		{43417386-DDD5-422A-A563-CB666857C59C}.Debug|ARM.Build.0 = Debug|ARM
		{43417386-DDD5-422A-A563-CB666857C59C}.Debug|x64.ActiveCfg = Debug|x64
		{43417386-DDD5-422A-A563-CB666857C59C}.Debug|x64.Build.0 = Debug|x64
		{43417386-DDD5-422A-A563-CB666857C59C}.Debug|x86.ActiveCfg = Debug|x86
		{43417386-DDD5-422A-A563-CB666857C59C}.Debug|x86.Build.0 = Debug|x86
		{43417386-DDD5-422A-A563-CB666857C59C}.Release|Any CPU.ActiveCfg = Release|Any CPU
		{43417386-DDD5-422A-A563-CB666857C59C}.Release|Any CPU.Build.0 = Release|Any CPU
		{43417386-DDD5-422A-A563-CB666857C59C}.Release|ARM.ActiveCfg = Release|ARM
		{43417386-DDD5-422A-A563-CB666857C59C}.Release|ARM.Build.0 = Release|ARM
		{43417386-DDD5-422A-A563-CB666857C59C}.Release|x64.ActiveCfg = Release|x64
		{43417386-DDD5-422A-A563-CB666857C59C}.Release|x64.Build.0 = Release|x64
		{43417386-DDD5-422A-A563-CB666857C59C}.Release|x86.ActiveCfg = Release|x86
		{43417386-DDD5-422A-A563-CB666857C59C}.Release|x86.Build.0 = Release|x86
		{63025C8D-27A4-4C7C-B613-53CD63130F52}.Debug|Any CPU.ActiveCfg = Debug|Any CPU
		{63025C8D-27A4-4C7C-B613-53CD63130F52}.Debug|Any CPU.Build.0 = Debug|Any CPU
		{63025C8D-27A4-4C7C-B613-53CD63130F52}.Debug|ARM.ActiveCfg = Debug|ARM
		{63025C8D-27A4-4C7C-B613-53CD63130F52}.Debug|ARM.Build.0 = Debug|ARM
		{63025C8D-27A4-4C7C-B613-53CD63130F52}.Debug|x64.ActiveCfg = Debug|x64
		{63025C8D-27A4-4C7C-B613-53CD63130F52}.Debug|x64.Build.0 = Debug|x64
		{63025C8D-27A4-4C7C-B613-53CD63130F52}.Debug|x86.ActiveCfg = Debug|x86
		{63025C8D-27A4-4C7C-B613-53CD63130F52}.Debug|x86.Build.0 = Debug|x86
		{63025C8D-27A4-4C7C-B613-53CD63130F52}.Release|Any CPU.ActiveCfg = Release|Any CPU
		{63025C8D-27A4-4C7C-B613-53CD63130F52}.Release|Any CPU.Build.0 = Release|Any CPU
		{63025C8D-27A4-4C7C-B613-53CD63130F52}.Release|ARM.ActiveCfg = Release|ARM
		{63025C8D-27A4-4C7C-B613-53CD63130F52}.Release|ARM.Build.0 = Release|ARM
		{63025C8D-27A4-4C7C-B613-53CD63130F52}.Release|x64.ActiveCfg = Release|x64
		{63025C8D-27A4-4C7C-B613-53CD63130F52}.Release|x64.Build.0 = Release|x64
		{63025C8D-27A4-4C7C-B613-53CD63130F52}.Release|x86.ActiveCfg = Release|x86
		{63025C8D-27A4-4C7C-B613-53CD63130F52}.Release|x86.Build.0 = Release|x86
		{F67702AC-A6E9-418F-A3AF-2108F878BD1E}.Debug|Any CPU.ActiveCfg = Debug|Any CPU
		{F67702AC-A6E9-418F-A3AF-2108F878BD1E}.Debug|Any CPU.Build.0 = Debug|Any CPU
		{F67702AC-A6E9-418F-A3AF-2108F878BD1E}.Debug|ARM.ActiveCfg = Debug|ARM
		{F67702AC-A6E9-418F-A3AF-2108F878BD1E}.Debug|ARM.Build.0 = Debug|ARM
		{F67702AC-A6E9-418F-A3AF-2108F878BD1E}.Debug|x64.ActiveCfg = Debug|x64
		{F67702AC-A6E9-418F-A3AF-2108F878BD1E}.Debug|x64.Build.0 = Debug|x64
		{F67702AC-A6E9-418F-A3AF-2108F878BD1E}.Debug|x86.ActiveCfg = Debug|x86
		{F67702AC-A6E9-418F-A3AF-2108F878BD1E}.Debug|x86.Build.0 = Debug|x86
		{F67702AC-A6E9-418F-A3AF-2108F878BD1E}.Release|Any CPU.ActiveCfg = Release|Any CPU
		{F67702AC-A6E9-418F-A3AF-2108F878BD1E}.Release|Any CPU.Build.0 = Release|Any CPU
		{F67702AC-A6E9-418F-A3AF-2108F878BD1E}.Release|ARM.ActiveCfg = Release|ARM
		{F67702AC-A6E9-418F-A3AF-2108F878BD1E}.Release|ARM.Build.0 = Release|ARM
		{F67702AC-A6E9-418F-A3AF-2108F878BD1E}.Release|x64.ActiveCfg = Release|x64
		{F67702AC-A6E9-418F-A3AF-2108F878BD1E}.Release|x64.Build.0 = Release|x64
		{F67702AC-A6E9-418F-A3AF-2108F878BD1E}.Release|x86.ActiveCfg = Release|x86
		{F67702AC-A6E9-418F-A3AF-2108F878BD1E}.Release|x86.Build.0 = Release|x86
		{FFECBCBE-453B-49D7-8FDE-12C4A752A27B}.Debug|Any CPU.ActiveCfg = Debug|Any CPU
		{FFECBCBE-453B-49D7-8FDE-12C4A752A27B}.Debug|Any CPU.Build.0 = Debug|Any CPU
		{FFECBCBE-453B-49D7-8FDE-12C4A752A27B}.Debug|ARM.ActiveCfg = Debug|ARM
		{FFECBCBE-453B-49D7-8FDE-12C4A752A27B}.Debug|ARM.Build.0 = Debug|ARM
		{FFECBCBE-453B-49D7-8FDE-12C4A752A27B}.Debug|x64.ActiveCfg = Debug|x64
		{FFECBCBE-453B-49D7-8FDE-12C4A752A27B}.Debug|x64.Build.0 = Debug|x64
		{FFECBCBE-453B-49D7-8FDE-12C4A752A27B}.Debug|x86.ActiveCfg = Debug|x86
		{FFECBCBE-453B-49D7-8FDE-12C4A752A27B}.Debug|x86.Build.0 = Debug|x86
		{FFECBCBE-453B-49D7-8FDE-12C4A752A27B}.Release|Any CPU.ActiveCfg = Release|Any CPU
		{FFECBCBE-453B-49D7-8FDE-12C4A752A27B}.Release|Any CPU.Build.0 = Release|Any CPU
		{FFECBCBE-453B-49D7-8FDE-12C4A752A27B}.Release|ARM.ActiveCfg = Release|ARM
		{FFECBCBE-453B-49D7-8FDE-12C4A752A27B}.Release|ARM.Build.0 = Release|ARM
		{FFECBCBE-453B-49D7-8FDE-12C4A752A27B}.Release|x64.ActiveCfg = Release|x64
		{FFECBCBE-453B-49D7-8FDE-12C4A752A27B}.Release|x64.Build.0 = Release|x64
		{FFECBCBE-453B-49D7-8FDE-12C4A752A27B}.Release|x86.ActiveCfg = Release|x86
		{FFECBCBE-453B-49D7-8FDE-12C4A752A27B}.Release|x86.Build.0 = Release|x86
	EndGlobalSection
	GlobalSection(SolutionProperties) = preSolution
		HideSolutionNode = FALSE
	EndGlobalSection
	GlobalSection(NestedProjects) = preSolution
		{8560342F-4F61-49AB-9679-1941DB551025} = {24A5D7B0-1F6D-45DB-A69A-AB61D16FD289}
		{509386D0-711E-4345-83AD-F71998EFBDD7} = {F7E281DE-20B5-45A5-B028-C2126F367454}
		{2945EF59-92B1-4E86-9F1A-AB6352152A5A} = {24A5D7B0-1F6D-45DB-A69A-AB61D16FD289}
		{38AA9DBC-D3FD-41A5-AB1F-3B51522090DD} = {5B51BCDD-80FD-482E-B310-23272E82BA29}
		{754D3A2E-4E19-45CD-8929-6D895EBE7E56} = {5B51BCDD-80FD-482E-B310-23272E82BA29}
		{B05BE65A-D026-4F8F-8455-ADC79DB7851E} = {5B51BCDD-80FD-482E-B310-23272E82BA29}
		{B7A32690-D854-4B29-A995-FA3623879A43} = {866CAE3A-91A3-43CC-B7F8-C6A43F54B3D3}
		{5144566E-80EB-4375-9FE2-415808E2051D} = {B7A32690-D854-4B29-A995-FA3623879A43}
		{FFD32A47-5ED4-4BE4-9C09-C4B9E9F895BB} = {BCA90A0F-E32C-478A-8DD9-54B73D52AEBC}
		{C8A3DAF1-C15F-4164-B300-061E17A3898B} = {5B51BCDD-80FD-482E-B310-23272E82BA29}
		{913CB595-CF9A-4701-8AF8-DC4C3864347A} = {5B51BCDD-80FD-482E-B310-23272E82BA29}
		{F7E281DE-20B5-45A5-B028-C2126F367454} = {866CAE3A-91A3-43CC-B7F8-C6A43F54B3D3}
		{39DF4851-C1CD-4700-A926-B1FE2CF00315} = {24A5D7B0-1F6D-45DB-A69A-AB61D16FD289}
		{E3A91BCE-0AEC-4B1A-A743-1C1481210D83} = {5B51BCDD-80FD-482E-B310-23272E82BA29}
		{C0299915-1F77-4221-9FDE-0D092FC19B9E} = {5B51BCDD-80FD-482E-B310-23272E82BA29}
		{96766253-7F52-43E2-8D7D-5C439C19DDE4} = {BCA90A0F-E32C-478A-8DD9-54B73D52AEBC}
		{43417386-DDD5-422A-A563-CB666857C59C} = {BCA90A0F-E32C-478A-8DD9-54B73D52AEBC}
		{63025C8D-27A4-4C7C-B613-53CD63130F52} = {BCA90A0F-E32C-478A-8DD9-54B73D52AEBC}
		{F67702AC-A6E9-418F-A3AF-2108F878BD1E} = {BCA90A0F-E32C-478A-8DD9-54B73D52AEBC}
		{FFECBCBE-453B-49D7-8FDE-12C4A752A27B} = {BCA90A0F-E32C-478A-8DD9-54B73D52AEBC}
	EndGlobalSection
	GlobalSection(ExtensibilityGlobals) = postSolution
		SolutionGuid = {AF8FFA0D-A012-4D75-AC31-78B850E265E5}
	EndGlobalSection
EndGlobal
