
Microsoft Visual Studio Solution File, Format Version 12.00
# Visual Studio 15
VisualStudioVersion = 15.0.26430.6
MinimumVisualStudioVersion = 10.0.40219.1
Project("{FAE04EC0-301F-11D3-BF4B-00C04F79EFBC}") = "Template10.Controls.RingSegment", "Template10.Controls.RingSegment.csproj", "{84415006-A82C-40DC-A8B4-176AFC0CF517}"
EndProject
Project("{2150E333-8FDC-42A3-9474-1A3956D46DE8}") = "Solution Items", "Solution Items", "{E86B7B44-F521-4B7E-A95E-858EC45653DE}"
	ProjectSection(SolutionItems) = preProject
		..\readme.md = ..\readme.md
	EndProjectSection
EndProject
Project("{FAE04EC0-301F-11D3-BF4B-00C04F79EFBC}") = "RingSegmentDemo", "..\Demo\RingSegmentDemo\RingSegmentDemo.csproj", "{38AA9DBC-D3FD-41A5-AB1F-3B51522090DD}"
EndProject
Project("{2150E333-8FDC-42A3-9474-1A3956D46DE8}") = "Demo", "Demo", "{3B5F0224-F4B4-4868-A575-4F5252708C99}"
EndProject
Project("{2150E333-8FDC-42A3-9474-1A3956D46DE8}") = "Control", "Control", "{30E272E9-CEA7-4ADE-A73E-B540ADDB41E4}"
EndProject
Project("{2150E333-8FDC-42A3-9474-1A3956D46DE8}") = "Nuget", "Nuget", "{5C3E2CAD-8A03-4CC2-A4D6-337438C8BC91}"
	ProjectSection(SolutionItems) = preProject
		..\Nuget\build.cmd = ..\Nuget\build.cmd
		..\Nuget\nuget.nuspec = ..\Nuget\nuget.nuspec
		..\Nuget\nuget.targets = ..\Nuget\nuget.targets
	EndProjectSection
EndProject
Global
	GlobalSection(SolutionConfigurationPlatforms) = preSolution
		Debug|Any CPU = Debug|Any CPU
		Debug|ARM = Debug|ARM
		Debug|x64 = Debug|x64
		Debug|x86 = Debug|x86
		Release|Any CPU = Release|Any CPU
		Release|ARM = Release|ARM
		Release|x64 = Release|x64
		Release|x86 = Release|x86
	EndGlobalSection
	GlobalSection(ProjectConfigurationPlatforms) = postSolution
		{84415006-A82C-40DC-A8B4-176AFC0CF517}.Debug|Any CPU.ActiveCfg = Debug|Any CPU
		{84415006-A82C-40DC-A8B4-176AFC0CF517}.Debug|Any CPU.Build.0 = Debug|Any CPU
		{84415006-A82C-40DC-A8B4-176AFC0CF517}.Debug|ARM.ActiveCfg = Debug|ARM
		{84415006-A82C-40DC-A8B4-176AFC0CF517}.Debug|ARM.Build.0 = Debug|ARM
		{84415006-A82C-40DC-A8B4-176AFC0CF517}.Debug|x64.ActiveCfg = Debug|x64
		{84415006-A82C-40DC-A8B4-176AFC0CF517}.Debug|x64.Build.0 = Debug|x64
		{84415006-A82C-40DC-A8B4-176AFC0CF517}.Debug|x86.ActiveCfg = Debug|x86
		{84415006-A82C-40DC-A8B4-176AFC0CF517}.Debug|x86.Build.0 = Debug|x86
		{84415006-A82C-40DC-A8B4-176AFC0CF517}.Release|Any CPU.ActiveCfg = Release|Any CPU
		{84415006-A82C-40DC-A8B4-176AFC0CF517}.Release|Any CPU.Build.0 = Release|Any CPU
		{84415006-A82C-40DC-A8B4-176AFC0CF517}.Release|ARM.ActiveCfg = Release|ARM
		{84415006-A82C-40DC-A8B4-176AFC0CF517}.Release|ARM.Build.0 = Release|ARM
		{84415006-A82C-40DC-A8B4-176AFC0CF517}.Release|x64.ActiveCfg = Release|x64
		{84415006-A82C-40DC-A8B4-176AFC0CF517}.Release|x64.Build.0 = Release|x64
		{84415006-A82C-40DC-A8B4-176AFC0CF517}.Release|x86.ActiveCfg = Release|x86
		{84415006-A82C-40DC-A8B4-176AFC0CF517}.Release|x86.Build.0 = Release|x86
		{38AA9DBC-D3FD-41A5-AB1F-3B51522090DD}.Debug|Any CPU.ActiveCfg = Debug|x86
		{38AA9DBC-D3FD-41A5-AB1F-3B51522090DD}.Debug|Any CPU.Build.0 = Debug|x86
		{38AA9DBC-D3FD-41A5-AB1F-3B51522090DD}.Debug|Any CPU.Deploy.0 = Debug|x86
		{38AA9DBC-D3FD-41A5-AB1F-3B51522090DD}.Debug|ARM.ActiveCfg = Debug|ARM
		{38AA9DBC-D3FD-41A5-AB1F-3B51522090DD}.Debug|ARM.Build.0 = Debug|ARM
		{38AA9DBC-D3FD-41A5-AB1F-3B51522090DD}.Debug|ARM.Deploy.0 = Debug|ARM
		{38AA9DBC-D3FD-41A5-AB1F-3B51522090DD}.Debug|x64.ActiveCfg = Debug|x64
		{38AA9DBC-D3FD-41A5-AB1F-3B51522090DD}.Debug|x64.Build.0 = Debug|x64
		{38AA9DBC-D3FD-41A5-AB1F-3B51522090DD}.Debug|x64.Deploy.0 = Debug|x64
		{38AA9DBC-D3FD-41A5-AB1F-3B51522090DD}.Debug|x86.ActiveCfg = Debug|x86
		{38AA9DBC-D3FD-41A5-AB1F-3B51522090DD}.Debug|x86.Build.0 = Debug|x86
		{38AA9DBC-D3FD-41A5-AB1F-3B51522090DD}.Debug|x86.Deploy.0 = Debug|x86
		{38AA9DBC-D3FD-41A5-AB1F-3B51522090DD}.Release|Any CPU.ActiveCfg = Release|x86
		{38AA9DBC-D3FD-41A5-AB1F-3B51522090DD}.Release|ARM.ActiveCfg = Release|ARM
		{38AA9DBC-D3FD-41A5-AB1F-3B51522090DD}.Release|ARM.Build.0 = Release|ARM
		{38AA9DBC-D3FD-41A5-AB1F-3B51522090DD}.Release|ARM.Deploy.0 = Release|ARM
		{38AA9DBC-D3FD-41A5-AB1F-3B51522090DD}.Release|x64.ActiveCfg = Release|x64
		{38AA9DBC-D3FD-41A5-AB1F-3B51522090DD}.Release|x64.Build.0 = Release|x64
		{38AA9DBC-D3FD-41A5-AB1F-3B51522090DD}.Release|x64.Deploy.0 = Release|x64
		{38AA9DBC-D3FD-41A5-AB1F-3B51522090DD}.Release|x86.ActiveCfg = Release|x86
		{38AA9DBC-D3FD-41A5-AB1F-3B51522090DD}.Release|x86.Build.0 = Release|x86
		{38AA9DBC-D3FD-41A5-AB1F-3B51522090DD}.Release|x86.Deploy.0 = Release|x86
	EndGlobalSection
	GlobalSection(SolutionProperties) = preSolution
		HideSolutionNode = FALSE
	EndGlobalSection
	GlobalSection(NestedProjects) = preSolution
		{84415006-A82C-40DC-A8B4-176AFC0CF517} = {30E272E9-CEA7-4ADE-A73E-B540ADDB41E4}
		{38AA9DBC-D3FD-41A5-AB1F-3B51522090DD} = {3B5F0224-F4B4-4868-A575-4F5252708C99}
	EndGlobalSection
EndGlobal
