
Microsoft Visual Studio Solution File, Format Version 12.00
# Visual Studio Version 16
VisualStudioVersion = 16.0.29806.167
MinimumVisualStudioVersion = 10.0.40219.1
Project("{2150E333-8FDC-42A3-9474-1A3956D46DE8}") = "Services", "Services", "{0AFD6D99-7BA8-43E3-AA4C-B485EAAA8B81}"
EndProject
Project("{2150E333-8FDC-42A3-9474-1A3956D46DE8}") = "Services.Tests", "Services.Tests", "{7CF64DFE-94B1-4DC2-99F7-CBF2D3BDF77E}"
EndProject
Project("{FAE04EC0-301F-11D3-BF4B-00C04F79EFBC}") = "Template10.Services.Serialization.Tests", "..\Template10.Services.Serialization.Tests\Template10.Services.Serialization.Tests.csproj", "{F321C025-F4E0-43B3-BDA5-48C7A6619827}"
EndProject
Project("{9A19103F-16F7-4668-BE54-9A1E7A4F7556}") = "Template10.Services.Serialization", "..\..\Template10.Services.Serialization\Template10.Services.Serialization.csproj", "{D9F0AE00-BC8D-4154-A615-9899F226B086}"
EndProject
Global
	GlobalSection(SolutionConfigurationPlatforms) = preSolution
		Debug|Any CPU = Debug|Any CPU
		Debug|ARM = Debug|ARM
		Debug|ARM64 = Debug|ARM64
		Debug|x64 = Debug|x64
		Debug|x86 = Debug|x86
		Release|Any CPU = Release|Any CPU
		Release|ARM = Release|ARM
		Release|ARM64 = Release|ARM64
		Release|x64 = Release|x64
		Release|x86 = Release|x86
	EndGlobalSection
	GlobalSection(ProjectConfigurationPlatforms) = postSolution
		{F321C025-F4E0-43B3-BDA5-48C7A6619827}.Debug|Any CPU.ActiveCfg = Debug|x86
		{F321C025-F4E0-43B3-BDA5-48C7A6619827}.Debug|Any CPU.Build.0 = Debug|x86
		{F321C025-F4E0-43B3-BDA5-48C7A6619827}.Debug|Any CPU.Deploy.0 = Debug|x86
		{F321C025-F4E0-43B3-BDA5-48C7A6619827}.Debug|ARM.ActiveCfg = Debug|ARM
		{F321C025-F4E0-43B3-BDA5-48C7A6619827}.Debug|ARM.Build.0 = Debug|ARM
		{F321C025-F4E0-43B3-BDA5-48C7A6619827}.Debug|ARM.Deploy.0 = Debug|ARM
		{F321C025-F4E0-43B3-BDA5-48C7A6619827}.Debug|ARM64.ActiveCfg = Debug|ARM64
		{F321C025-F4E0-43B3-BDA5-48C7A6619827}.Debug|ARM64.Build.0 = Debug|ARM64
		{F321C025-F4E0-43B3-BDA5-48C7A6619827}.Debug|ARM64.Deploy.0 = Debug|ARM64
		{F321C025-F4E0-43B3-BDA5-48C7A6619827}.Debug|x64.ActiveCfg = Debug|x64
		{F321C025-F4E0-43B3-BDA5-48C7A6619827}.Debug|x64.Build.0 = Debug|x64
		{F321C025-F4E0-43B3-BDA5-48C7A6619827}.Debug|x64.Deploy.0 = Debug|x64
		{F321C025-F4E0-43B3-BDA5-48C7A6619827}.Debug|x86.ActiveCfg = Debug|x86
		{F321C025-F4E0-43B3-BDA5-48C7A6619827}.Debug|x86.Build.0 = Debug|x86
		{F321C025-F4E0-43B3-BDA5-48C7A6619827}.Debug|x86.Deploy.0 = Debug|x86
		{F321C025-F4E0-43B3-BDA5-48C7A6619827}.Release|Any CPU.ActiveCfg = Release|x86
		{F321C025-F4E0-43B3-BDA5-48C7A6619827}.Release|ARM.ActiveCfg = Release|ARM
		{F321C025-F4E0-43B3-BDA5-48C7A6619827}.Release|ARM.Build.0 = Release|ARM
		{F321C025-F4E0-43B3-BDA5-48C7A6619827}.Release|ARM.Deploy.0 = Release|ARM
		{F321C025-F4E0-43B3-BDA5-48C7A6619827}.Release|ARM64.ActiveCfg = Release|ARM64
		{F321C025-F4E0-43B3-BDA5-48C7A6619827}.Release|ARM64.Build.0 = Release|ARM64
		{F321C025-F4E0-43B3-BDA5-48C7A6619827}.Release|ARM64.Deploy.0 = Release|ARM64
		{F321C025-F4E0-43B3-BDA5-48C7A6619827}.Release|x64.ActiveCfg = Release|x64
		{F321C025-F4E0-43B3-BDA5-48C7A6619827}.Release|x64.Build.0 = Release|x64
		{F321C025-F4E0-43B3-BDA5-48C7A6619827}.Release|x64.Deploy.0 = Release|x64
		{F321C025-F4E0-43B3-BDA5-48C7A6619827}.Release|x86.ActiveCfg = Release|x86
		{F321C025-F4E0-43B3-BDA5-48C7A6619827}.Release|x86.Build.0 = Release|x86
		{F321C025-F4E0-43B3-BDA5-48C7A6619827}.Release|x86.Deploy.0 = Release|x86
		{D9F0AE00-BC8D-4154-A615-9899F226B086}.Debug|Any CPU.ActiveCfg = Debug|Any CPU
		{D9F0AE00-BC8D-4154-A615-9899F226B086}.Debug|Any CPU.Build.0 = Debug|Any CPU
		{D9F0AE00-BC8D-4154-A615-9899F226B086}.Debug|ARM.ActiveCfg = Debug|Any CPU
		{D9F0AE00-BC8D-4154-A615-9899F226B086}.Debug|ARM.Build.0 = Debug|Any CPU
		{D9F0AE00-BC8D-4154-A615-9899F226B086}.Debug|ARM64.ActiveCfg = Debug|Any CPU
		{D9F0AE00-BC8D-4154-A615-9899F226B086}.Debug|ARM64.Build.0 = Debug|Any CPU
		{D9F0AE00-BC8D-4154-A615-9899F226B086}.Debug|x64.ActiveCfg = Debug|Any CPU
		{D9F0AE00-BC8D-4154-A615-9899F226B086}.Debug|x64.Build.0 = Debug|Any CPU
		{D9F0AE00-BC8D-4154-A615-9899F226B086}.Debug|x86.ActiveCfg = Debug|Any CPU
		{D9F0AE00-BC8D-4154-A615-9899F226B086}.Debug|x86.Build.0 = Debug|Any CPU
		{D9F0AE00-BC8D-4154-A615-9899F226B086}.Release|Any CPU.ActiveCfg = Release|Any CPU
		{D9F0AE00-BC8D-4154-A615-9899F226B086}.Release|Any CPU.Build.0 = Release|Any CPU
		{D9F0AE00-BC8D-4154-A615-9899F226B086}.Release|ARM.ActiveCfg = Release|Any CPU
		{D9F0AE00-BC8D-4154-A615-9899F226B086}.Release|ARM.Build.0 = Release|Any CPU
		{D9F0AE00-BC8D-4154-A615-9899F226B086}.Release|ARM64.ActiveCfg = Release|Any CPU
		{D9F0AE00-BC8D-4154-A615-9899F226B086}.Release|ARM64.Build.0 = Release|Any CPU
		{D9F0AE00-BC8D-4154-A615-9899F226B086}.Release|x64.ActiveCfg = Release|Any CPU
		{D9F0AE00-BC8D-4154-A615-9899F226B086}.Release|x64.Build.0 = Release|Any CPU
		{D9F0AE00-BC8D-4154-A615-9899F226B086}.Release|x86.ActiveCfg = Release|Any CPU
		{D9F0AE00-BC8D-4154-A615-9899F226B086}.Release|x86.Build.0 = Release|Any CPU
	EndGlobalSection
	GlobalSection(SolutionProperties) = preSolution
		HideSolutionNode = FALSE
	EndGlobalSection
	GlobalSection(NestedProjects) = preSolution
		{F321C025-F4E0-43B3-BDA5-48C7A6619827} = {7CF64DFE-94B1-4DC2-99F7-CBF2D3BDF77E}
		{D9F0AE00-BC8D-4154-A615-9899F226B086} = {0AFD6D99-7BA8-43E3-AA4C-B485EAAA8B81}
	EndGlobalSection
	GlobalSection(ExtensibilityGlobals) = postSolution
		SolutionGuid = {F64A56EF-AB79-4CA6-8EAD-4BB059DA68BE}
	EndGlobalSection
EndGlobal
